// !$*UTF8*$!
{
	archiveVersion = 1;
	classes = {
	};
	objectVersion = 46;
	objects = {

/* Begin PBXBuildFile section */
		C60970A818E1F90C005D8683 /* libsqlite3.dylib in Frameworks */ = {isa = PBXBuildFile; fileRef = C60970A718E1F90C005D8683 /* libsqlite3.dylib */; };
		C61C21C018E23E5E00C63517 /* VWWLogFileSummary.m in Sources */ = {isa = PBXBuildFile; fileRef = C61C21BF18E23E5E00C63517 /* VWWLogFileSummary.m */; };
		C66BE7F518FEFC2D0036E098 /* VWWGLKViewController.m in Sources */ = {isa = PBXBuildFile; fileRef = C66BE7F318FEFC2D0036E098 /* VWWGLKViewController.m */; };
		C66BE89D190067600036E098 /* VWWTestTableViewController.m in Sources */ = {isa = PBXBuildFile; fileRef = C66BE89C190067600036E098 /* VWWTestTableViewController.m */; };
		C66BE89F1900677E0036E098 /* Test_iPhone.storyboard in Resources */ = {isa = PBXBuildFile; fileRef = C66BE89E1900677E0036E098 /* Test_iPhone.storyboard */; };
		C6712CBD18FC866500A3665F /* VWWLogFilterViewController.m in Sources */ = {isa = PBXBuildFile; fileRef = C6712CBC18FC866500A3665F /* VWWLogFilterViewController.m */; };
		C6877EE418E4AC1300016407 /* 2014-03-25 16-45-00_11.log in Resources */ = {isa = PBXBuildFile; fileRef = C6877EE318E4AC1300016407 /* 2014-03-25 16-45-00_11.log */; };
		C68780D018E4E1A800016407 /* QuartzCore.framework in Frameworks */ = {isa = PBXBuildFile; fileRef = C68780CF18E4E1A800016407 /* QuartzCore.framework */; };
		C68780D218E4E29400016407 /* Accelerate.framework in Frameworks */ = {isa = PBXBuildFile; fileRef = C68780D118E4E29400016407 /* Accelerate.framework */; };
		C6B580B21900840800069322 /* VWWAP2DataController.m in Sources */ = {isa = PBXBuildFile; fileRef = C6B580B11900840800069322 /* VWWAP2DataController.m */; };
		CF0BFC081905E7AA006F5409 /* VWWPRVideosViewController.m in Sources */ = {isa = PBXBuildFile; fileRef = CF0BFC071905E7AA006F5409 /* VWWPRVideosViewController.m */; };
		CF23B53B18FE29EE007EB262 /* VWWScatterViewController.m in Sources */ = {isa = PBXBuildFile; fileRef = CF23B53A18FE29EE007EB262 /* VWWScatterViewController.m */; };
		CF23B53F18FE2F51007EB262 /* TestXYTheme.m in Sources */ = {isa = PBXBuildFile; fileRef = CF23B53E18FE2F51007EB262 /* TestXYTheme.m */; };
		CF23B54218FE4A6F007EB262 /* VWWGraphView.m in Sources */ = {isa = PBXBuildFile; fileRef = CF23B54118FE4A6F007EB262 /* VWWGraphView.m */; };
		CF23B54518FE4A8A007EB262 /* VWWGraphViewController.m in Sources */ = {isa = PBXBuildFile; fileRef = CF23B54418FE4A8A007EB262 /* VWWGraphViewController.m */; };
		CF66EF4018F930A6002F68C6 /* libCorePlot-CocoaTouch.a in Frameworks */ = {isa = PBXBuildFile; fileRef = CF66EF3D18F93094002F68C6 /* libCorePlot-CocoaTouch.a */; };
		CF7F18921900D4F9003FB14F /* VWWGraphScene.m in Sources */ = {isa = PBXBuildFile; fileRef = CF7F188F1900D4F9003FB14F /* VWWGraphScene.m */; };
		CF7F18931900D4F9003FB14F /* VWWScene.m in Sources */ = {isa = PBXBuildFile; fileRef = CF7F18911900D4F9003FB14F /* VWWScene.m */; };
		CF7F18961900F094003FB14F /* VWWDeviceAxisLimits.m in Sources */ = {isa = PBXBuildFile; fileRef = CF7F18951900F094003FB14F /* VWWDeviceAxisLimits.m */; };
		CF7F18991900F0A1003FB14F /* VWWDeviceLimits.m in Sources */ = {isa = PBXBuildFile; fileRef = CF7F18981900F0A1003FB14F /* VWWDeviceLimits.m */; };
		CF7F189E19022B09003FB14F /* VWWOpenGLViewController.m in Sources */ = {isa = PBXBuildFile; fileRef = CF7F189D19022B09003FB14F /* VWWOpenGLViewController.m */; };
		CF7F18AD19023B44003FB14F /* item_powerup_fish.png in Resources */ = {isa = PBXBuildFile; fileRef = CF7F18AB19023B44003FB14F /* item_powerup_fish.png */; };
		CF7F18AE19023B44003FB14F /* tile_floor.png in Resources */ = {isa = PBXBuildFile; fileRef = CF7F18AC19023B44003FB14F /* tile_floor.png */; };
		CF7F18B119025AD9003FB14F /* VWWMultiGraphScene.m in Sources */ = {isa = PBXBuildFile; fileRef = CF7F18B019025AD9003FB14F /* VWWMultiGraphScene.m */; };
		CFA8A49818F9E76300AF9B80 /* RCTools_iPhone.storyboard in Resources */ = {isa = PBXBuildFile; fileRef = CFA8A49718F9E76300AF9B80 /* RCTools_iPhone.storyboard */; };
		CFA8A49E18F9FB7A00AF9B80 /* VWWTableViewController.m in Sources */ = {isa = PBXBuildFile; fileRef = CFA8A49D18F9FB7A00AF9B80 /* VWWTableViewController.m */; };
		CFA8A4A118F9FB9100AF9B80 /* VWWViewController.m in Sources */ = {isa = PBXBuildFile; fileRef = CFA8A4A018F9FB9100AF9B80 /* VWWViewController.m */; };
		CFA8A4A518F9FBD500AF9B80 /* VWWDashboardViewController.m in Sources */ = {isa = PBXBuildFile; fileRef = CFA8A4A418F9FBD500AF9B80 /* VWWDashboardViewController.m */; };
		CFA8A4A918F9FBF800AF9B80 /* VWWLogsViewController.m in Sources */ = {isa = PBXBuildFile; fileRef = CFA8A4A818F9FBF800AF9B80 /* VWWLogsViewController.m */; };
		CFA8A4AC18F9FC0300AF9B80 /* VWWLogViewController.m in Sources */ = {isa = PBXBuildFile; fileRef = CFA8A4AB18F9FC0300AF9B80 /* VWWLogViewController.m */; };
		CFA8A4AF18F9FC3800AF9B80 /* VWWLogPlotViewController.m in Sources */ = {isa = PBXBuildFile; fileRef = CFA8A4AE18F9FC3800AF9B80 /* VWWLogPlotViewController.m */; };
		CFA8A4B218F9FC4A00AF9B80 /* VWWKMLOptionsViewController.m in Sources */ = {isa = PBXBuildFile; fileRef = CFA8A4B118F9FC4A00AF9B80 /* VWWKMLOptionsViewController.m */; };
		CFA8A4B618F9FC6700AF9B80 /* VWWTuningsViewController.m in Sources */ = {isa = PBXBuildFile; fileRef = CFA8A4B518F9FC6700AF9B80 /* VWWTuningsViewController.m */; };
		CFA8A4B918F9FC7300AF9B80 /* VWWTuningViewController.m in Sources */ = {isa = PBXBuildFile; fileRef = CFA8A4B818F9FC7300AF9B80 /* VWWTuningViewController.m */; };
		CFA8A4BC18F9FC8600AF9B80 /* VWWTuningOptionsViewController.m in Sources */ = {isa = PBXBuildFile; fileRef = CFA8A4BB18F9FC8600AF9B80 /* VWWTuningOptionsViewController.m */; };
		CFA8A4BF18F9FC9F00AF9B80 /* VWWRTVideosViewController.m in Sources */ = {isa = PBXBuildFile; fileRef = CFA8A4BE18F9FC9F00AF9B80 /* VWWRTVideosViewController.m */; };
		CFA8A4C318F9FCF000AF9B80 /* VWWRTVideoViewController.m in Sources */ = {isa = PBXBuildFile; fileRef = CFA8A4C218F9FCF000AF9B80 /* VWWRTVideoViewController.m */; };
		CFA8A4C618F9FCFF00AF9B80 /* VWWRTVideoRecordOptionsViewController.m in Sources */ = {isa = PBXBuildFile; fileRef = CFA8A4C518F9FCFF00AF9B80 /* VWWRTVideoRecordOptionsViewController.m */; };
		CFA8A4C918F9FD0F00AF9B80 /* VWWRTVideoEditViewController.m in Sources */ = {isa = PBXBuildFile; fileRef = CFA8A4C818F9FD0F00AF9B80 /* VWWRTVideoEditViewController.m */; };
		CFA8A4CC18F9FD2000AF9B80 /* VWWRTVideoRecordViewController.m in Sources */ = {isa = PBXBuildFile; fileRef = CFA8A4CB18F9FD2000AF9B80 /* VWWRTVideoRecordViewController.m */; };
		CFA8A4D018F9FD3E00AF9B80 /* VWWResourcesViewController.m in Sources */ = {isa = PBXBuildFile; fileRef = CFA8A4CF18F9FD3E00AF9B80 /* VWWResourcesViewController.m */; };
		CFA8A4D318F9FD4B00AF9B80 /* VWWWebViewController.m in Sources */ = {isa = PBXBuildFile; fileRef = CFA8A4D218F9FD4B00AF9B80 /* VWWWebViewController.m */; };
		CFA8A4D718F9FD7A00AF9B80 /* VWWAboutViewController.m in Sources */ = {isa = PBXBuildFile; fileRef = CFA8A4D618F9FD7A00AF9B80 /* VWWAboutViewController.m */; };
		CFA8A4DB18F9FF0A00AF9B80 /* VWWDashboardCollectionViewCell.m in Sources */ = {isa = PBXBuildFile; fileRef = CFA8A4DA18F9FF0A00AF9B80 /* VWWDashboardCollectionViewCell.m */; };
		CFA8A4E418FA050B00AF9B80 /* VWWDetailTableViewController.m in Sources */ = {isa = PBXBuildFile; fileRef = CFA8A4DF18FA050B00AF9B80 /* VWWDetailTableViewController.m */; };
		CFA8A4E518FA050B00AF9B80 /* VWWDetailViewController.m in Sources */ = {isa = PBXBuildFile; fileRef = CFA8A4E118FA050B00AF9B80 /* VWWDetailViewController.m */; };
		CFA8A4E618FA050B00AF9B80 /* VWWMasterViewController.m in Sources */ = {isa = PBXBuildFile; fileRef = CFA8A4E218FA050B00AF9B80 /* VWWMasterViewController.m */; };
		CFA8A4E818FA0F3800AF9B80 /* About in Resources */ = {isa = PBXBuildFile; fileRef = CFA8A4E718FA0F3800AF9B80 /* About */; };
		CFA8A4EB18FA10C900AF9B80 /* VWWHelpViewController.m in Sources */ = {isa = PBXBuildFile; fileRef = CFA8A4EA18FA10C900AF9B80 /* VWWHelpViewController.m */; };
		CFA8A4FA18FA187E00AF9B80 /* libGPUImage.a in Frameworks */ = {isa = PBXBuildFile; fileRef = CFA8A4F518FA186B00AF9B80 /* libGPUImage.a */; };
		CFAD037F18F3797F004F54EA /* FMDatabase.m in Sources */ = {isa = PBXBuildFile; fileRef = CFAD037518F3797F004F54EA /* FMDatabase.m */; };
		CFAD038018F3797F004F54EA /* FMDatabaseAdditions.m in Sources */ = {isa = PBXBuildFile; fileRef = CFAD037718F3797F004F54EA /* FMDatabaseAdditions.m */; };
		CFAD038118F3797F004F54EA /* FMDatabasePool.m in Sources */ = {isa = PBXBuildFile; fileRef = CFAD037918F3797F004F54EA /* FMDatabasePool.m */; };
		CFAD038218F3797F004F54EA /* FMDatabaseQueue.m in Sources */ = {isa = PBXBuildFile; fileRef = CFAD037B18F3797F004F54EA /* FMDatabaseQueue.m */; };
		CFAD038318F3797F004F54EA /* FMResultSet.m in Sources */ = {isa = PBXBuildFile; fileRef = CFAD037E18F3797F004F54EA /* FMResultSet.m */; };
		CFAD038518F387F6004F54EA /* create_schema.txt in Resources */ = {isa = PBXBuildFile; fileRef = CFAD038418F387F6004F54EA /* create_schema.txt */; };
		CFB4B4BA1903892000591E45 /* VWWWaveScene.m in Sources */ = {isa = PBXBuildFile; fileRef = CFB4B4B91903892000591E45 /* VWWWaveScene.m */; };
		CFB4B4C21903897200591E45 /* VWWWaveViewController.m in Sources */ = {isa = PBXBuildFile; fileRef = CFB4B4C11903897200591E45 /* VWWWaveViewController.m */; };
		CFDAC63F18E1493D00EB609B /* Foundation.framework in Frameworks */ = {isa = PBXBuildFile; fileRef = CFDAC63E18E1493D00EB609B /* Foundation.framework */; };
		CFDAC64118E1493D00EB609B /* CoreGraphics.framework in Frameworks */ = {isa = PBXBuildFile; fileRef = CFDAC64018E1493D00EB609B /* CoreGraphics.framework */; };
		CFDAC64318E1493D00EB609B /* UIKit.framework in Frameworks */ = {isa = PBXBuildFile; fileRef = CFDAC64218E1493D00EB609B /* UIKit.framework */; };
		CFDAC64918E1493D00EB609B /* InfoPlist.strings in Resources */ = {isa = PBXBuildFile; fileRef = CFDAC64718E1493D00EB609B /* InfoPlist.strings */; };
		CFDAC64B18E1493D00EB609B /* main.m in Sources */ = {isa = PBXBuildFile; fileRef = CFDAC64A18E1493D00EB609B /* main.m */; };
		CFDAC64F18E1493D00EB609B /* VWWAppDelegate.m in Sources */ = {isa = PBXBuildFile; fileRef = CFDAC64E18E1493D00EB609B /* VWWAppDelegate.m */; };
		CFDAC65D18E1493D00EB609B /* Images.xcassets in Resources */ = {isa = PBXBuildFile; fileRef = CFDAC65C18E1493D00EB609B /* Images.xcassets */; };
		CFDAC66418E1493D00EB609B /* XCTest.framework in Frameworks */ = {isa = PBXBuildFile; fileRef = CFDAC66318E1493D00EB609B /* XCTest.framework */; };
		CFDAC66518E1493D00EB609B /* Foundation.framework in Frameworks */ = {isa = PBXBuildFile; fileRef = CFDAC63E18E1493D00EB609B /* Foundation.framework */; };
		CFDAC66618E1493D00EB609B /* UIKit.framework in Frameworks */ = {isa = PBXBuildFile; fileRef = CFDAC64218E1493D00EB609B /* UIKit.framework */; };
		CFDAC66E18E1493D00EB609B /* InfoPlist.strings in Resources */ = {isa = PBXBuildFile; fileRef = CFDAC66C18E1493D00EB609B /* InfoPlist.strings */; };
		CFDAC67018E1493D00EB609B /* APM_LoggerTests.m in Sources */ = {isa = PBXBuildFile; fileRef = CFDAC66F18E1493D00EB609B /* APM_LoggerTests.m */; };
		CFDAC6B218E14A2A00EB609B /* NSTimer+Blocks.m in Sources */ = {isa = PBXBuildFile; fileRef = CFDAC67B18E14A2A00EB609B /* NSTimer+Blocks.m */; };
		CFDAC6BF18E14A2A00EB609B /* VWWDataLogController.m in Sources */ = {isa = PBXBuildFile; fileRef = CFDAC69818E14A2A00EB609B /* VWWDataLogController.m */; };
		CFDAC6C018E14A2A00EB609B /* VWWFileController.m in Sources */ = {isa = PBXBuildFile; fileRef = CFDAC69A18E14A2A00EB609B /* VWWFileController.m */; };
		CFDAC6C118E14A2A00EB609B /* VWWLocationController.m in Sources */ = {isa = PBXBuildFile; fileRef = CFDAC69C18E14A2A00EB609B /* VWWLocationController.m */; };
		CFDAC6C218E14A2A00EB609B /* VWWMotionController.m in Sources */ = {isa = PBXBuildFile; fileRef = CFDAC69E18E14A2A00EB609B /* VWWMotionController.m */; };
		CFDAC6C318E14A2A00EB609B /* 2014-03-07 19-23-15_13.kmz in Resources */ = {isa = PBXBuildFile; fileRef = CFDAC6A018E14A2A00EB609B /* 2014-03-07 19-23-15_13.kmz */; };
		CFDAC6C418E14A2A00EB609B /* 2014-03-07 19-23-15_13.log in Resources */ = {isa = PBXBuildFile; fileRef = CFDAC6A118E14A2A00EB609B /* 2014-03-07 19-23-15_13.log */; };
		CFDAC6C718E14A2A00EB609B /* 2014-03-07 19-23-15_15.kmz in Resources */ = {isa = PBXBuildFile; fileRef = CFDAC6A418E14A2A00EB609B /* 2014-03-07 19-23-15_15.kmz */; };
		CFDAC6C818E14A2A00EB609B /* 2014-03-07 19-23-15_15.log in Resources */ = {isa = PBXBuildFile; fileRef = CFDAC6A518E14A2A00EB609B /* 2014-03-07 19-23-15_15.log */; };
		CFDAC6C918E14A2A00EB609B /* readme.txt in Resources */ = {isa = PBXBuildFile; fileRef = CFDAC6A618E14A2A00EB609B /* readme.txt */; };
		CFDAC6CA18E14A2A00EB609B /* VWWMotion.m in Sources */ = {isa = PBXBuildFile; fileRef = CFDAC6AE18E14A2A00EB609B /* VWWMotion.m */; };
		CFDAC6CB18E14A2A00EB609B /* passThrough.fsh in Resources */ = {isa = PBXBuildFile; fileRef = CFDAC6B018E14A2A00EB609B /* passThrough.fsh */; };
		CFDAC6CC18E14A2A00EB609B /* passThrough.vsh in Resources */ = {isa = PBXBuildFile; fileRef = CFDAC6B118E14A2A00EB609B /* passThrough.vsh */; };
		CFDAC6DB18E14A3300EB609B /* MBProgressHUD.m in Sources */ = {isa = PBXBuildFile; fileRef = CFDAC6D018E14A3300EB609B /* MBProgressHUD.m */; };
		CFDAC6DC18E14A3300EB609B /* ShaderUtilities.c in Sources */ = {isa = PBXBuildFile; fileRef = CFDAC6D218E14A3300EB609B /* ShaderUtilities.c */; };
		CFDAC6DD18E14A3300EB609B /* VWWUserDefaults.m in Sources */ = {isa = PBXBuildFile; fileRef = CFDAC6D518E14A3300EB609B /* VWWUserDefaults.m */; };
		CFDAC6DE18E14A3300EB609B /* VWWUtilities.m in Sources */ = {isa = PBXBuildFile; fileRef = CFDAC6D718E14A3300EB609B /* VWWUtilities.m */; };
		CFDAC6E518E14D3C00EB609B /* VWWVideoProcessor.m in Sources */ = {isa = PBXBuildFile; fileRef = CFDAC6E418E14D3C00EB609B /* VWWVideoProcessor.m */; };
		CFDAC6E818E14D4500EB609B /* VWWVideoPreviewView.m in Sources */ = {isa = PBXBuildFile; fileRef = CFDAC6E718E14D4500EB609B /* VWWVideoPreviewView.m */; };
		CFEA5F2F18FFA88000C6F885 /* VWWWelcomeViewController.m in Sources */ = {isa = PBXBuildFile; fileRef = C6D5296F18FCBFBD0010299B /* VWWWelcomeViewController.m */; };
/* End PBXBuildFile section */

/* Begin PBXContainerItemProxy section */
		CF66EF3C18F93094002F68C6 /* PBXContainerItemProxy */ = {
			isa = PBXContainerItemProxy;
			containerPortal = CF66EF3618F93094002F68C6 /* CorePlot-CocoaTouch.xcodeproj */;
			proxyType = 2;
			remoteGlobalIDString = BC9B83470FB8A0A40035D8DA;
			remoteInfo = "CorePlot-CocoaTouch";
		};
		CF66EF3E18F9309E002F68C6 /* PBXContainerItemProxy */ = {
			isa = PBXContainerItemProxy;
			containerPortal = CF66EF3618F93094002F68C6 /* CorePlot-CocoaTouch.xcodeproj */;
			proxyType = 1;
			remoteGlobalIDString = BC9B83460FB8A0A40035D8DA;
			remoteInfo = "CorePlot-CocoaTouch";
		};
		CFA8A4F418FA186B00AF9B80 /* PBXContainerItemProxy */ = {
			isa = PBXContainerItemProxy;
			containerPortal = CFA8A4EE18FA186A00AF9B80 /* GPUImage.xcodeproj */;
			proxyType = 2;
			remoteGlobalIDString = BCF1A33414DDB1EC00852800;
			remoteInfo = GPUImage;
		};
		CFA8A4F618FA186B00AF9B80 /* PBXContainerItemProxy */ = {
			isa = PBXContainerItemProxy;
			containerPortal = CFA8A4EE18FA186A00AF9B80 /* GPUImage.xcodeproj */;
			proxyType = 2;
			remoteGlobalIDString = BCF1A34414DDB1EC00852800;
			remoteInfo = GPUImageTests;
		};
		CFA8A4F818FA187600AF9B80 /* PBXContainerItemProxy */ = {
			isa = PBXContainerItemProxy;
			containerPortal = CFA8A4EE18FA186A00AF9B80 /* GPUImage.xcodeproj */;
			proxyType = 1;
			remoteGlobalIDString = BCF1A33314DDB1EC00852800;
			remoteInfo = GPUImage;
		};
		CFDAC66718E1493D00EB609B /* PBXContainerItemProxy */ = {
			isa = PBXContainerItemProxy;
			containerPortal = CFDAC63318E1493D00EB609B /* Project object */;
			proxyType = 1;
			remoteGlobalIDString = CFDAC63A18E1493D00EB609B;
			remoteInfo = "APM Logger";
		};
/* End PBXContainerItemProxy section */

/* Begin PBXFileReference section */
		C60970A718E1F90C005D8683 /* libsqlite3.dylib */ = {isa = PBXFileReference; lastKnownFileType = "compiled.mach-o.dylib"; name = libsqlite3.dylib; path = usr/lib/libsqlite3.dylib; sourceTree = SDKROOT; };
		C61C21BE18E23E5E00C63517 /* VWWLogFileSummary.h */ = {isa = PBXFileReference; fileEncoding = 4; lastKnownFileType = sourcecode.c.h; path = VWWLogFileSummary.h; sourceTree = "<group>"; };
		C61C21BF18E23E5E00C63517 /* VWWLogFileSummary.m */ = {isa = PBXFileReference; fileEncoding = 4; lastKnownFileType = sourcecode.c.objc; path = VWWLogFileSummary.m; sourceTree = "<group>"; };
		C66BE7F318FEFC2D0036E098 /* VWWGLKViewController.m */ = {isa = PBXFileReference; fileEncoding = 4; lastKnownFileType = sourcecode.c.objc; path = VWWGLKViewController.m; sourceTree = "<group>"; };
		C66BE7F418FEFC2D0036E098 /* VWWGLKViewController.h */ = {isa = PBXFileReference; fileEncoding = 4; lastKnownFileType = sourcecode.c.h; path = VWWGLKViewController.h; sourceTree = "<group>"; };
		C66BE89B190067600036E098 /* VWWTestTableViewController.h */ = {isa = PBXFileReference; fileEncoding = 4; lastKnownFileType = sourcecode.c.h; path = VWWTestTableViewController.h; sourceTree = "<group>"; };
		C66BE89C190067600036E098 /* VWWTestTableViewController.m */ = {isa = PBXFileReference; fileEncoding = 4; lastKnownFileType = sourcecode.c.objc; path = VWWTestTableViewController.m; sourceTree = "<group>"; };
		C66BE89E1900677E0036E098 /* Test_iPhone.storyboard */ = {isa = PBXFileReference; fileEncoding = 4; lastKnownFileType = file.storyboard; path = Test_iPhone.storyboard; sourceTree = "<group>"; };
		C6712CBB18FC866500A3665F /* VWWLogFilterViewController.h */ = {isa = PBXFileReference; fileEncoding = 4; lastKnownFileType = sourcecode.c.h; path = VWWLogFilterViewController.h; sourceTree = "<group>"; };
		C6712CBC18FC866500A3665F /* VWWLogFilterViewController.m */ = {isa = PBXFileReference; fileEncoding = 4; lastKnownFileType = sourcecode.c.objc; path = VWWLogFilterViewController.m; sourceTree = "<group>"; };
		C6877EE318E4AC1300016407 /* 2014-03-25 16-45-00_11.log */ = {isa = PBXFileReference; fileEncoding = 4; lastKnownFileType = text; path = "2014-03-25 16-45-00_11.log"; sourceTree = "<group>"; };
		C68780CF18E4E1A800016407 /* QuartzCore.framework */ = {isa = PBXFileReference; lastKnownFileType = wrapper.framework; name = QuartzCore.framework; path = System/Library/Frameworks/QuartzCore.framework; sourceTree = SDKROOT; };
		C68780D118E4E29400016407 /* Accelerate.framework */ = {isa = PBXFileReference; lastKnownFileType = wrapper.framework; name = Accelerate.framework; path = System/Library/Frameworks/Accelerate.framework; sourceTree = SDKROOT; };
		C6B580B01900840800069322 /* VWWAP2DataController.h */ = {isa = PBXFileReference; fileEncoding = 4; lastKnownFileType = sourcecode.c.h; path = VWWAP2DataController.h; sourceTree = "<group>"; };
		C6B580B11900840800069322 /* VWWAP2DataController.m */ = {isa = PBXFileReference; fileEncoding = 4; lastKnownFileType = sourcecode.c.objc; path = VWWAP2DataController.m; sourceTree = "<group>"; };
		C6D5296E18FCBFBD0010299B /* VWWWelcomeViewController.h */ = {isa = PBXFileReference; fileEncoding = 4; lastKnownFileType = sourcecode.c.h; path = VWWWelcomeViewController.h; sourceTree = "<group>"; };
		C6D5296F18FCBFBD0010299B /* VWWWelcomeViewController.m */ = {isa = PBXFileReference; fileEncoding = 4; lastKnownFileType = sourcecode.c.objc; path = VWWWelcomeViewController.m; sourceTree = "<group>"; };
		CF0BFC061905E7AA006F5409 /* VWWPRVideosViewController.h */ = {isa = PBXFileReference; fileEncoding = 4; lastKnownFileType = sourcecode.c.h; path = VWWPRVideosViewController.h; sourceTree = "<group>"; };
		CF0BFC071905E7AA006F5409 /* VWWPRVideosViewController.m */ = {isa = PBXFileReference; fileEncoding = 4; lastKnownFileType = sourcecode.c.objc; path = VWWPRVideosViewController.m; sourceTree = "<group>"; };
		CF23B53918FE29EE007EB262 /* VWWScatterViewController.h */ = {isa = PBXFileReference; fileEncoding = 4; lastKnownFileType = sourcecode.c.h; path = VWWScatterViewController.h; sourceTree = "<group>"; };
		CF23B53A18FE29EE007EB262 /* VWWScatterViewController.m */ = {isa = PBXFileReference; fileEncoding = 4; lastKnownFileType = sourcecode.c.objc; path = VWWScatterViewController.m; sourceTree = "<group>"; };
		CF23B53D18FE2F51007EB262 /* TestXYTheme.h */ = {isa = PBXFileReference; fileEncoding = 4; lastKnownFileType = sourcecode.c.h; path = TestXYTheme.h; sourceTree = "<group>"; };
		CF23B53E18FE2F51007EB262 /* TestXYTheme.m */ = {isa = PBXFileReference; fileEncoding = 4; lastKnownFileType = sourcecode.c.objc; path = TestXYTheme.m; sourceTree = "<group>"; };
		CF23B54018FE4A6F007EB262 /* VWWGraphView.h */ = {isa = PBXFileReference; fileEncoding = 4; lastKnownFileType = sourcecode.c.h; name = VWWGraphView.h; path = ../../View/VWWGraphView.h; sourceTree = "<group>"; };
		CF23B54118FE4A6F007EB262 /* VWWGraphView.m */ = {isa = PBXFileReference; fileEncoding = 4; lastKnownFileType = sourcecode.c.objc; name = VWWGraphView.m; path = ../../View/VWWGraphView.m; sourceTree = "<group>"; };
		CF23B54318FE4A8A007EB262 /* VWWGraphViewController.h */ = {isa = PBXFileReference; fileEncoding = 4; lastKnownFileType = sourcecode.c.h; path = VWWGraphViewController.h; sourceTree = "<group>"; };
		CF23B54418FE4A8A007EB262 /* VWWGraphViewController.m */ = {isa = PBXFileReference; fileEncoding = 4; lastKnownFileType = sourcecode.c.objc; path = VWWGraphViewController.m; sourceTree = "<group>"; };
		CF66EF3618F93094002F68C6 /* CorePlot-CocoaTouch.xcodeproj */ = {isa = PBXFileReference; lastKnownFileType = "wrapper.pb-project"; name = "CorePlot-CocoaTouch.xcodeproj"; path = "APM Logger/ThirdParty/CorePlot/CorePlot-CocoaTouch.xcodeproj"; sourceTree = "<group>"; };
		CF7F188E1900D4F9003FB14F /* VWWGraphScene.h */ = {isa = PBXFileReference; fileEncoding = 4; lastKnownFileType = sourcecode.c.h; path = VWWGraphScene.h; sourceTree = "<group>"; };
		CF7F188F1900D4F9003FB14F /* VWWGraphScene.m */ = {isa = PBXFileReference; fileEncoding = 4; lastKnownFileType = sourcecode.c.objc; path = VWWGraphScene.m; sourceTree = "<group>"; };
		CF7F18901900D4F9003FB14F /* VWWScene.h */ = {isa = PBXFileReference; fileEncoding = 4; lastKnownFileType = sourcecode.c.h; path = VWWScene.h; sourceTree = "<group>"; };
		CF7F18911900D4F9003FB14F /* VWWScene.m */ = {isa = PBXFileReference; fileEncoding = 4; lastKnownFileType = sourcecode.c.objc; path = VWWScene.m; sourceTree = "<group>"; };
		CF7F18941900F094003FB14F /* VWWDeviceAxisLimits.h */ = {isa = PBXFileReference; fileEncoding = 4; lastKnownFileType = sourcecode.c.h; path = VWWDeviceAxisLimits.h; sourceTree = "<group>"; };
		CF7F18951900F094003FB14F /* VWWDeviceAxisLimits.m */ = {isa = PBXFileReference; fileEncoding = 4; lastKnownFileType = sourcecode.c.objc; path = VWWDeviceAxisLimits.m; sourceTree = "<group>"; };
		CF7F18971900F0A1003FB14F /* VWWDeviceLimits.h */ = {isa = PBXFileReference; fileEncoding = 4; lastKnownFileType = sourcecode.c.h; path = VWWDeviceLimits.h; sourceTree = "<group>"; };
		CF7F18981900F0A1003FB14F /* VWWDeviceLimits.m */ = {isa = PBXFileReference; fileEncoding = 4; lastKnownFileType = sourcecode.c.objc; path = VWWDeviceLimits.m; sourceTree = "<group>"; };
		CF7F189C19022B09003FB14F /* VWWOpenGLViewController.h */ = {isa = PBXFileReference; fileEncoding = 4; lastKnownFileType = sourcecode.c.h; path = VWWOpenGLViewController.h; sourceTree = "<group>"; };
		CF7F189D19022B09003FB14F /* VWWOpenGLViewController.m */ = {isa = PBXFileReference; fileEncoding = 4; lastKnownFileType = sourcecode.c.objc; path = VWWOpenGLViewController.m; sourceTree = "<group>"; };
		CF7F18AB19023B44003FB14F /* item_powerup_fish.png */ = {isa = PBXFileReference; lastKnownFileType = image.png; path = item_powerup_fish.png; sourceTree = "<group>"; };
		CF7F18AC19023B44003FB14F /* tile_floor.png */ = {isa = PBXFileReference; lastKnownFileType = image.png; path = tile_floor.png; sourceTree = "<group>"; };
		CF7F18AF19025AD9003FB14F /* VWWMultiGraphScene.h */ = {isa = PBXFileReference; fileEncoding = 4; lastKnownFileType = sourcecode.c.h; path = VWWMultiGraphScene.h; sourceTree = "<group>"; };
		CF7F18B019025AD9003FB14F /* VWWMultiGraphScene.m */ = {isa = PBXFileReference; fileEncoding = 4; lastKnownFileType = sourcecode.c.objc; path = VWWMultiGraphScene.m; sourceTree = "<group>"; };
		CF7F18B219025AF1003FB14F /* VWWSceneProtocol.h */ = {isa = PBXFileReference; lastKnownFileType = sourcecode.c.h; path = VWWSceneProtocol.h; sourceTree = "<group>"; };
		CFA8A49718F9E76300AF9B80 /* RCTools_iPhone.storyboard */ = {isa = PBXFileReference; fileEncoding = 4; lastKnownFileType = file.storyboard; path = RCTools_iPhone.storyboard; sourceTree = "<group>"; };
		CFA8A49C18F9FB7A00AF9B80 /* VWWTableViewController.h */ = {isa = PBXFileReference; fileEncoding = 4; lastKnownFileType = sourcecode.c.h; path = VWWTableViewController.h; sourceTree = "<group>"; };
		CFA8A49D18F9FB7A00AF9B80 /* VWWTableViewController.m */ = {isa = PBXFileReference; fileEncoding = 4; lastKnownFileType = sourcecode.c.objc; path = VWWTableViewController.m; sourceTree = "<group>"; };
		CFA8A49F18F9FB9100AF9B80 /* VWWViewController.h */ = {isa = PBXFileReference; fileEncoding = 4; lastKnownFileType = sourcecode.c.h; path = VWWViewController.h; sourceTree = "<group>"; };
		CFA8A4A018F9FB9100AF9B80 /* VWWViewController.m */ = {isa = PBXFileReference; fileEncoding = 4; lastKnownFileType = sourcecode.c.objc; path = VWWViewController.m; sourceTree = "<group>"; };
		CFA8A4A318F9FBD500AF9B80 /* VWWDashboardViewController.h */ = {isa = PBXFileReference; fileEncoding = 4; lastKnownFileType = sourcecode.c.h; path = VWWDashboardViewController.h; sourceTree = "<group>"; };
		CFA8A4A418F9FBD500AF9B80 /* VWWDashboardViewController.m */ = {isa = PBXFileReference; fileEncoding = 4; lastKnownFileType = sourcecode.c.objc; path = VWWDashboardViewController.m; sourceTree = "<group>"; };
		CFA8A4A718F9FBF800AF9B80 /* VWWLogsViewController.h */ = {isa = PBXFileReference; fileEncoding = 4; lastKnownFileType = sourcecode.c.h; path = VWWLogsViewController.h; sourceTree = "<group>"; };
		CFA8A4A818F9FBF800AF9B80 /* VWWLogsViewController.m */ = {isa = PBXFileReference; fileEncoding = 4; lastKnownFileType = sourcecode.c.objc; path = VWWLogsViewController.m; sourceTree = "<group>"; };
		CFA8A4AA18F9FC0300AF9B80 /* VWWLogViewController.h */ = {isa = PBXFileReference; fileEncoding = 4; lastKnownFileType = sourcecode.c.h; path = VWWLogViewController.h; sourceTree = "<group>"; };
		CFA8A4AB18F9FC0300AF9B80 /* VWWLogViewController.m */ = {isa = PBXFileReference; fileEncoding = 4; lastKnownFileType = sourcecode.c.objc; path = VWWLogViewController.m; sourceTree = "<group>"; };
		CFA8A4AD18F9FC3800AF9B80 /* VWWLogPlotViewController.h */ = {isa = PBXFileReference; fileEncoding = 4; lastKnownFileType = sourcecode.c.h; path = VWWLogPlotViewController.h; sourceTree = "<group>"; };
		CFA8A4AE18F9FC3800AF9B80 /* VWWLogPlotViewController.m */ = {isa = PBXFileReference; fileEncoding = 4; lastKnownFileType = sourcecode.c.objc; path = VWWLogPlotViewController.m; sourceTree = "<group>"; };
		CFA8A4B018F9FC4A00AF9B80 /* VWWKMLOptionsViewController.h */ = {isa = PBXFileReference; fileEncoding = 4; lastKnownFileType = sourcecode.c.h; path = VWWKMLOptionsViewController.h; sourceTree = "<group>"; };
		CFA8A4B118F9FC4A00AF9B80 /* VWWKMLOptionsViewController.m */ = {isa = PBXFileReference; fileEncoding = 4; lastKnownFileType = sourcecode.c.objc; path = VWWKMLOptionsViewController.m; sourceTree = "<group>"; };
		CFA8A4B418F9FC6700AF9B80 /* VWWTuningsViewController.h */ = {isa = PBXFileReference; fileEncoding = 4; lastKnownFileType = sourcecode.c.h; path = VWWTuningsViewController.h; sourceTree = "<group>"; };
		CFA8A4B518F9FC6700AF9B80 /* VWWTuningsViewController.m */ = {isa = PBXFileReference; fileEncoding = 4; lastKnownFileType = sourcecode.c.objc; path = VWWTuningsViewController.m; sourceTree = "<group>"; };
		CFA8A4B718F9FC7300AF9B80 /* VWWTuningViewController.h */ = {isa = PBXFileReference; fileEncoding = 4; lastKnownFileType = sourcecode.c.h; path = VWWTuningViewController.h; sourceTree = "<group>"; };
		CFA8A4B818F9FC7300AF9B80 /* VWWTuningViewController.m */ = {isa = PBXFileReference; fileEncoding = 4; lastKnownFileType = sourcecode.c.objc; path = VWWTuningViewController.m; sourceTree = "<group>"; };
		CFA8A4BA18F9FC8600AF9B80 /* VWWTuningOptionsViewController.h */ = {isa = PBXFileReference; fileEncoding = 4; lastKnownFileType = sourcecode.c.h; path = VWWTuningOptionsViewController.h; sourceTree = "<group>"; };
		CFA8A4BB18F9FC8600AF9B80 /* VWWTuningOptionsViewController.m */ = {isa = PBXFileReference; fileEncoding = 4; lastKnownFileType = sourcecode.c.objc; path = VWWTuningOptionsViewController.m; sourceTree = "<group>"; };
		CFA8A4BD18F9FC9F00AF9B80 /* VWWRTVideosViewController.h */ = {isa = PBXFileReference; fileEncoding = 4; lastKnownFileType = sourcecode.c.h; path = VWWRTVideosViewController.h; sourceTree = "<group>"; };
		CFA8A4BE18F9FC9F00AF9B80 /* VWWRTVideosViewController.m */ = {isa = PBXFileReference; fileEncoding = 4; lastKnownFileType = sourcecode.c.objc; path = VWWRTVideosViewController.m; sourceTree = "<group>"; };
		CFA8A4C118F9FCF000AF9B80 /* VWWRTVideoViewController.h */ = {isa = PBXFileReference; fileEncoding = 4; lastKnownFileType = sourcecode.c.h; path = VWWRTVideoViewController.h; sourceTree = "<group>"; };
		CFA8A4C218F9FCF000AF9B80 /* VWWRTVideoViewController.m */ = {isa = PBXFileReference; fileEncoding = 4; lastKnownFileType = sourcecode.c.objc; path = VWWRTVideoViewController.m; sourceTree = "<group>"; };
		CFA8A4C418F9FCFF00AF9B80 /* VWWRTVideoRecordOptionsViewController.h */ = {isa = PBXFileReference; fileEncoding = 4; lastKnownFileType = sourcecode.c.h; path = VWWRTVideoRecordOptionsViewController.h; sourceTree = "<group>"; };
		CFA8A4C518F9FCFF00AF9B80 /* VWWRTVideoRecordOptionsViewController.m */ = {isa = PBXFileReference; fileEncoding = 4; lastKnownFileType = sourcecode.c.objc; path = VWWRTVideoRecordOptionsViewController.m; sourceTree = "<group>"; };
		CFA8A4C718F9FD0F00AF9B80 /* VWWRTVideoEditViewController.h */ = {isa = PBXFileReference; fileEncoding = 4; lastKnownFileType = sourcecode.c.h; path = VWWRTVideoEditViewController.h; sourceTree = "<group>"; };
		CFA8A4C818F9FD0F00AF9B80 /* VWWRTVideoEditViewController.m */ = {isa = PBXFileReference; fileEncoding = 4; lastKnownFileType = sourcecode.c.objc; path = VWWRTVideoEditViewController.m; sourceTree = "<group>"; };
		CFA8A4CA18F9FD2000AF9B80 /* VWWRTVideoRecordViewController.h */ = {isa = PBXFileReference; fileEncoding = 4; lastKnownFileType = sourcecode.c.h; path = VWWRTVideoRecordViewController.h; sourceTree = "<group>"; };
		CFA8A4CB18F9FD2000AF9B80 /* VWWRTVideoRecordViewController.m */ = {isa = PBXFileReference; fileEncoding = 4; lastKnownFileType = sourcecode.c.objc; path = VWWRTVideoRecordViewController.m; sourceTree = "<group>"; };
		CFA8A4CE18F9FD3E00AF9B80 /* VWWResourcesViewController.h */ = {isa = PBXFileReference; fileEncoding = 4; lastKnownFileType = sourcecode.c.h; path = VWWResourcesViewController.h; sourceTree = "<group>"; };
		CFA8A4CF18F9FD3E00AF9B80 /* VWWResourcesViewController.m */ = {isa = PBXFileReference; fileEncoding = 4; lastKnownFileType = sourcecode.c.objc; path = VWWResourcesViewController.m; sourceTree = "<group>"; };
		CFA8A4D118F9FD4B00AF9B80 /* VWWWebViewController.h */ = {isa = PBXFileReference; fileEncoding = 4; lastKnownFileType = sourcecode.c.h; path = VWWWebViewController.h; sourceTree = "<group>"; };
		CFA8A4D218F9FD4B00AF9B80 /* VWWWebViewController.m */ = {isa = PBXFileReference; fileEncoding = 4; lastKnownFileType = sourcecode.c.objc; path = VWWWebViewController.m; sourceTree = "<group>"; };
		CFA8A4D518F9FD7A00AF9B80 /* VWWAboutViewController.h */ = {isa = PBXFileReference; fileEncoding = 4; lastKnownFileType = sourcecode.c.h; path = VWWAboutViewController.h; sourceTree = "<group>"; };
		CFA8A4D618F9FD7A00AF9B80 /* VWWAboutViewController.m */ = {isa = PBXFileReference; fileEncoding = 4; lastKnownFileType = sourcecode.c.objc; path = VWWAboutViewController.m; sourceTree = "<group>"; };
		CFA8A4D918F9FF0A00AF9B80 /* VWWDashboardCollectionViewCell.h */ = {isa = PBXFileReference; fileEncoding = 4; lastKnownFileType = sourcecode.c.h; path = VWWDashboardCollectionViewCell.h; sourceTree = "<group>"; };
		CFA8A4DA18F9FF0A00AF9B80 /* VWWDashboardCollectionViewCell.m */ = {isa = PBXFileReference; fileEncoding = 4; lastKnownFileType = sourcecode.c.objc; path = VWWDashboardCollectionViewCell.m; sourceTree = "<group>"; };
		CFA8A4DE18FA050B00AF9B80 /* VWWDetailTableViewController.h */ = {isa = PBXFileReference; fileEncoding = 4; lastKnownFileType = sourcecode.c.h; path = VWWDetailTableViewController.h; sourceTree = "<group>"; };
		CFA8A4DF18FA050B00AF9B80 /* VWWDetailTableViewController.m */ = {isa = PBXFileReference; fileEncoding = 4; lastKnownFileType = sourcecode.c.objc; path = VWWDetailTableViewController.m; sourceTree = "<group>"; };
		CFA8A4E018FA050B00AF9B80 /* VWWDetailViewController.h */ = {isa = PBXFileReference; fileEncoding = 4; lastKnownFileType = sourcecode.c.h; path = VWWDetailViewController.h; sourceTree = "<group>"; };
		CFA8A4E118FA050B00AF9B80 /* VWWDetailViewController.m */ = {isa = PBXFileReference; fileEncoding = 4; lastKnownFileType = sourcecode.c.objc; path = VWWDetailViewController.m; sourceTree = "<group>"; };
		CFA8A4E218FA050B00AF9B80 /* VWWMasterViewController.m */ = {isa = PBXFileReference; fileEncoding = 4; lastKnownFileType = sourcecode.c.objc; path = VWWMasterViewController.m; sourceTree = "<group>"; };
		CFA8A4E318FA050B00AF9B80 /* VWWMasterViewController.h */ = {isa = PBXFileReference; fileEncoding = 4; lastKnownFileType = sourcecode.c.h; path = VWWMasterViewController.h; sourceTree = "<group>"; };
		CFA8A4E718FA0F3800AF9B80 /* About */ = {isa = PBXFileReference; fileEncoding = 4; lastKnownFileType = text; path = About; sourceTree = "<group>"; };
		CFA8A4E918FA10C900AF9B80 /* VWWHelpViewController.h */ = {isa = PBXFileReference; fileEncoding = 4; lastKnownFileType = sourcecode.c.h; path = VWWHelpViewController.h; sourceTree = "<group>"; };
		CFA8A4EA18FA10C900AF9B80 /* VWWHelpViewController.m */ = {isa = PBXFileReference; fileEncoding = 4; lastKnownFileType = sourcecode.c.objc; path = VWWHelpViewController.m; sourceTree = "<group>"; };
		CFA8A4EE18FA186A00AF9B80 /* GPUImage.xcodeproj */ = {isa = PBXFileReference; lastKnownFileType = "wrapper.pb-project"; name = GPUImage.xcodeproj; path = "APM Logger/ThirdParty/GPUImage/GPUImage.xcodeproj"; sourceTree = "<group>"; };
		CFAD037418F3797F004F54EA /* FMDatabase.h */ = {isa = PBXFileReference; fileEncoding = 4; lastKnownFileType = sourcecode.c.h; path = FMDatabase.h; sourceTree = "<group>"; };
		CFAD037518F3797F004F54EA /* FMDatabase.m */ = {isa = PBXFileReference; fileEncoding = 4; lastKnownFileType = sourcecode.c.objc; path = FMDatabase.m; sourceTree = "<group>"; };
		CFAD037618F3797F004F54EA /* FMDatabaseAdditions.h */ = {isa = PBXFileReference; fileEncoding = 4; lastKnownFileType = sourcecode.c.h; path = FMDatabaseAdditions.h; sourceTree = "<group>"; };
		CFAD037718F3797F004F54EA /* FMDatabaseAdditions.m */ = {isa = PBXFileReference; fileEncoding = 4; lastKnownFileType = sourcecode.c.objc; path = FMDatabaseAdditions.m; sourceTree = "<group>"; };
		CFAD037818F3797F004F54EA /* FMDatabasePool.h */ = {isa = PBXFileReference; fileEncoding = 4; lastKnownFileType = sourcecode.c.h; path = FMDatabasePool.h; sourceTree = "<group>"; };
		CFAD037918F3797F004F54EA /* FMDatabasePool.m */ = {isa = PBXFileReference; fileEncoding = 4; lastKnownFileType = sourcecode.c.objc; path = FMDatabasePool.m; sourceTree = "<group>"; };
		CFAD037A18F3797F004F54EA /* FMDatabaseQueue.h */ = {isa = PBXFileReference; fileEncoding = 4; lastKnownFileType = sourcecode.c.h; path = FMDatabaseQueue.h; sourceTree = "<group>"; };
		CFAD037B18F3797F004F54EA /* FMDatabaseQueue.m */ = {isa = PBXFileReference; fileEncoding = 4; lastKnownFileType = sourcecode.c.objc; path = FMDatabaseQueue.m; sourceTree = "<group>"; };
		CFAD037C18F3797F004F54EA /* FMDB.h */ = {isa = PBXFileReference; fileEncoding = 4; lastKnownFileType = sourcecode.c.h; path = FMDB.h; sourceTree = "<group>"; };
		CFAD037D18F3797F004F54EA /* FMResultSet.h */ = {isa = PBXFileReference; fileEncoding = 4; lastKnownFileType = sourcecode.c.h; path = FMResultSet.h; sourceTree = "<group>"; };
		CFAD037E18F3797F004F54EA /* FMResultSet.m */ = {isa = PBXFileReference; fileEncoding = 4; lastKnownFileType = sourcecode.c.objc; path = FMResultSet.m; sourceTree = "<group>"; };
		CFAD038418F387F6004F54EA /* create_schema.txt */ = {isa = PBXFileReference; fileEncoding = 4; lastKnownFileType = text; path = create_schema.txt; sourceTree = "<group>"; };
		CFB4B4B81903892000591E45 /* VWWWaveScene.h */ = {isa = PBXFileReference; fileEncoding = 4; lastKnownFileType = sourcecode.c.h; path = VWWWaveScene.h; sourceTree = "<group>"; };
		CFB4B4B91903892000591E45 /* VWWWaveScene.m */ = {isa = PBXFileReference; fileEncoding = 4; lastKnownFileType = sourcecode.c.objc; path = VWWWaveScene.m; sourceTree = "<group>"; };
		CFB4B4C01903897200591E45 /* VWWWaveViewController.h */ = {isa = PBXFileReference; fileEncoding = 4; lastKnownFileType = sourcecode.c.h; path = VWWWaveViewController.h; sourceTree = "<group>"; };
		CFB4B4C11903897200591E45 /* VWWWaveViewController.m */ = {isa = PBXFileReference; fileEncoding = 4; lastKnownFileType = sourcecode.c.objc; path = VWWWaveViewController.m; sourceTree = "<group>"; };
		CFDAC63B18E1493D00EB609B /* RCTools.app */ = {isa = PBXFileReference; explicitFileType = wrapper.application; includeInIndex = 0; path = RCTools.app; sourceTree = BUILT_PRODUCTS_DIR; };
		CFDAC63E18E1493D00EB609B /* Foundation.framework */ = {isa = PBXFileReference; lastKnownFileType = wrapper.framework; name = Foundation.framework; path = System/Library/Frameworks/Foundation.framework; sourceTree = SDKROOT; };
		CFDAC64018E1493D00EB609B /* CoreGraphics.framework */ = {isa = PBXFileReference; lastKnownFileType = wrapper.framework; name = CoreGraphics.framework; path = System/Library/Frameworks/CoreGraphics.framework; sourceTree = SDKROOT; };
		CFDAC64218E1493D00EB609B /* UIKit.framework */ = {isa = PBXFileReference; lastKnownFileType = wrapper.framework; name = UIKit.framework; path = System/Library/Frameworks/UIKit.framework; sourceTree = SDKROOT; };
		CFDAC64618E1493D00EB609B /* RCTools-Info.plist */ = {isa = PBXFileReference; lastKnownFileType = text.plist.xml; path = "RCTools-Info.plist"; sourceTree = "<group>"; };
		CFDAC64818E1493D00EB609B /* en */ = {isa = PBXFileReference; lastKnownFileType = text.plist.strings; name = en; path = en.lproj/InfoPlist.strings; sourceTree = "<group>"; };
		CFDAC64A18E1493D00EB609B /* main.m */ = {isa = PBXFileReference; lastKnownFileType = sourcecode.c.objc; path = main.m; sourceTree = "<group>"; };
		CFDAC64C18E1493D00EB609B /* RCTools-Prefix.pch */ = {isa = PBXFileReference; lastKnownFileType = sourcecode.c.h; path = "RCTools-Prefix.pch"; sourceTree = "<group>"; };
		CFDAC64D18E1493D00EB609B /* VWWAppDelegate.h */ = {isa = PBXFileReference; lastKnownFileType = sourcecode.c.h; path = VWWAppDelegate.h; sourceTree = "<group>"; };
		CFDAC64E18E1493D00EB609B /* VWWAppDelegate.m */ = {isa = PBXFileReference; lastKnownFileType = sourcecode.c.objc; path = VWWAppDelegate.m; sourceTree = "<group>"; };
		CFDAC65C18E1493D00EB609B /* Images.xcassets */ = {isa = PBXFileReference; lastKnownFileType = folder.assetcatalog; path = Images.xcassets; sourceTree = "<group>"; };
		CFDAC66218E1493D00EB609B /* RCToolsTests.xctest */ = {isa = PBXFileReference; explicitFileType = wrapper.cfbundle; includeInIndex = 0; path = RCToolsTests.xctest; sourceTree = BUILT_PRODUCTS_DIR; };
		CFDAC66318E1493D00EB609B /* XCTest.framework */ = {isa = PBXFileReference; lastKnownFileType = wrapper.framework; name = XCTest.framework; path = Library/Frameworks/XCTest.framework; sourceTree = DEVELOPER_DIR; };
		CFDAC66B18E1493D00EB609B /* RCToolsTests-Info.plist */ = {isa = PBXFileReference; lastKnownFileType = text.plist.xml; path = "RCToolsTests-Info.plist"; sourceTree = "<group>"; };
		CFDAC66D18E1493D00EB609B /* en */ = {isa = PBXFileReference; lastKnownFileType = text.plist.strings; name = en; path = en.lproj/InfoPlist.strings; sourceTree = "<group>"; };
		CFDAC66F18E1493D00EB609B /* APM_LoggerTests.m */ = {isa = PBXFileReference; lastKnownFileType = sourcecode.c.objc; path = APM_LoggerTests.m; sourceTree = "<group>"; };
		CFDAC67A18E14A2A00EB609B /* NSTimer+Blocks.h */ = {isa = PBXFileReference; fileEncoding = 4; lastKnownFileType = sourcecode.c.h; path = "NSTimer+Blocks.h"; sourceTree = "<group>"; };
		CFDAC67B18E14A2A00EB609B /* NSTimer+Blocks.m */ = {isa = PBXFileReference; fileEncoding = 4; lastKnownFileType = sourcecode.c.objc; path = "NSTimer+Blocks.m"; sourceTree = "<group>"; };
		CFDAC69718E14A2A00EB609B /* VWWDataLogController.h */ = {isa = PBXFileReference; fileEncoding = 4; lastKnownFileType = sourcecode.c.h; path = VWWDataLogController.h; sourceTree = "<group>"; };
		CFDAC69818E14A2A00EB609B /* VWWDataLogController.m */ = {isa = PBXFileReference; fileEncoding = 4; lastKnownFileType = sourcecode.c.objc; path = VWWDataLogController.m; sourceTree = "<group>"; };
		CFDAC69918E14A2A00EB609B /* VWWFileController.h */ = {isa = PBXFileReference; fileEncoding = 4; lastKnownFileType = sourcecode.c.h; path = VWWFileController.h; sourceTree = "<group>"; };
		CFDAC69A18E14A2A00EB609B /* VWWFileController.m */ = {isa = PBXFileReference; fileEncoding = 4; lastKnownFileType = sourcecode.c.objc; path = VWWFileController.m; sourceTree = "<group>"; };
		CFDAC69B18E14A2A00EB609B /* VWWLocationController.h */ = {isa = PBXFileReference; fileEncoding = 4; lastKnownFileType = sourcecode.c.h; path = VWWLocationController.h; sourceTree = "<group>"; };
		CFDAC69C18E14A2A00EB609B /* VWWLocationController.m */ = {isa = PBXFileReference; fileEncoding = 4; lastKnownFileType = sourcecode.c.objc; path = VWWLocationController.m; sourceTree = "<group>"; };
		CFDAC69D18E14A2A00EB609B /* VWWMotionController.h */ = {isa = PBXFileReference; fileEncoding = 4; lastKnownFileType = sourcecode.c.h; path = VWWMotionController.h; sourceTree = "<group>"; };
		CFDAC69E18E14A2A00EB609B /* VWWMotionController.m */ = {isa = PBXFileReference; fileEncoding = 4; lastKnownFileType = sourcecode.c.objc; path = VWWMotionController.m; sourceTree = "<group>"; };
		CFDAC6A018E14A2A00EB609B /* 2014-03-07 19-23-15_13.kmz */ = {isa = PBXFileReference; lastKnownFileType = file; path = "2014-03-07 19-23-15_13.kmz"; sourceTree = "<group>"; };
		CFDAC6A118E14A2A00EB609B /* 2014-03-07 19-23-15_13.log */ = {isa = PBXFileReference; fileEncoding = 4; lastKnownFileType = text; path = "2014-03-07 19-23-15_13.log"; sourceTree = "<group>"; };
		CFDAC6A418E14A2A00EB609B /* 2014-03-07 19-23-15_15.kmz */ = {isa = PBXFileReference; lastKnownFileType = file; path = "2014-03-07 19-23-15_15.kmz"; sourceTree = "<group>"; };
		CFDAC6A518E14A2A00EB609B /* 2014-03-07 19-23-15_15.log */ = {isa = PBXFileReference; fileEncoding = 4; lastKnownFileType = text; path = "2014-03-07 19-23-15_15.log"; sourceTree = "<group>"; };
		CFDAC6A618E14A2A00EB609B /* readme.txt */ = {isa = PBXFileReference; fileEncoding = 4; lastKnownFileType = text; path = readme.txt; sourceTree = "<group>"; };
		CFDAC6A818E14A2A00EB609B /* VWWBlocks.h */ = {isa = PBXFileReference; fileEncoding = 4; lastKnownFileType = sourcecode.c.h; path = VWWBlocks.h; sourceTree = "<group>"; };
		CFDAC6A918E14A2A00EB609B /* VWWDefines.h */ = {isa = PBXFileReference; fileEncoding = 4; lastKnownFileType = sourcecode.c.h; path = VWWDefines.h; sourceTree = "<group>"; };
		CFDAC6AA18E14A2A00EB609B /* VWWTypes.h */ = {isa = PBXFileReference; fileEncoding = 4; lastKnownFileType = sourcecode.c.h; path = VWWTypes.h; sourceTree = "<group>"; };
		CFDAC6AC18E14A2A00EB609B /* VWWModelProtocol.h */ = {isa = PBXFileReference; fileEncoding = 4; lastKnownFileType = sourcecode.c.h; path = VWWModelProtocol.h; sourceTree = "<group>"; };
		CFDAC6AD18E14A2A00EB609B /* VWWMotion.h */ = {isa = PBXFileReference; fileEncoding = 4; lastKnownFileType = sourcecode.c.h; path = VWWMotion.h; sourceTree = "<group>"; };
		CFDAC6AE18E14A2A00EB609B /* VWWMotion.m */ = {isa = PBXFileReference; fileEncoding = 4; lastKnownFileType = sourcecode.c.objc; path = VWWMotion.m; sourceTree = "<group>"; };
		CFDAC6B018E14A2A00EB609B /* passThrough.fsh */ = {isa = PBXFileReference; fileEncoding = 4; lastKnownFileType = sourcecode.glsl; path = passThrough.fsh; sourceTree = "<group>"; };
		CFDAC6B118E14A2A00EB609B /* passThrough.vsh */ = {isa = PBXFileReference; fileEncoding = 4; lastKnownFileType = sourcecode.glsl; path = passThrough.vsh; sourceTree = "<group>"; };
		CFDAC6CF18E14A3300EB609B /* MBProgressHUD.h */ = {isa = PBXFileReference; fileEncoding = 4; lastKnownFileType = sourcecode.c.h; path = MBProgressHUD.h; sourceTree = "<group>"; };
		CFDAC6D018E14A3300EB609B /* MBProgressHUD.m */ = {isa = PBXFileReference; fileEncoding = 4; lastKnownFileType = sourcecode.c.objc; path = MBProgressHUD.m; sourceTree = "<group>"; };
		CFDAC6D218E14A3300EB609B /* ShaderUtilities.c */ = {isa = PBXFileReference; fileEncoding = 4; lastKnownFileType = sourcecode.c.c; path = ShaderUtilities.c; sourceTree = "<group>"; };
		CFDAC6D318E14A3300EB609B /* ShaderUtilities.h */ = {isa = PBXFileReference; fileEncoding = 4; lastKnownFileType = sourcecode.c.h; path = ShaderUtilities.h; sourceTree = "<group>"; };
		CFDAC6D418E14A3300EB609B /* VWWUserDefaults.h */ = {isa = PBXFileReference; fileEncoding = 4; lastKnownFileType = sourcecode.c.h; path = VWWUserDefaults.h; sourceTree = "<group>"; };
		CFDAC6D518E14A3300EB609B /* VWWUserDefaults.m */ = {isa = PBXFileReference; fileEncoding = 4; lastKnownFileType = sourcecode.c.objc; path = VWWUserDefaults.m; sourceTree = "<group>"; };
		CFDAC6D618E14A3300EB609B /* VWWUtilities.h */ = {isa = PBXFileReference; fileEncoding = 4; lastKnownFileType = sourcecode.c.h; path = VWWUtilities.h; sourceTree = "<group>"; };
		CFDAC6D718E14A3300EB609B /* VWWUtilities.m */ = {isa = PBXFileReference; fileEncoding = 4; lastKnownFileType = sourcecode.c.objc; path = VWWUtilities.m; sourceTree = "<group>"; };
		CFDAC6E318E14D3C00EB609B /* VWWVideoProcessor.h */ = {isa = PBXFileReference; fileEncoding = 4; lastKnownFileType = sourcecode.c.h; path = VWWVideoProcessor.h; sourceTree = "<group>"; };
		CFDAC6E418E14D3C00EB609B /* VWWVideoProcessor.m */ = {isa = PBXFileReference; fileEncoding = 4; lastKnownFileType = sourcecode.c.objc; path = VWWVideoProcessor.m; sourceTree = "<group>"; };
		CFDAC6E618E14D4500EB609B /* VWWVideoPreviewView.h */ = {isa = PBXFileReference; fileEncoding = 4; lastKnownFileType = sourcecode.c.h; path = VWWVideoPreviewView.h; sourceTree = "<group>"; };
		CFDAC6E718E14D4500EB609B /* VWWVideoPreviewView.m */ = {isa = PBXFileReference; fileEncoding = 4; lastKnownFileType = sourcecode.c.objc; path = VWWVideoPreviewView.m; sourceTree = "<group>"; };
/* End PBXFileReference section */

/* Begin PBXFrameworksBuildPhase section */
		CFDAC63818E1493D00EB609B /* Frameworks */ = {
			isa = PBXFrameworksBuildPhase;
			buildActionMask = 2147483647;
			files = (
				C68780D218E4E29400016407 /* Accelerate.framework in Frameworks */,
				C68780D018E4E1A800016407 /* QuartzCore.framework in Frameworks */,
				CFA8A4FA18FA187E00AF9B80 /* libGPUImage.a in Frameworks */,
				C60970A818E1F90C005D8683 /* libsqlite3.dylib in Frameworks */,
				CF66EF4018F930A6002F68C6 /* libCorePlot-CocoaTouch.a in Frameworks */,
				CFDAC64118E1493D00EB609B /* CoreGraphics.framework in Frameworks */,
				CFDAC64318E1493D00EB609B /* UIKit.framework in Frameworks */,
				CFDAC63F18E1493D00EB609B /* Foundation.framework in Frameworks */,
			);
			runOnlyForDeploymentPostprocessing = 0;
		};
		CFDAC65F18E1493D00EB609B /* Frameworks */ = {
			isa = PBXFrameworksBuildPhase;
			buildActionMask = 2147483647;
			files = (
				CFDAC66418E1493D00EB609B /* XCTest.framework in Frameworks */,
				CFDAC66618E1493D00EB609B /* UIKit.framework in Frameworks */,
				CFDAC66518E1493D00EB609B /* Foundation.framework in Frameworks */,
			);
			runOnlyForDeploymentPostprocessing = 0;
		};
/* End PBXFrameworksBuildPhase section */

/* Begin PBXGroup section */
		C66BE891190066C30036E098 /* Test */ = {
			isa = PBXGroup;
			children = (
				CFB4B4BF1903895200591E45 /* Wave */,
				CF7F18A519022C0D003FB14F /* OpenGL */,
				C66BE89A1900673A0036E098 /* GLK (OpenGL) */,
				C66BE899190067270036E098 /* Graph (CoreGraphics) */,
				C66BE8981900670A0036E098 /* Scatter (CorePlot) */,
				C66BE89B190067600036E098 /* VWWTestTableViewController.h */,
				C66BE89C190067600036E098 /* VWWTestTableViewController.m */,
			);
			name = Test;
			sourceTree = "<group>";
		};
		C66BE897190066FF0036E098 /* View */ = {
			isa = PBXGroup;
			children = (
				CF23B54018FE4A6F007EB262 /* VWWGraphView.h */,
				CF23B54118FE4A6F007EB262 /* VWWGraphView.m */,
			);
			name = View;
			sourceTree = "<group>";
		};
		C66BE8981900670A0036E098 /* Scatter (CorePlot) */ = {
			isa = PBXGroup;
			children = (
				CF23B53918FE29EE007EB262 /* VWWScatterViewController.h */,
				CF23B53A18FE29EE007EB262 /* VWWScatterViewController.m */,
			);
			name = "Scatter (CorePlot)";
			sourceTree = "<group>";
		};
		C66BE899190067270036E098 /* Graph (CoreGraphics) */ = {
			isa = PBXGroup;
			children = (
				C66BE897190066FF0036E098 /* View */,
				CF23B54318FE4A8A007EB262 /* VWWGraphViewController.h */,
				CF23B54418FE4A8A007EB262 /* VWWGraphViewController.m */,
			);
			name = "Graph (CoreGraphics)";
			sourceTree = "<group>";
		};
		C66BE89A1900673A0036E098 /* GLK (OpenGL) */ = {
			isa = PBXGroup;
			children = (
				C66BE7F418FEFC2D0036E098 /* VWWGLKViewController.h */,
				C66BE7F318FEFC2D0036E098 /* VWWGLKViewController.m */,
			);
			name = "GLK (OpenGL)";
			sourceTree = "<group>";
		};
		C6D5296D18FCBFAE0010299B /* Welcome */ = {
			isa = PBXGroup;
			children = (
				C6D5296E18FCBFBD0010299B /* VWWWelcomeViewController.h */,
				C6D5296F18FCBFBD0010299B /* VWWWelcomeViewController.m */,
			);
			name = Welcome;
			sourceTree = "<group>";
		};
		CF0BFC051905E773006F5409 /* Video (PostRender) */ = {
			isa = PBXGroup;
			children = (
				CF0BFC061905E7AA006F5409 /* VWWPRVideosViewController.h */,
				CF0BFC071905E7AA006F5409 /* VWWPRVideosViewController.m */,
			);
			name = "Video (PostRender)";
			sourceTree = "<group>";
		};
		CF23B53C18FE2F51007EB262 /* Theme */ = {
			isa = PBXGroup;
			children = (
				CF23B53D18FE2F51007EB262 /* TestXYTheme.h */,
				CF23B53E18FE2F51007EB262 /* TestXYTheme.m */,
			);
			path = Theme;
			sourceTree = "<group>";
		};
		CF66EF3718F93094002F68C6 /* Products */ = {
			isa = PBXGroup;
			children = (
				CF66EF3D18F93094002F68C6 /* libCorePlot-CocoaTouch.a */,
			);
			name = Products;
			sourceTree = "<group>";
		};
		CF7F188D1900D4F9003FB14F /* Scene */ = {
			isa = PBXGroup;
			children = (
				CF7F188E1900D4F9003FB14F /* VWWGraphScene.h */,
				CF7F188F1900D4F9003FB14F /* VWWGraphScene.m */,
				CF7F18901900D4F9003FB14F /* VWWScene.h */,
				CF7F18911900D4F9003FB14F /* VWWScene.m */,
				CF7F18AF19025AD9003FB14F /* VWWMultiGraphScene.h */,
				CF7F18B019025AD9003FB14F /* VWWMultiGraphScene.m */,
				CF7F18B219025AF1003FB14F /* VWWSceneProtocol.h */,
				CFB4B4B81903892000591E45 /* VWWWaveScene.h */,
				CFB4B4B91903892000591E45 /* VWWWaveScene.m */,
			);
			path = Scene;
			sourceTree = "<group>";
		};
		CF7F18A519022C0D003FB14F /* OpenGL */ = {
			isa = PBXGroup;
			children = (
				CF7F189C19022B09003FB14F /* VWWOpenGLViewController.h */,
				CF7F189D19022B09003FB14F /* VWWOpenGLViewController.m */,
			);
			name = OpenGL;
			sourceTree = "<group>";
		};
		CF7F18AA19023B44003FB14F /* Resources */ = {
			isa = PBXGroup;
			children = (
				CF7F18AB19023B44003FB14F /* item_powerup_fish.png */,
				CF7F18AC19023B44003FB14F /* tile_floor.png */,
			);
			path = Resources;
			sourceTree = "<group>";
		};
		CFA8A49B18F9FB5300AF9B80 /* Base */ = {
			isa = PBXGroup;
			children = (
				CFA8A4DE18FA050B00AF9B80 /* VWWDetailTableViewController.h */,
				CFA8A4DF18FA050B00AF9B80 /* VWWDetailTableViewController.m */,
				CFA8A4E018FA050B00AF9B80 /* VWWDetailViewController.h */,
				CFA8A4E118FA050B00AF9B80 /* VWWDetailViewController.m */,
				CFA8A4E318FA050B00AF9B80 /* VWWMasterViewController.h */,
				CFA8A4E218FA050B00AF9B80 /* VWWMasterViewController.m */,
				CFA8A49C18F9FB7A00AF9B80 /* VWWTableViewController.h */,
				CFA8A49D18F9FB7A00AF9B80 /* VWWTableViewController.m */,
				CFA8A49F18F9FB9100AF9B80 /* VWWViewController.h */,
				CFA8A4A018F9FB9100AF9B80 /* VWWViewController.m */,
			);
			name = Base;
			sourceTree = "<group>";
		};
		CFA8A4A218F9FBA200AF9B80 /* Dashboard */ = {
			isa = PBXGroup;
			children = (
				CFA8A4D818F9FEF600AF9B80 /* Cell */,
				CFA8A4A318F9FBD500AF9B80 /* VWWDashboardViewController.h */,
				CFA8A4A418F9FBD500AF9B80 /* VWWDashboardViewController.m */,
			);
			name = Dashboard;
			sourceTree = "<group>";
		};
		CFA8A4A618F9FBDC00AF9B80 /* Logs */ = {
			isa = PBXGroup;
			children = (
				CFA8A4A718F9FBF800AF9B80 /* VWWLogsViewController.h */,
				CFA8A4A818F9FBF800AF9B80 /* VWWLogsViewController.m */,
				CFA8A4AA18F9FC0300AF9B80 /* VWWLogViewController.h */,
				CFA8A4AB18F9FC0300AF9B80 /* VWWLogViewController.m */,
				CFA8A4AD18F9FC3800AF9B80 /* VWWLogPlotViewController.h */,
				CFA8A4AE18F9FC3800AF9B80 /* VWWLogPlotViewController.m */,
				CFA8A4B018F9FC4A00AF9B80 /* VWWKMLOptionsViewController.h */,
				CFA8A4B118F9FC4A00AF9B80 /* VWWKMLOptionsViewController.m */,
				C6712CBB18FC866500A3665F /* VWWLogFilterViewController.h */,
				C6712CBC18FC866500A3665F /* VWWLogFilterViewController.m */,
			);
			name = Logs;
			sourceTree = "<group>";
		};
		CFA8A4B318F9FC5700AF9B80 /* Tuning */ = {
			isa = PBXGroup;
			children = (
				CFA8A4B418F9FC6700AF9B80 /* VWWTuningsViewController.h */,
				CFA8A4B518F9FC6700AF9B80 /* VWWTuningsViewController.m */,
				CFA8A4B718F9FC7300AF9B80 /* VWWTuningViewController.h */,
				CFA8A4B818F9FC7300AF9B80 /* VWWTuningViewController.m */,
				CFA8A4BA18F9FC8600AF9B80 /* VWWTuningOptionsViewController.h */,
				CFA8A4BB18F9FC8600AF9B80 /* VWWTuningOptionsViewController.m */,
			);
			name = Tuning;
			sourceTree = "<group>";
		};
		CFA8A4C018F9FCA500AF9B80 /* Video (RealTime) */ = {
			isa = PBXGroup;
			children = (
				CFA8A4BD18F9FC9F00AF9B80 /* VWWRTVideosViewController.h */,
				CFA8A4BE18F9FC9F00AF9B80 /* VWWRTVideosViewController.m */,
				CFA8A4C118F9FCF000AF9B80 /* VWWRTVideoViewController.h */,
				CFA8A4C218F9FCF000AF9B80 /* VWWRTVideoViewController.m */,
				CFA8A4C418F9FCFF00AF9B80 /* VWWRTVideoRecordOptionsViewController.h */,
				CFA8A4C518F9FCFF00AF9B80 /* VWWRTVideoRecordOptionsViewController.m */,
				CFA8A4C718F9FD0F00AF9B80 /* VWWRTVideoEditViewController.h */,
				CFA8A4C818F9FD0F00AF9B80 /* VWWRTVideoEditViewController.m */,
				CFA8A4CA18F9FD2000AF9B80 /* VWWRTVideoRecordViewController.h */,
				CFA8A4CB18F9FD2000AF9B80 /* VWWRTVideoRecordViewController.m */,
			);
			name = "Video (RealTime)";
			sourceTree = "<group>";
		};
		CFA8A4CD18F9FD2A00AF9B80 /* Resources */ = {
			isa = PBXGroup;
			children = (
				CFA8A4CE18F9FD3E00AF9B80 /* VWWResourcesViewController.h */,
				CFA8A4CF18F9FD3E00AF9B80 /* VWWResourcesViewController.m */,
				CFA8A4D118F9FD4B00AF9B80 /* VWWWebViewController.h */,
				CFA8A4D218F9FD4B00AF9B80 /* VWWWebViewController.m */,
			);
			name = Resources;
			sourceTree = "<group>";
		};
		CFA8A4D418F9FD5200AF9B80 /* About */ = {
			isa = PBXGroup;
			children = (
				CFA8A4D518F9FD7A00AF9B80 /* VWWAboutViewController.h */,
				CFA8A4D618F9FD7A00AF9B80 /* VWWAboutViewController.m */,
			);
			name = About;
			sourceTree = "<group>";
		};
		CFA8A4D818F9FEF600AF9B80 /* Cell */ = {
			isa = PBXGroup;
			children = (
				CFA8A4D918F9FF0A00AF9B80 /* VWWDashboardCollectionViewCell.h */,
				CFA8A4DA18F9FF0A00AF9B80 /* VWWDashboardCollectionViewCell.m */,
			);
			name = Cell;
			sourceTree = "<group>";
		};
		CFA8A4EC18FA10CC00AF9B80 /* Help */ = {
			isa = PBXGroup;
			children = (
				CFA8A4E918FA10C900AF9B80 /* VWWHelpViewController.h */,
				CFA8A4EA18FA10C900AF9B80 /* VWWHelpViewController.m */,
			);
			name = Help;
			sourceTree = "<group>";
		};
		CFA8A4EF18FA186A00AF9B80 /* Products */ = {
			isa = PBXGroup;
			children = (
				CFA8A4F518FA186B00AF9B80 /* libGPUImage.a */,
				CFA8A4F718FA186B00AF9B80 /* GPUImageTests.octest */,
			);
			name = Products;
			sourceTree = "<group>";
		};
		CFAD037318F3797F004F54EA /* FMDB */ = {
			isa = PBXGroup;
			children = (
				CFAD037418F3797F004F54EA /* FMDatabase.h */,
				CFAD037518F3797F004F54EA /* FMDatabase.m */,
				CFAD037618F3797F004F54EA /* FMDatabaseAdditions.h */,
				CFAD037718F3797F004F54EA /* FMDatabaseAdditions.m */,
				CFAD037818F3797F004F54EA /* FMDatabasePool.h */,
				CFAD037918F3797F004F54EA /* FMDatabasePool.m */,
				CFAD037A18F3797F004F54EA /* FMDatabaseQueue.h */,
				CFAD037B18F3797F004F54EA /* FMDatabaseQueue.m */,
				CFAD037C18F3797F004F54EA /* FMDB.h */,
				CFAD037D18F3797F004F54EA /* FMResultSet.h */,
				CFAD037E18F3797F004F54EA /* FMResultSet.m */,
			);
			path = FMDB;
			sourceTree = "<group>";
		};
		CFB4B4BF1903895200591E45 /* Wave */ = {
			isa = PBXGroup;
			children = (
				CFB4B4C01903897200591E45 /* VWWWaveViewController.h */,
				CFB4B4C11903897200591E45 /* VWWWaveViewController.m */,
			);
			name = Wave;
			sourceTree = "<group>";
		};
		CFDAC63218E1493D00EB609B = {
			isa = PBXGroup;
			children = (
				CFA8A4EE18FA186A00AF9B80 /* GPUImage.xcodeproj */,
				CF66EF3618F93094002F68C6 /* CorePlot-CocoaTouch.xcodeproj */,
				CFDAC64418E1493D00EB609B /* APM Logger */,
				CFDAC66918E1493D00EB609B /* APM LoggerTests */,
				CFDAC63D18E1493D00EB609B /* Frameworks */,
				CFDAC63C18E1493D00EB609B /* Products */,
			);
			sourceTree = "<group>";
		};
		CFDAC63C18E1493D00EB609B /* Products */ = {
			isa = PBXGroup;
			children = (
				CFDAC63B18E1493D00EB609B /* RCTools.app */,
				CFDAC66218E1493D00EB609B /* RCToolsTests.xctest */,
			);
			name = Products;
			sourceTree = "<group>";
		};
		CFDAC63D18E1493D00EB609B /* Frameworks */ = {
			isa = PBXGroup;
			children = (
				C68780D118E4E29400016407 /* Accelerate.framework */,
				C68780CF18E4E1A800016407 /* QuartzCore.framework */,
				C60970A718E1F90C005D8683 /* libsqlite3.dylib */,
				CFDAC63E18E1493D00EB609B /* Foundation.framework */,
				CFDAC64018E1493D00EB609B /* CoreGraphics.framework */,
				CFDAC64218E1493D00EB609B /* UIKit.framework */,
				CFDAC66318E1493D00EB609B /* XCTest.framework */,
			);
			name = Frameworks;
			sourceTree = "<group>";
		};
		CFDAC64418E1493D00EB609B /* APM Logger */ = {
			isa = PBXGroup;
			children = (
				CFDAC67918E14A2A00EB609B /* Categories */,
				CFDAC67C18E14A2A00EB609B /* Controllers */,
				CFDAC69F18E14A2A00EB609B /* Documents */,
				CFDAC65C18E1493D00EB609B /* Images.xcassets */,
				CFDAC6A718E14A2A00EB609B /* Include */,
				CFDAC6AB18E14A2A00EB609B /* Model */,
				CF7F18AA19023B44003FB14F /* Resources */,
				CF7F188D1900D4F9003FB14F /* Scene */,
				CFDAC6AF18E14A2A00EB609B /* Shaders */,
				CFDAC64518E1493D00EB609B /* Supporting Files */,
				CFDAC6CD18E14A3300EB609B /* ThirdParty */,
				CFE20DAB18E2619900D07DA4 /* UserInterface */,
				CFDAC6D118E14A3300EB609B /* Utilities */,
				CFDAC6D818E14A3300EB609B /* View */,
			);
			path = "APM Logger";
			sourceTree = "<group>";
		};
		CFDAC64518E1493D00EB609B /* Supporting Files */ = {
			isa = PBXGroup;
			children = (
				CFDAC64618E1493D00EB609B /* RCTools-Info.plist */,
				CFDAC64718E1493D00EB609B /* InfoPlist.strings */,
				CFDAC64A18E1493D00EB609B /* main.m */,
				CFDAC64C18E1493D00EB609B /* RCTools-Prefix.pch */,
				CFDAC64D18E1493D00EB609B /* VWWAppDelegate.h */,
				CFDAC64E18E1493D00EB609B /* VWWAppDelegate.m */,
			);
			name = "Supporting Files";
			sourceTree = "<group>";
		};
		CFDAC66918E1493D00EB609B /* APM LoggerTests */ = {
			isa = PBXGroup;
			children = (
				CFDAC66F18E1493D00EB609B /* APM_LoggerTests.m */,
				CFDAC66A18E1493D00EB609B /* Supporting Files */,
			);
			path = "APM LoggerTests";
			sourceTree = "<group>";
		};
		CFDAC66A18E1493D00EB609B /* Supporting Files */ = {
			isa = PBXGroup;
			children = (
				CFDAC66B18E1493D00EB609B /* RCToolsTests-Info.plist */,
				CFDAC66C18E1493D00EB609B /* InfoPlist.strings */,
			);
			name = "Supporting Files";
			sourceTree = "<group>";
		};
		CFDAC67918E14A2A00EB609B /* Categories */ = {
			isa = PBXGroup;
			children = (
				CFDAC67A18E14A2A00EB609B /* NSTimer+Blocks.h */,
				CFDAC67B18E14A2A00EB609B /* NSTimer+Blocks.m */,
			);
			path = Categories;
			sourceTree = "<group>";
		};
		CFDAC67C18E14A2A00EB609B /* Controllers */ = {
			isa = PBXGroup;
			children = (
				CFDAC67D18E14A2A00EB609B /* GUI */,
				CFDAC69418E14A2A00EB609B /* NonGUI */,
			);
			path = Controllers;
			sourceTree = "<group>";
		};
		CFDAC67D18E14A2A00EB609B /* GUI */ = {
			isa = PBXGroup;
			children = (
				CFA8A4D418F9FD5200AF9B80 /* About */,
				CFA8A49B18F9FB5300AF9B80 /* Base */,
				CFA8A4A218F9FBA200AF9B80 /* Dashboard */,
				CFA8A4EC18FA10CC00AF9B80 /* Help */,
				CFA8A4A618F9FBDC00AF9B80 /* Logs */,
				CFA8A4CD18F9FD2A00AF9B80 /* Resources */,
				C66BE891190066C30036E098 /* Test */,
				CFA8A4B318F9FC5700AF9B80 /* Tuning */,
				CF0BFC051905E773006F5409 /* Video (PostRender) */,
				CFA8A4C018F9FCA500AF9B80 /* Video (RealTime) */,
				C6D5296D18FCBFAE0010299B /* Welcome */,
			);
			path = GUI;
			sourceTree = "<group>";
		};
		CFDAC69418E14A2A00EB609B /* NonGUI */ = {
			isa = PBXGroup;
			children = (
				C6B580B01900840800069322 /* VWWAP2DataController.h */,
				C6B580B11900840800069322 /* VWWAP2DataController.m */,
				CFDAC6E318E14D3C00EB609B /* VWWVideoProcessor.h */,
				CFDAC6E418E14D3C00EB609B /* VWWVideoProcessor.m */,
				CFDAC69718E14A2A00EB609B /* VWWDataLogController.h */,
				CFDAC69818E14A2A00EB609B /* VWWDataLogController.m */,
				CFDAC69918E14A2A00EB609B /* VWWFileController.h */,
				CFDAC69A18E14A2A00EB609B /* VWWFileController.m */,
				CFDAC69B18E14A2A00EB609B /* VWWLocationController.h */,
				CFDAC69C18E14A2A00EB609B /* VWWLocationController.m */,
				CFDAC69D18E14A2A00EB609B /* VWWMotionController.h */,
				CFDAC69E18E14A2A00EB609B /* VWWMotionController.m */,
			);
			path = NonGUI;
			sourceTree = "<group>";
		};
		CFDAC69F18E14A2A00EB609B /* Documents */ = {
			isa = PBXGroup;
			children = (
				CFAD038418F387F6004F54EA /* create_schema.txt */,
				C6877EE318E4AC1300016407 /* 2014-03-25 16-45-00_11.log */,
				CFDAC6A018E14A2A00EB609B /* 2014-03-07 19-23-15_13.kmz */,
				CFDAC6A118E14A2A00EB609B /* 2014-03-07 19-23-15_13.log */,
				CFDAC6A418E14A2A00EB609B /* 2014-03-07 19-23-15_15.kmz */,
				CFDAC6A518E14A2A00EB609B /* 2014-03-07 19-23-15_15.log */,
				CFDAC6A618E14A2A00EB609B /* readme.txt */,
				CFA8A4E718FA0F3800AF9B80 /* About */,
			);
			path = Documents;
			sourceTree = "<group>";
		};
		CFDAC6A718E14A2A00EB609B /* Include */ = {
			isa = PBXGroup;
			children = (
				CFDAC6A818E14A2A00EB609B /* VWWBlocks.h */,
				CFDAC6A918E14A2A00EB609B /* VWWDefines.h */,
				CFDAC6AA18E14A2A00EB609B /* VWWTypes.h */,
			);
			path = Include;
			sourceTree = "<group>";
		};
		CFDAC6AB18E14A2A00EB609B /* Model */ = {
			isa = PBXGroup;
			children = (
				CF23B53C18FE2F51007EB262 /* Theme */,
				CFDAC6AC18E14A2A00EB609B /* VWWModelProtocol.h */,
				CFDAC6AD18E14A2A00EB609B /* VWWMotion.h */,
				CFDAC6AE18E14A2A00EB609B /* VWWMotion.m */,
				C61C21BE18E23E5E00C63517 /* VWWLogFileSummary.h */,
				C61C21BF18E23E5E00C63517 /* VWWLogFileSummary.m */,
				CF7F18941900F094003FB14F /* VWWDeviceAxisLimits.h */,
				CF7F18951900F094003FB14F /* VWWDeviceAxisLimits.m */,
				CF7F18971900F0A1003FB14F /* VWWDeviceLimits.h */,
				CF7F18981900F0A1003FB14F /* VWWDeviceLimits.m */,
			);
			path = Model;
			sourceTree = "<group>";
		};
		CFDAC6AF18E14A2A00EB609B /* Shaders */ = {
			isa = PBXGroup;
			children = (
				CFDAC6B018E14A2A00EB609B /* passThrough.fsh */,
				CFDAC6B118E14A2A00EB609B /* passThrough.vsh */,
			);
			path = Shaders;
			sourceTree = "<group>";
		};
		CFDAC6CD18E14A3300EB609B /* ThirdParty */ = {
			isa = PBXGroup;
			children = (
				CFAD037318F3797F004F54EA /* FMDB */,
				CFDAC6CE18E14A3300EB609B /* MBProgressHUD */,
			);
			path = ThirdParty;
			sourceTree = "<group>";
		};
		CFDAC6CE18E14A3300EB609B /* MBProgressHUD */ = {
			isa = PBXGroup;
			children = (
				CFDAC6CF18E14A3300EB609B /* MBProgressHUD.h */,
				CFDAC6D018E14A3300EB609B /* MBProgressHUD.m */,
			);
			path = MBProgressHUD;
			sourceTree = "<group>";
		};
		CFDAC6D118E14A3300EB609B /* Utilities */ = {
			isa = PBXGroup;
			children = (
				CFDAC6D218E14A3300EB609B /* ShaderUtilities.c */,
				CFDAC6D318E14A3300EB609B /* ShaderUtilities.h */,
				CFDAC6D418E14A3300EB609B /* VWWUserDefaults.h */,
				CFDAC6D518E14A3300EB609B /* VWWUserDefaults.m */,
				CFDAC6D618E14A3300EB609B /* VWWUtilities.h */,
				CFDAC6D718E14A3300EB609B /* VWWUtilities.m */,
			);
			path = Utilities;
			sourceTree = "<group>";
		};
		CFDAC6D818E14A3300EB609B /* View */ = {
			isa = PBXGroup;
			children = (
				CFDAC6E618E14D4500EB609B /* VWWVideoPreviewView.h */,
				CFDAC6E718E14D4500EB609B /* VWWVideoPreviewView.m */,
			);
			path = View;
			sourceTree = "<group>";
		};
		CFE20DAB18E2619900D07DA4 /* UserInterface */ = {
			isa = PBXGroup;
			children = (
				CFA8A49718F9E76300AF9B80 /* RCTools_iPhone.storyboard */,
				C66BE89E1900677E0036E098 /* Test_iPhone.storyboard */,
			);
			name = UserInterface;
			sourceTree = "<group>";
		};
/* End PBXGroup section */

/* Begin PBXNativeTarget section */
		CFDAC63A18E1493D00EB609B /* RCTools */ = {
			isa = PBXNativeTarget;
			buildConfigurationList = CFDAC67318E1493D00EB609B /* Build configuration list for PBXNativeTarget "RCTools" */;
			buildPhases = (
				CFDAC63718E1493D00EB609B /* Sources */,
				CFDAC63818E1493D00EB609B /* Frameworks */,
				CFDAC63918E1493D00EB609B /* Resources */,
			);
			buildRules = (
			);
			dependencies = (
				CFA8A4F918FA187600AF9B80 /* PBXTargetDependency */,
				CF66EF3F18F9309E002F68C6 /* PBXTargetDependency */,
			);
			name = RCTools;
			productName = "APM Logger";
			productReference = CFDAC63B18E1493D00EB609B /* RCTools.app */;
			productType = "com.apple.product-type.application";
		};
		CFDAC66118E1493D00EB609B /* RCToolsTests */ = {
			isa = PBXNativeTarget;
			buildConfigurationList = CFDAC67618E1493D00EB609B /* Build configuration list for PBXNativeTarget "RCToolsTests" */;
			buildPhases = (
				CFDAC65E18E1493D00EB609B /* Sources */,
				CFDAC65F18E1493D00EB609B /* Frameworks */,
				CFDAC66018E1493D00EB609B /* Resources */,
			);
			buildRules = (
			);
			dependencies = (
				CFDAC66818E1493D00EB609B /* PBXTargetDependency */,
			);
			name = RCToolsTests;
			productName = "APM LoggerTests";
			productReference = CFDAC66218E1493D00EB609B /* RCToolsTests.xctest */;
			productType = "com.apple.product-type.bundle.unit-test";
		};
/* End PBXNativeTarget section */

/* Begin PBXProject section */
		CFDAC63318E1493D00EB609B /* Project object */ = {
			isa = PBXProject;
			attributes = {
				CLASSPREFIX = VWW;
				LastUpgradeCheck = 0510;
				ORGANIZATIONNAME = "Zakk Hoyt";
				TargetAttributes = {
					CFDAC63A18E1493D00EB609B = {
						DevelopmentTeam = J7U74N85YF;
						SystemCapabilities = {
							com.apple.InterAppAudio = {
								enabled = 0;
							};
						};
					};
					CFDAC66118E1493D00EB609B = {
						TestTargetID = CFDAC63A18E1493D00EB609B;
					};
				};
			};
			buildConfigurationList = CFDAC63618E1493D00EB609B /* Build configuration list for PBXProject "RCTools" */;
			compatibilityVersion = "Xcode 3.2";
			developmentRegion = English;
			hasScannedForEncodings = 0;
			knownRegions = (
				en,
				Base,
			);
			mainGroup = CFDAC63218E1493D00EB609B;
			productRefGroup = CFDAC63C18E1493D00EB609B /* Products */;
			projectDirPath = "";
			projectReferences = (
				{
					ProductGroup = CF66EF3718F93094002F68C6 /* Products */;
					ProjectRef = CF66EF3618F93094002F68C6 /* CorePlot-CocoaTouch.xcodeproj */;
				},
				{
					ProductGroup = CFA8A4EF18FA186A00AF9B80 /* Products */;
					ProjectRef = CFA8A4EE18FA186A00AF9B80 /* GPUImage.xcodeproj */;
				},
			);
			projectRoot = "";
			targets = (
				CFDAC63A18E1493D00EB609B /* RCTools */,
				CFDAC66118E1493D00EB609B /* RCToolsTests */,
			);
		};
/* End PBXProject section */

/* Begin PBXReferenceProxy section */
		CF66EF3D18F93094002F68C6 /* libCorePlot-CocoaTouch.a */ = {
			isa = PBXReferenceProxy;
			fileType = archive.ar;
			path = "libCorePlot-CocoaTouch.a";
			remoteRef = CF66EF3C18F93094002F68C6 /* PBXContainerItemProxy */;
			sourceTree = BUILT_PRODUCTS_DIR;
		};
		CFA8A4F518FA186B00AF9B80 /* libGPUImage.a */ = {
			isa = PBXReferenceProxy;
			fileType = archive.ar;
			path = libGPUImage.a;
			remoteRef = CFA8A4F418FA186B00AF9B80 /* PBXContainerItemProxy */;
			sourceTree = BUILT_PRODUCTS_DIR;
		};
		CFA8A4F718FA186B00AF9B80 /* GPUImageTests.octest */ = {
			isa = PBXReferenceProxy;
			fileType = wrapper.cfbundle;
			path = GPUImageTests.octest;
			remoteRef = CFA8A4F618FA186B00AF9B80 /* PBXContainerItemProxy */;
			sourceTree = BUILT_PRODUCTS_DIR;
		};
/* End PBXReferenceProxy section */

/* Begin PBXResourcesBuildPhase section */
		CFDAC63918E1493D00EB609B /* Resources */ = {
			isa = PBXResourcesBuildPhase;
			buildActionMask = 2147483647;
			files = (
				CF7F18AE19023B44003FB14F /* tile_floor.png in Resources */,
				CFAD038518F387F6004F54EA /* create_schema.txt in Resources */,
				CFDAC6C718E14A2A00EB609B /* 2014-03-07 19-23-15_15.kmz in Resources */,
				CFDAC65D18E1493D00EB609B /* Images.xcassets in Resources */,
				C66BE89F1900677E0036E098 /* Test_iPhone.storyboard in Resources */,
				CFA8A49818F9E76300AF9B80 /* RCTools_iPhone.storyboard in Resources */,
				CF7F18AD19023B44003FB14F /* item_powerup_fish.png in Resources */,
				CFDAC6CC18E14A2A00EB609B /* passThrough.vsh in Resources */,
				CFDAC6C918E14A2A00EB609B /* readme.txt in Resources */,
				C6877EE418E4AC1300016407 /* 2014-03-25 16-45-00_11.log in Resources */,
				CFA8A4E818FA0F3800AF9B80 /* About in Resources */,
				CFDAC6CB18E14A2A00EB609B /* passThrough.fsh in Resources */,
				CFDAC64918E1493D00EB609B /* InfoPlist.strings in Resources */,
				CFDAC6C318E14A2A00EB609B /* 2014-03-07 19-23-15_13.kmz in Resources */,
				CFDAC6C418E14A2A00EB609B /* 2014-03-07 19-23-15_13.log in Resources */,
				CFDAC6C818E14A2A00EB609B /* 2014-03-07 19-23-15_15.log in Resources */,
			);
			runOnlyForDeploymentPostprocessing = 0;
		};
		CFDAC66018E1493D00EB609B /* Resources */ = {
			isa = PBXResourcesBuildPhase;
			buildActionMask = 2147483647;
			files = (
				CFDAC66E18E1493D00EB609B /* InfoPlist.strings in Resources */,
			);
			runOnlyForDeploymentPostprocessing = 0;
		};
/* End PBXResourcesBuildPhase section */

/* Begin PBXSourcesBuildPhase section */
		CFDAC63718E1493D00EB609B /* Sources */ = {
			isa = PBXSourcesBuildPhase;
			buildActionMask = 2147483647;
			files = (
				CFA8A4AC18F9FC0300AF9B80 /* VWWLogViewController.m in Sources */,
				CFA8A4C918F9FD0F00AF9B80 /* VWWRTVideoEditViewController.m in Sources */,
				C66BE7F518FEFC2D0036E098 /* VWWGLKViewController.m in Sources */,
				CFDAC6C018E14A2A00EB609B /* VWWFileController.m in Sources */,
				CFA8A4BC18F9FC8600AF9B80 /* VWWTuningOptionsViewController.m in Sources */,
				CFA8A4EB18FA10C900AF9B80 /* VWWHelpViewController.m in Sources */,
				CFDAC6DB18E14A3300EB609B /* MBProgressHUD.m in Sources */,
				C66BE89D190067600036E098 /* VWWTestTableViewController.m in Sources */,
				CF7F18961900F094003FB14F /* VWWDeviceAxisLimits.m in Sources */,
				CFAD038318F3797F004F54EA /* FMResultSet.m in Sources */,
				CF7F18991900F0A1003FB14F /* VWWDeviceLimits.m in Sources */,
				C61C21C018E23E5E00C63517 /* VWWLogFileSummary.m in Sources */,
				CFDAC6DC18E14A3300EB609B /* ShaderUtilities.c in Sources */,
				CFA8A49E18F9FB7A00AF9B80 /* VWWTableViewController.m in Sources */,
				CF23B54218FE4A6F007EB262 /* VWWGraphView.m in Sources */,
				CF7F18931900D4F9003FB14F /* VWWScene.m in Sources */,
				CFA8A4C618F9FCFF00AF9B80 /* VWWRTVideoRecordOptionsViewController.m in Sources */,
				CFB4B4BA1903892000591E45 /* VWWWaveScene.m in Sources */,
				CFA8A4AF18F9FC3800AF9B80 /* VWWLogPlotViewController.m in Sources */,
				CFAD038218F3797F004F54EA /* FMDatabaseQueue.m in Sources */,
				CF23B54518FE4A8A007EB262 /* VWWGraphViewController.m in Sources */,
				CFA8A4DB18F9FF0A00AF9B80 /* VWWDashboardCollectionViewCell.m in Sources */,
				CFDAC6CA18E14A2A00EB609B /* VWWMotion.m in Sources */,
				CFA8A4A118F9FB9100AF9B80 /* VWWViewController.m in Sources */,
				C6712CBD18FC866500A3665F /* VWWLogFilterViewController.m in Sources */,
				CF7F189E19022B09003FB14F /* VWWOpenGLViewController.m in Sources */,
				CFA8A4E518FA050B00AF9B80 /* VWWDetailViewController.m in Sources */,
				CFA8A4B618F9FC6700AF9B80 /* VWWTuningsViewController.m in Sources */,
				CFA8A4B218F9FC4A00AF9B80 /* VWWKMLOptionsViewController.m in Sources */,
				CFA8A4A918F9FBF800AF9B80 /* VWWLogsViewController.m in Sources */,
				CFAD037F18F3797F004F54EA /* FMDatabase.m in Sources */,
				CFA8A4B918F9FC7300AF9B80 /* VWWTuningViewController.m in Sources */,
				CFA8A4BF18F9FC9F00AF9B80 /* VWWRTVideosViewController.m in Sources */,
				CFA8A4D718F9FD7A00AF9B80 /* VWWAboutViewController.m in Sources */,
				CFA8A4A518F9FBD500AF9B80 /* VWWDashboardViewController.m in Sources */,
				CFDAC64B18E1493D00EB609B /* main.m in Sources */,
				CFA8A4CC18F9FD2000AF9B80 /* VWWRTVideoRecordViewController.m in Sources */,
				CF0BFC081905E7AA006F5409 /* VWWPRVideosViewController.m in Sources */,
				CF23B53B18FE29EE007EB262 /* VWWScatterViewController.m in Sources */,
				CFA8A4E618FA050B00AF9B80 /* VWWMasterViewController.m in Sources */,
				CFA8A4D318F9FD4B00AF9B80 /* VWWWebViewController.m in Sources */,
				CFDAC64F18E1493D00EB609B /* VWWAppDelegate.m in Sources */,
				CFDAC6DD18E14A3300EB609B /* VWWUserDefaults.m in Sources */,
				CFA8A4D018F9FD3E00AF9B80 /* VWWResourcesViewController.m in Sources */,
				CFDAC6E518E14D3C00EB609B /* VWWVideoProcessor.m in Sources */,
				CFEA5F2F18FFA88000C6F885 /* VWWWelcomeViewController.m in Sources */,
				CFDAC6E818E14D4500EB609B /* VWWVideoPreviewView.m in Sources */,
				CFDAC6DE18E14A3300EB609B /* VWWUtilities.m in Sources */,
				CFDAC6C218E14A2A00EB609B /* VWWMotionController.m in Sources */,
				CFDAC6B218E14A2A00EB609B /* NSTimer+Blocks.m in Sources */,
				CFAD038018F3797F004F54EA /* FMDatabaseAdditions.m in Sources */,
				CFA8A4E418FA050B00AF9B80 /* VWWDetailTableViewController.m in Sources */,
				C6B580B21900840800069322 /* VWWAP2DataController.m in Sources */,
				CF7F18921900D4F9003FB14F /* VWWGraphScene.m in Sources */,
				CFDAC6BF18E14A2A00EB609B /* VWWDataLogController.m in Sources */,
				CF23B53F18FE2F51007EB262 /* TestXYTheme.m in Sources */,
				CF7F18B119025AD9003FB14F /* VWWMultiGraphScene.m in Sources */,
				CFB4B4C21903897200591E45 /* VWWWaveViewController.m in Sources */,
				CFA8A4C318F9FCF000AF9B80 /* VWWRTVideoViewController.m in Sources */,
				CFDAC6C118E14A2A00EB609B /* VWWLocationController.m in Sources */,
				CFAD038118F3797F004F54EA /* FMDatabasePool.m in Sources */,
			);
			runOnlyForDeploymentPostprocessing = 0;
		};
		CFDAC65E18E1493D00EB609B /* Sources */ = {
			isa = PBXSourcesBuildPhase;
			buildActionMask = 2147483647;
			files = (
				CFDAC67018E1493D00EB609B /* APM_LoggerTests.m in Sources */,
			);
			runOnlyForDeploymentPostprocessing = 0;
		};
/* End PBXSourcesBuildPhase section */

/* Begin PBXTargetDependency section */
		CF66EF3F18F9309E002F68C6 /* PBXTargetDependency */ = {
			isa = PBXTargetDependency;
			name = "CorePlot-CocoaTouch";
			targetProxy = CF66EF3E18F9309E002F68C6 /* PBXContainerItemProxy */;
		};
		CFA8A4F918FA187600AF9B80 /* PBXTargetDependency */ = {
			isa = PBXTargetDependency;
			name = GPUImage;
			targetProxy = CFA8A4F818FA187600AF9B80 /* PBXContainerItemProxy */;
		};
		CFDAC66818E1493D00EB609B /* PBXTargetDependency */ = {
			isa = PBXTargetDependency;
			target = CFDAC63A18E1493D00EB609B /* RCTools */;
			targetProxy = CFDAC66718E1493D00EB609B /* PBXContainerItemProxy */;
		};
/* End PBXTargetDependency section */

/* Begin PBXVariantGroup section */
		CFDAC64718E1493D00EB609B /* InfoPlist.strings */ = {
			isa = PBXVariantGroup;
			children = (
				CFDAC64818E1493D00EB609B /* en */,
			);
			name = InfoPlist.strings;
			sourceTree = "<group>";
		};
		CFDAC66C18E1493D00EB609B /* InfoPlist.strings */ = {
			isa = PBXVariantGroup;
			children = (
				CFDAC66D18E1493D00EB609B /* en */,
			);
			name = InfoPlist.strings;
			sourceTree = "<group>";
		};
/* End PBXVariantGroup section */

/* Begin XCBuildConfiguration section */
		CFDAC67118E1493D00EB609B /* Debug */ = {
			isa = XCBuildConfiguration;
			buildSettings = {
				ALWAYS_SEARCH_USER_PATHS = NO;
				CLANG_CXX_LANGUAGE_STANDARD = "gnu++0x";
				CLANG_CXX_LIBRARY = "libc++";
				CLANG_ENABLE_MODULES = YES;
				CLANG_ENABLE_OBJC_ARC = YES;
				CLANG_WARN_BOOL_CONVERSION = YES;
				CLANG_WARN_CONSTANT_CONVERSION = YES;
				CLANG_WARN_DIRECT_OBJC_ISA_USAGE = YES_ERROR;
				CLANG_WARN_EMPTY_BODY = YES;
				CLANG_WARN_ENUM_CONVERSION = YES;
				CLANG_WARN_INT_CONVERSION = YES;
				CLANG_WARN_OBJC_ROOT_CLASS = YES_ERROR;
				CLANG_WARN__DUPLICATE_METHOD_MATCH = YES;
				"CODE_SIGN_IDENTITY[sdk=iphoneos*]" = "iPhone Developer";
				COPY_PHASE_STRIP = NO;
				GCC_C_LANGUAGE_STANDARD = gnu99;
				GCC_DYNAMIC_NO_PIC = NO;
				GCC_OPTIMIZATION_LEVEL = 0;
				GCC_PREPROCESSOR_DEFINITIONS = (
					"DEBUG=1",
					"$(inherited)",
				);
				GCC_SYMBOLS_PRIVATE_EXTERN = NO;
				GCC_WARN_64_TO_32_BIT_CONVERSION = YES;
				GCC_WARN_ABOUT_RETURN_TYPE = YES_ERROR;
				GCC_WARN_UNDECLARED_SELECTOR = YES;
				GCC_WARN_UNINITIALIZED_AUTOS = YES_AGGRESSIVE;
				GCC_WARN_UNUSED_FUNCTION = YES;
				GCC_WARN_UNUSED_VARIABLE = YES;
				IPHONEOS_DEPLOYMENT_TARGET = 7.1;
				ONLY_ACTIVE_ARCH = YES;
				SDKROOT = iphoneos;
				TARGETED_DEVICE_FAMILY = "1,2";
				VALID_ARCHS = "arm64 armv7 armv7s armv6";
			};
			name = Debug;
		};
		CFDAC67218E1493D00EB609B /* Release */ = {
			isa = XCBuildConfiguration;
			buildSettings = {
				ALWAYS_SEARCH_USER_PATHS = NO;
				CLANG_CXX_LANGUAGE_STANDARD = "gnu++0x";
				CLANG_CXX_LIBRARY = "libc++";
				CLANG_ENABLE_MODULES = YES;
				CLANG_ENABLE_OBJC_ARC = YES;
				CLANG_WARN_BOOL_CONVERSION = YES;
				CLANG_WARN_CONSTANT_CONVERSION = YES;
				CLANG_WARN_DIRECT_OBJC_ISA_USAGE = YES_ERROR;
				CLANG_WARN_EMPTY_BODY = YES;
				CLANG_WARN_ENUM_CONVERSION = YES;
				CLANG_WARN_INT_CONVERSION = YES;
				CLANG_WARN_OBJC_ROOT_CLASS = YES_ERROR;
				CLANG_WARN__DUPLICATE_METHOD_MATCH = YES;
				"CODE_SIGN_IDENTITY[sdk=iphoneos*]" = "iPhone Developer";
				COPY_PHASE_STRIP = YES;
				ENABLE_NS_ASSERTIONS = NO;
				GCC_C_LANGUAGE_STANDARD = gnu99;
				GCC_WARN_64_TO_32_BIT_CONVERSION = YES;
				GCC_WARN_ABOUT_RETURN_TYPE = YES_ERROR;
				GCC_WARN_UNDECLARED_SELECTOR = YES;
				GCC_WARN_UNINITIALIZED_AUTOS = YES_AGGRESSIVE;
				GCC_WARN_UNUSED_FUNCTION = YES;
				GCC_WARN_UNUSED_VARIABLE = YES;
				IPHONEOS_DEPLOYMENT_TARGET = 7.1;
				SDKROOT = iphoneos;
				TARGETED_DEVICE_FAMILY = "1,2";
				VALIDATE_PRODUCT = YES;
				VALID_ARCHS = "arm64 armv7 armv7s armv6";
			};
			name = Release;
		};
		CFDAC67418E1493D00EB609B /* Debug */ = {
			isa = XCBuildConfiguration;
			buildSettings = {
				ASSETCATALOG_COMPILER_APPICON_NAME = AppIcon;
				ASSETCATALOG_COMPILER_LAUNCHIMAGE_NAME = LaunchImage;
				CODE_SIGN_IDENTITY = "iPhone Developer";
				"CODE_SIGN_IDENTITY[sdk=iphoneos*]" = "iPhone Developer";
				GCC_PRECOMPILE_PREFIX_HEADER = YES;
				GCC_PREFIX_HEADER = "APM Logger/RCTools-Prefix.pch";
				HEADER_SEARCH_PATHS = (
					"$(inherited)",
					/Applications/Xcode.app/Contents/Developer/Toolchains/XcodeDefault.xctoolchain/usr/include,
					"APM\\ Logger/ThirdParty/CorePlot/**",
					"APM\\ Logger/ThirdParty/GPUImage/**",
				);
				INFOPLIST_FILE = "APM Logger/RCTools-Info.plist";
				LIBRARY_SEARCH_PATHS = (
					"$(inherited)",
					"$(PROJECT_DIR)/APM\\ Logger/ThirdParty/CorePlot",
					"$(PROJECT_DIR)/APM\\ Logger/ThirdParty",
				);
				ONLY_ACTIVE_ARCH = YES;
				OTHER_LDFLAGS = (
					"-all_load",
					"-ObjC",
				);
				PRODUCT_NAME = RCTools;
				PROVISIONING_PROFILE = "";
				TARGETED_DEVICE_FAMILY = 1;
				WRAPPER_EXTENSION = app;
			};
			name = Debug;
		};
		CFDAC67518E1493D00EB609B /* Release */ = {
			isa = XCBuildConfiguration;
			buildSettings = {
				ASSETCATALOG_COMPILER_APPICON_NAME = AppIcon;
				ASSETCATALOG_COMPILER_LAUNCHIMAGE_NAME = LaunchImage;
				CODE_SIGN_IDENTITY = "iPhone Developer";
				"CODE_SIGN_IDENTITY[sdk=iphoneos*]" = "iPhone Developer";
				GCC_PRECOMPILE_PREFIX_HEADER = YES;
				GCC_PREFIX_HEADER = "APM Logger/RCTools-Prefix.pch";
				HEADER_SEARCH_PATHS = (
					"$(inherited)",
					/Applications/Xcode.app/Contents/Developer/Toolchains/XcodeDefault.xctoolchain/usr/include,
					"APM\\ Logger/ThirdParty/CorePlot/**",
					"APM\\ Logger/ThirdParty/GPUImage/**",
				);
				INFOPLIST_FILE = "APM Logger/RCTools-Info.plist";
				LIBRARY_SEARCH_PATHS = (
					"$(inherited)",
					"$(PROJECT_DIR)/APM\\ Logger/ThirdParty/CorePlot",
					"$(PROJECT_DIR)/APM\\ Logger/ThirdParty",
				);
				OTHER_LDFLAGS = (
					"-all_load",
					"-ObjC",
				);
				PRODUCT_NAME = RCTools;
				PROVISIONING_PROFILE = "";
				TARGETED_DEVICE_FAMILY = 1;
				WRAPPER_EXTENSION = app;
			};
			name = Release;
		};
		CFDAC67718E1493D00EB609B /* Debug */ = {
			isa = XCBuildConfiguration;
			buildSettings = {
				BUNDLE_LOADER = "$(BUILT_PRODUCTS_DIR)/APM Logger.app/APM Logger";
				FRAMEWORK_SEARCH_PATHS = (
					"$(SDKROOT)/Developer/Library/Frameworks",
					"$(inherited)",
					"$(DEVELOPER_FRAMEWORKS_DIR)",
				);
				GCC_PRECOMPILE_PREFIX_HEADER = YES;
				GCC_PREFIX_HEADER = "APM Logger/APM Logger-Prefix.pch";
				GCC_PREPROCESSOR_DEFINITIONS = (
					"DEBUG=1",
					"$(inherited)",
				);
				INFOPLIST_FILE = "APM LoggerTests/RCToolsTests-Info.plist";
				PRODUCT_NAME = RCToolsTests;
				TEST_HOST = "$(BUNDLE_LOADER)";
				WRAPPER_EXTENSION = xctest;
			};
			name = Debug;
		};
		CFDAC67818E1493D00EB609B /* Release */ = {
			isa = XCBuildConfiguration;
			buildSettings = {
				BUNDLE_LOADER = "$(BUILT_PRODUCTS_DIR)/APM Logger.app/APM Logger";
				FRAMEWORK_SEARCH_PATHS = (
					"$(SDKROOT)/Developer/Library/Frameworks",
					"$(inherited)",
					"$(DEVELOPER_FRAMEWORKS_DIR)",
				);
				GCC_PRECOMPILE_PREFIX_HEADER = YES;
				GCC_PREFIX_HEADER = "APM Logger/APM Logger-Prefix.pch";
				INFOPLIST_FILE = "APM LoggerTests/RCToolsTests-Info.plist";
				PRODUCT_NAME = RCToolsTests;
				TEST_HOST = "$(BUNDLE_LOADER)";
				WRAPPER_EXTENSION = xctest;
			};
			name = Release;
		};
/* End XCBuildConfiguration section */

/* Begin XCConfigurationList section */
		CFDAC63618E1493D00EB609B /* Build configuration list for PBXProject "RCTools" */ = {
			isa = XCConfigurationList;
			buildConfigurations = (
				CFDAC67118E1493D00EB609B /* Debug */,
				CFDAC67218E1493D00EB609B /* Release */,
			);
			defaultConfigurationIsVisible = 0;
			defaultConfigurationName = Release;
		};
		CFDAC67318E1493D00EB609B /* Build configuration list for PBXNativeTarget "RCTools" */ = {
			isa = XCConfigurationList;
			buildConfigurations = (
				CFDAC67418E1493D00EB609B /* Debug */,
				CFDAC67518E1493D00EB609B /* Release */,
			);
			defaultConfigurationIsVisible = 0;
			defaultConfigurationName = Release;
		};
		CFDAC67618E1493D00EB609B /* Build configuration list for PBXNativeTarget "RCToolsTests" */ = {
			isa = XCConfigurationList;
			buildConfigurations = (
				CFDAC67718E1493D00EB609B /* Debug */,
				CFDAC67818E1493D00EB609B /* Release */,
			);
			defaultConfigurationIsVisible = 0;
			defaultConfigurationName = Release;
		};
/* End XCConfigurationList section */
	};
	rootObject = CFDAC63318E1493D00EB609B /* Project object */;
}
