// !$*UTF8*$!
{
	archiveVersion = 1;
	classes = {
	};
	objectVersion = 46;
	objects = {

/* Begin PBXBuildFile section */
		C60970A818E1F90C005D8683 /* libsqlite3.dylib in Frameworks */ = {isa = PBXBuildFile; fileRef = C60970A718E1F90C005D8683 /* libsqlite3.dylib */; };
		C61C21C018E23E5E00C63517 /* VWWLogFileSummary.m in Sources */ = {isa = PBXBuildFile; fileRef = C61C21BF18E23E5E00C63517 /* VWWLogFileSummary.m */; };
		C6877EE418E4AC1300016407 /* 2014-03-25 16-45-00_11.log in Resources */ = {isa = PBXBuildFile; fileRef = C6877EE318E4AC1300016407 /* 2014-03-25 16-45-00_11.log */; };
		C68780D018E4E1A800016407 /* QuartzCore.framework in Frameworks */ = {isa = PBXBuildFile; fileRef = C68780CF18E4E1A800016407 /* QuartzCore.framework */; };
		C68780D218E4E29400016407 /* Accelerate.framework in Frameworks */ = {isa = PBXBuildFile; fileRef = C68780D118E4E29400016407 /* Accelerate.framework */; };
		CF66EF4018F930A6002F68C6 /* libCorePlot-CocoaTouch.a in Frameworks */ = {isa = PBXBuildFile; fileRef = CF66EF3D18F93094002F68C6 /* libCorePlot-CocoaTouch.a */; };
		CFA8A49818F9E76300AF9B80 /* APM_iPhone.storyboard in Resources */ = {isa = PBXBuildFile; fileRef = CFA8A49718F9E76300AF9B80 /* APM_iPhone.storyboard */; };
		CFA8A49E18F9FB7A00AF9B80 /* VWWTableViewController.m in Sources */ = {isa = PBXBuildFile; fileRef = CFA8A49D18F9FB7A00AF9B80 /* VWWTableViewController.m */; };
		CFA8A4A118F9FB9100AF9B80 /* VWWViewController.m in Sources */ = {isa = PBXBuildFile; fileRef = CFA8A4A018F9FB9100AF9B80 /* VWWViewController.m */; };
		CFA8A4A518F9FBD500AF9B80 /* VWWDashboardViewController.m in Sources */ = {isa = PBXBuildFile; fileRef = CFA8A4A418F9FBD500AF9B80 /* VWWDashboardViewController.m */; };
		CFA8A4A918F9FBF800AF9B80 /* VWWLogsViewController.m in Sources */ = {isa = PBXBuildFile; fileRef = CFA8A4A818F9FBF800AF9B80 /* VWWLogsViewController.m */; };
		CFA8A4AC18F9FC0300AF9B80 /* VWWLogViewController.m in Sources */ = {isa = PBXBuildFile; fileRef = CFA8A4AB18F9FC0300AF9B80 /* VWWLogViewController.m */; };
		CFA8A4AF18F9FC3800AF9B80 /* VWWLogPlotViewController.m in Sources */ = {isa = PBXBuildFile; fileRef = CFA8A4AE18F9FC3800AF9B80 /* VWWLogPlotViewController.m */; };
		CFA8A4B218F9FC4A00AF9B80 /* VWWKMLOptionsViewController.m in Sources */ = {isa = PBXBuildFile; fileRef = CFA8A4B118F9FC4A00AF9B80 /* VWWKMLOptionsViewController.m */; };
		CFA8A4B618F9FC6700AF9B80 /* VWWTuningsViewController.m in Sources */ = {isa = PBXBuildFile; fileRef = CFA8A4B518F9FC6700AF9B80 /* VWWTuningsViewController.m */; };
		CFA8A4B918F9FC7300AF9B80 /* VWWTuningViewController.m in Sources */ = {isa = PBXBuildFile; fileRef = CFA8A4B818F9FC7300AF9B80 /* VWWTuningViewController.m */; };
		CFA8A4BC18F9FC8600AF9B80 /* VWWTuningOptionsViewController.m in Sources */ = {isa = PBXBuildFile; fileRef = CFA8A4BB18F9FC8600AF9B80 /* VWWTuningOptionsViewController.m */; };
		CFA8A4BF18F9FC9F00AF9B80 /* VWWVideosViewController.m in Sources */ = {isa = PBXBuildFile; fileRef = CFA8A4BE18F9FC9F00AF9B80 /* VWWVideosViewController.m */; };
		CFA8A4C318F9FCF000AF9B80 /* VWWVideoViewController.m in Sources */ = {isa = PBXBuildFile; fileRef = CFA8A4C218F9FCF000AF9B80 /* VWWVideoViewController.m */; };
		CFA8A4C618F9FCFF00AF9B80 /* VWWVideoRecordOptionsViewController.m in Sources */ = {isa = PBXBuildFile; fileRef = CFA8A4C518F9FCFF00AF9B80 /* VWWVideoRecordOptionsViewController.m */; };
		CFA8A4C918F9FD0F00AF9B80 /* VWWVideoEditViewController.m in Sources */ = {isa = PBXBuildFile; fileRef = CFA8A4C818F9FD0F00AF9B80 /* VWWVideoEditViewController.m */; };
		CFA8A4CC18F9FD2000AF9B80 /* VWWVideoRecordViewController.m in Sources */ = {isa = PBXBuildFile; fileRef = CFA8A4CB18F9FD2000AF9B80 /* VWWVideoRecordViewController.m */; };
		CFA8A4D018F9FD3E00AF9B80 /* VWWResourcesViewController.m in Sources */ = {isa = PBXBuildFile; fileRef = CFA8A4CF18F9FD3E00AF9B80 /* VWWResourcesViewController.m */; };
		CFA8A4D318F9FD4B00AF9B80 /* VWWWebViewController.m in Sources */ = {isa = PBXBuildFile; fileRef = CFA8A4D218F9FD4B00AF9B80 /* VWWWebViewController.m */; };
		CFA8A4D718F9FD7A00AF9B80 /* VWWAboutViewController.m in Sources */ = {isa = PBXBuildFile; fileRef = CFA8A4D618F9FD7A00AF9B80 /* VWWAboutViewController.m */; };
		CFA8A4DB18F9FF0A00AF9B80 /* VWWDashboardCollectionViewCell.m in Sources */ = {isa = PBXBuildFile; fileRef = CFA8A4DA18F9FF0A00AF9B80 /* VWWDashboardCollectionViewCell.m */; };
		CFA8A4E418FA050B00AF9B80 /* VWWDetailTableViewController.m in Sources */ = {isa = PBXBuildFile; fileRef = CFA8A4DF18FA050B00AF9B80 /* VWWDetailTableViewController.m */; };
		CFA8A4E518FA050B00AF9B80 /* VWWDetailViewController.m in Sources */ = {isa = PBXBuildFile; fileRef = CFA8A4E118FA050B00AF9B80 /* VWWDetailViewController.m */; };
		CFA8A4E618FA050B00AF9B80 /* VWWMasterViewController.m in Sources */ = {isa = PBXBuildFile; fileRef = CFA8A4E218FA050B00AF9B80 /* VWWMasterViewController.m */; };
		CFA8A4E818FA0F3800AF9B80 /* About in Resources */ = {isa = PBXBuildFile; fileRef = CFA8A4E718FA0F3800AF9B80 /* About */; };
		CFA8A4EB18FA10C900AF9B80 /* VWWHelpViewController.m in Sources */ = {isa = PBXBuildFile; fileRef = CFA8A4EA18FA10C900AF9B80 /* VWWHelpViewController.m */; };
		CFA8A4FA18FA187E00AF9B80 /* libGPUImage.a in Frameworks */ = {isa = PBXBuildFile; fileRef = CFA8A4F518FA186B00AF9B80 /* libGPUImage.a */; };
		CFAD037F18F3797F004F54EA /* FMDatabase.m in Sources */ = {isa = PBXBuildFile; fileRef = CFAD037518F3797F004F54EA /* FMDatabase.m */; };
		CFAD038018F3797F004F54EA /* FMDatabaseAdditions.m in Sources */ = {isa = PBXBuildFile; fileRef = CFAD037718F3797F004F54EA /* FMDatabaseAdditions.m */; };
		CFAD038118F3797F004F54EA /* FMDatabasePool.m in Sources */ = {isa = PBXBuildFile; fileRef = CFAD037918F3797F004F54EA /* FMDatabasePool.m */; };
		CFAD038218F3797F004F54EA /* FMDatabaseQueue.m in Sources */ = {isa = PBXBuildFile; fileRef = CFAD037B18F3797F004F54EA /* FMDatabaseQueue.m */; };
		CFAD038318F3797F004F54EA /* FMResultSet.m in Sources */ = {isa = PBXBuildFile; fileRef = CFAD037E18F3797F004F54EA /* FMResultSet.m */; };
		CFAD038518F387F6004F54EA /* create_schema.txt in Resources */ = {isa = PBXBuildFile; fileRef = CFAD038418F387F6004F54EA /* create_schema.txt */; };
		CFDAC63F18E1493D00EB609B /* Foundation.framework in Frameworks */ = {isa = PBXBuildFile; fileRef = CFDAC63E18E1493D00EB609B /* Foundation.framework */; };
		CFDAC64118E1493D00EB609B /* CoreGraphics.framework in Frameworks */ = {isa = PBXBuildFile; fileRef = CFDAC64018E1493D00EB609B /* CoreGraphics.framework */; };
		CFDAC64318E1493D00EB609B /* UIKit.framework in Frameworks */ = {isa = PBXBuildFile; fileRef = CFDAC64218E1493D00EB609B /* UIKit.framework */; };
		CFDAC64918E1493D00EB609B /* InfoPlist.strings in Resources */ = {isa = PBXBuildFile; fileRef = CFDAC64718E1493D00EB609B /* InfoPlist.strings */; };
		CFDAC64B18E1493D00EB609B /* main.m in Sources */ = {isa = PBXBuildFile; fileRef = CFDAC64A18E1493D00EB609B /* main.m */; };
		CFDAC64F18E1493D00EB609B /* VWWAppDelegate.m in Sources */ = {isa = PBXBuildFile; fileRef = CFDAC64E18E1493D00EB609B /* VWWAppDelegate.m */; };
		CFDAC65D18E1493D00EB609B /* Images.xcassets in Resources */ = {isa = PBXBuildFile; fileRef = CFDAC65C18E1493D00EB609B /* Images.xcassets */; };
		CFDAC66418E1493D00EB609B /* XCTest.framework in Frameworks */ = {isa = PBXBuildFile; fileRef = CFDAC66318E1493D00EB609B /* XCTest.framework */; };
		CFDAC66518E1493D00EB609B /* Foundation.framework in Frameworks */ = {isa = PBXBuildFile; fileRef = CFDAC63E18E1493D00EB609B /* Foundation.framework */; };
		CFDAC66618E1493D00EB609B /* UIKit.framework in Frameworks */ = {isa = PBXBuildFile; fileRef = CFDAC64218E1493D00EB609B /* UIKit.framework */; };
		CFDAC66E18E1493D00EB609B /* InfoPlist.strings in Resources */ = {isa = PBXBuildFile; fileRef = CFDAC66C18E1493D00EB609B /* InfoPlist.strings */; };
		CFDAC67018E1493D00EB609B /* APM_LoggerTests.m in Sources */ = {isa = PBXBuildFile; fileRef = CFDAC66F18E1493D00EB609B /* APM_LoggerTests.m */; };
		CFDAC6B218E14A2A00EB609B /* NSTimer+Blocks.m in Sources */ = {isa = PBXBuildFile; fileRef = CFDAC67B18E14A2A00EB609B /* NSTimer+Blocks.m */; };
		CFDAC6BF18E14A2A00EB609B /* VWWDataLogController.m in Sources */ = {isa = PBXBuildFile; fileRef = CFDAC69818E14A2A00EB609B /* VWWDataLogController.m */; };
		CFDAC6C018E14A2A00EB609B /* VWWFileController.m in Sources */ = {isa = PBXBuildFile; fileRef = CFDAC69A18E14A2A00EB609B /* VWWFileController.m */; };
		CFDAC6C118E14A2A00EB609B /* VWWLocationController.m in Sources */ = {isa = PBXBuildFile; fileRef = CFDAC69C18E14A2A00EB609B /* VWWLocationController.m */; };
		CFDAC6C218E14A2A00EB609B /* VWWMotionController.m in Sources */ = {isa = PBXBuildFile; fileRef = CFDAC69E18E14A2A00EB609B /* VWWMotionController.m */; };
		CFDAC6C318E14A2A00EB609B /* 2014-03-07 19-23-15_13.kmz in Resources */ = {isa = PBXBuildFile; fileRef = CFDAC6A018E14A2A00EB609B /* 2014-03-07 19-23-15_13.kmz */; };
		CFDAC6C418E14A2A00EB609B /* 2014-03-07 19-23-15_13.log in Resources */ = {isa = PBXBuildFile; fileRef = CFDAC6A118E14A2A00EB609B /* 2014-03-07 19-23-15_13.log */; };
		CFDAC6C718E14A2A00EB609B /* 2014-03-07 19-23-15_15.kmz in Resources */ = {isa = PBXBuildFile; fileRef = CFDAC6A418E14A2A00EB609B /* 2014-03-07 19-23-15_15.kmz */; };
		CFDAC6C818E14A2A00EB609B /* 2014-03-07 19-23-15_15.log in Resources */ = {isa = PBXBuildFile; fileRef = CFDAC6A518E14A2A00EB609B /* 2014-03-07 19-23-15_15.log */; };
		CFDAC6C918E14A2A00EB609B /* readme.txt in Resources */ = {isa = PBXBuildFile; fileRef = CFDAC6A618E14A2A00EB609B /* readme.txt */; };
		CFDAC6CA18E14A2A00EB609B /* VWWMotion.m in Sources */ = {isa = PBXBuildFile; fileRef = CFDAC6AE18E14A2A00EB609B /* VWWMotion.m */; };
		CFDAC6CB18E14A2A00EB609B /* passThrough.fsh in Resources */ = {isa = PBXBuildFile; fileRef = CFDAC6B018E14A2A00EB609B /* passThrough.fsh */; };
		CFDAC6CC18E14A2A00EB609B /* passThrough.vsh in Resources */ = {isa = PBXBuildFile; fileRef = CFDAC6B118E14A2A00EB609B /* passThrough.vsh */; };
		CFDAC6DB18E14A3300EB609B /* MBProgressHUD.m in Sources */ = {isa = PBXBuildFile; fileRef = CFDAC6D018E14A3300EB609B /* MBProgressHUD.m */; };
		CFDAC6DC18E14A3300EB609B /* ShaderUtilities.c in Sources */ = {isa = PBXBuildFile; fileRef = CFDAC6D218E14A3300EB609B /* ShaderUtilities.c */; };
		CFDAC6DD18E14A3300EB609B /* VWWUserDefaults.m in Sources */ = {isa = PBXBuildFile; fileRef = CFDAC6D518E14A3300EB609B /* VWWUserDefaults.m */; };
		CFDAC6DE18E14A3300EB609B /* VWWUtilities.m in Sources */ = {isa = PBXBuildFile; fileRef = CFDAC6D718E14A3300EB609B /* VWWUtilities.m */; };
		CFDAC6E518E14D3C00EB609B /* VWWVideoProcessor.m in Sources */ = {isa = PBXBuildFile; fileRef = CFDAC6E418E14D3C00EB609B /* VWWVideoProcessor.m */; };
		CFDAC6E818E14D4500EB609B /* VWWVideoPreviewView.m in Sources */ = {isa = PBXBuildFile; fileRef = CFDAC6E718E14D4500EB609B /* VWWVideoPreviewView.m */; };
		CFDAC6EB18E1567300EB609B /* AP2DataPlotController.m in Sources */ = {isa = PBXBuildFile; fileRef = CFDAC6EA18E1567300EB609B /* AP2DataPlotController.m */; };
		CFE20DAA18E2613200D07DA4 /* AP2DataPlot.m in Sources */ = {isa = PBXBuildFile; fileRef = CFE20DA918E2613200D07DA4 /* AP2DataPlot.m */; };
/* End PBXBuildFile section */

/* Begin PBXContainerItemProxy section */
		CF66EF3C18F93094002F68C6 /* PBXContainerItemProxy */ = {
			isa = PBXContainerItemProxy;
			containerPortal = CF66EF3618F93094002F68C6 /* CorePlot-CocoaTouch.xcodeproj */;
			proxyType = 2;
			remoteGlobalIDString = BC9B83470FB8A0A40035D8DA;
			remoteInfo = "CorePlot-CocoaTouch";
		};
		CF66EF3E18F9309E002F68C6 /* PBXContainerItemProxy */ = {
			isa = PBXContainerItemProxy;
			containerPortal = CF66EF3618F93094002F68C6 /* CorePlot-CocoaTouch.xcodeproj */;
			proxyType = 1;
			remoteGlobalIDString = BC9B83460FB8A0A40035D8DA;
			remoteInfo = "CorePlot-CocoaTouch";
		};
		CFA8A4F418FA186B00AF9B80 /* PBXContainerItemProxy */ = {
			isa = PBXContainerItemProxy;
			containerPortal = CFA8A4EE18FA186A00AF9B80 /* GPUImage.xcodeproj */;
			proxyType = 2;
			remoteGlobalIDString = BCF1A33414DDB1EC00852800;
			remoteInfo = GPUImage;
		};
		CFA8A4F618FA186B00AF9B80 /* PBXContainerItemProxy */ = {
			isa = PBXContainerItemProxy;
			containerPortal = CFA8A4EE18FA186A00AF9B80 /* GPUImage.xcodeproj */;
			proxyType = 2;
			remoteGlobalIDString = BCF1A34414DDB1EC00852800;
			remoteInfo = GPUImageTests;
		};
		CFA8A4F818FA187600AF9B80 /* PBXContainerItemProxy */ = {
			isa = PBXContainerItemProxy;
			containerPortal = CFA8A4EE18FA186A00AF9B80 /* GPUImage.xcodeproj */;
			proxyType = 1;
			remoteGlobalIDString = BCF1A33314DDB1EC00852800;
			remoteInfo = GPUImage;
		};
		CFDAC66718E1493D00EB609B /* PBXContainerItemProxy */ = {
			isa = PBXContainerItemProxy;
			containerPortal = CFDAC63318E1493D00EB609B /* Project object */;
			proxyType = 1;
			remoteGlobalIDString = CFDAC63A18E1493D00EB609B;
			remoteInfo = "APM Logger";
		};
/* End PBXContainerItemProxy section */

/* Begin PBXFileReference section */
		C60970A718E1F90C005D8683 /* libsqlite3.dylib */ = {isa = PBXFileReference; lastKnownFileType = "compiled.mach-o.dylib"; name = libsqlite3.dylib; path = usr/lib/libsqlite3.dylib; sourceTree = SDKROOT; };
		C61C21BE18E23E5E00C63517 /* VWWLogFileSummary.h */ = {isa = PBXFileReference; fileEncoding = 4; lastKnownFileType = sourcecode.c.h; path = VWWLogFileSummary.h; sourceTree = "<group>"; };
		C61C21BF18E23E5E00C63517 /* VWWLogFileSummary.m */ = {isa = PBXFileReference; fileEncoding = 4; lastKnownFileType = sourcecode.c.objc; path = VWWLogFileSummary.m; sourceTree = "<group>"; };
		C6877EE318E4AC1300016407 /* 2014-03-25 16-45-00_11.log */ = {isa = PBXFileReference; fileEncoding = 4; lastKnownFileType = text; path = "2014-03-25 16-45-00_11.log"; sourceTree = "<group>"; };
		C68780CF18E4E1A800016407 /* QuartzCore.framework */ = {isa = PBXFileReference; lastKnownFileType = wrapper.framework; name = QuartzCore.framework; path = System/Library/Frameworks/QuartzCore.framework; sourceTree = SDKROOT; };
		C68780D118E4E29400016407 /* Accelerate.framework */ = {isa = PBXFileReference; lastKnownFileType = wrapper.framework; name = Accelerate.framework; path = System/Library/Frameworks/Accelerate.framework; sourceTree = SDKROOT; };
		CF66EF3618F93094002F68C6 /* CorePlot-CocoaTouch.xcodeproj */ = {isa = PBXFileReference; lastKnownFileType = "wrapper.pb-project"; name = "CorePlot-CocoaTouch.xcodeproj"; path = "APM Logger/ThirdParty/CorePlot/CorePlot-CocoaTouch.xcodeproj"; sourceTree = "<group>"; };
		CFA8A49718F9E76300AF9B80 /* APM_iPhone.storyboard */ = {isa = PBXFileReference; fileEncoding = 4; lastKnownFileType = file.storyboard; path = APM_iPhone.storyboard; sourceTree = "<group>"; };
		CFA8A49C18F9FB7A00AF9B80 /* VWWTableViewController.h */ = {isa = PBXFileReference; fileEncoding = 4; lastKnownFileType = sourcecode.c.h; path = VWWTableViewController.h; sourceTree = "<group>"; };
		CFA8A49D18F9FB7A00AF9B80 /* VWWTableViewController.m */ = {isa = PBXFileReference; fileEncoding = 4; lastKnownFileType = sourcecode.c.objc; path = VWWTableViewController.m; sourceTree = "<group>"; };
		CFA8A49F18F9FB9100AF9B80 /* VWWViewController.h */ = {isa = PBXFileReference; fileEncoding = 4; lastKnownFileType = sourcecode.c.h; path = VWWViewController.h; sourceTree = "<group>"; };
		CFA8A4A018F9FB9100AF9B80 /* VWWViewController.m */ = {isa = PBXFileReference; fileEncoding = 4; lastKnownFileType = sourcecode.c.objc; path = VWWViewController.m; sourceTree = "<group>"; };
		CFA8A4A318F9FBD500AF9B80 /* VWWDashboardViewController.h */ = {isa = PBXFileReference; fileEncoding = 4; lastKnownFileType = sourcecode.c.h; path = VWWDashboardViewController.h; sourceTree = "<group>"; };
		CFA8A4A418F9FBD500AF9B80 /* VWWDashboardViewController.m */ = {isa = PBXFileReference; fileEncoding = 4; lastKnownFileType = sourcecode.c.objc; path = VWWDashboardViewController.m; sourceTree = "<group>"; };
		CFA8A4A718F9FBF800AF9B80 /* VWWLogsViewController.h */ = {isa = PBXFileReference; fileEncoding = 4; lastKnownFileType = sourcecode.c.h; path = VWWLogsViewController.h; sourceTree = "<group>"; };
		CFA8A4A818F9FBF800AF9B80 /* VWWLogsViewController.m */ = {isa = PBXFileReference; fileEncoding = 4; lastKnownFileType = sourcecode.c.objc; path = VWWLogsViewController.m; sourceTree = "<group>"; };
		CFA8A4AA18F9FC0300AF9B80 /* VWWLogViewController.h */ = {isa = PBXFileReference; fileEncoding = 4; lastKnownFileType = sourcecode.c.h; path = VWWLogViewController.h; sourceTree = "<group>"; };
		CFA8A4AB18F9FC0300AF9B80 /* VWWLogViewController.m */ = {isa = PBXFileReference; fileEncoding = 4; lastKnownFileType = sourcecode.c.objc; path = VWWLogViewController.m; sourceTree = "<group>"; };
		CFA8A4AD18F9FC3800AF9B80 /* VWWLogPlotViewController.h */ = {isa = PBXFileReference; fileEncoding = 4; lastKnownFileType = sourcecode.c.h; path = VWWLogPlotViewController.h; sourceTree = "<group>"; };
		CFA8A4AE18F9FC3800AF9B80 /* VWWLogPlotViewController.m */ = {isa = PBXFileReference; fileEncoding = 4; lastKnownFileType = sourcecode.c.objc; path = VWWLogPlotViewController.m; sourceTree = "<group>"; };
		CFA8A4B018F9FC4A00AF9B80 /* VWWKMLOptionsViewController.h */ = {isa = PBXFileReference; fileEncoding = 4; lastKnownFileType = sourcecode.c.h; path = VWWKMLOptionsViewController.h; sourceTree = "<group>"; };
		CFA8A4B118F9FC4A00AF9B80 /* VWWKMLOptionsViewController.m */ = {isa = PBXFileReference; fileEncoding = 4; lastKnownFileType = sourcecode.c.objc; path = VWWKMLOptionsViewController.m; sourceTree = "<group>"; };
		CFA8A4B418F9FC6700AF9B80 /* VWWTuningsViewController.h */ = {isa = PBXFileReference; fileEncoding = 4; lastKnownFileType = sourcecode.c.h; path = VWWTuningsViewController.h; sourceTree = "<group>"; };
		CFA8A4B518F9FC6700AF9B80 /* VWWTuningsViewController.m */ = {isa = PBXFileReference; fileEncoding = 4; lastKnownFileType = sourcecode.c.objc; path = VWWTuningsViewController.m; sourceTree = "<group>"; };
		CFA8A4B718F9FC7300AF9B80 /* VWWTuningViewController.h */ = {isa = PBXFileReference; fileEncoding = 4; lastKnownFileType = sourcecode.c.h; path = VWWTuningViewController.h; sourceTree = "<group>"; };
		CFA8A4B818F9FC7300AF9B80 /* VWWTuningViewController.m */ = {isa = PBXFileReference; fileEncoding = 4; lastKnownFileType = sourcecode.c.objc; path = VWWTuningViewController.m; sourceTree = "<group>"; };
		CFA8A4BA18F9FC8600AF9B80 /* VWWTuningOptionsViewController.h */ = {isa = PBXFileReference; fileEncoding = 4; lastKnownFileType = sourcecode.c.h; path = VWWTuningOptionsViewController.h; sourceTree = "<group>"; };
		CFA8A4BB18F9FC8600AF9B80 /* VWWTuningOptionsViewController.m */ = {isa = PBXFileReference; fileEncoding = 4; lastKnownFileType = sourcecode.c.objc; path = VWWTuningOptionsViewController.m; sourceTree = "<group>"; };
		CFA8A4BD18F9FC9F00AF9B80 /* VWWVideosViewController.h */ = {isa = PBXFileReference; fileEncoding = 4; lastKnownFileType = sourcecode.c.h; path = VWWVideosViewController.h; sourceTree = "<group>"; };
		CFA8A4BE18F9FC9F00AF9B80 /* VWWVideosViewController.m */ = {isa = PBXFileReference; fileEncoding = 4; lastKnownFileType = sourcecode.c.objc; path = VWWVideosViewController.m; sourceTree = "<group>"; };
		CFA8A4C118F9FCF000AF9B80 /* VWWVideoViewController.h */ = {isa = PBXFileReference; fileEncoding = 4; lastKnownFileType = sourcecode.c.h; path = VWWVideoViewController.h; sourceTree = "<group>"; };
		CFA8A4C218F9FCF000AF9B80 /* VWWVideoViewController.m */ = {isa = PBXFileReference; fileEncoding = 4; lastKnownFileType = sourcecode.c.objc; path = VWWVideoViewController.m; sourceTree = "<group>"; };
		CFA8A4C418F9FCFF00AF9B80 /* VWWVideoRecordOptionsViewController.h */ = {isa = PBXFileReference; fileEncoding = 4; lastKnownFileType = sourcecode.c.h; path = VWWVideoRecordOptionsViewController.h; sourceTree = "<group>"; };
		CFA8A4C518F9FCFF00AF9B80 /* VWWVideoRecordOptionsViewController.m */ = {isa = PBXFileReference; fileEncoding = 4; lastKnownFileType = sourcecode.c.objc; path = VWWVideoRecordOptionsViewController.m; sourceTree = "<group>"; };
		CFA8A4C718F9FD0F00AF9B80 /* VWWVideoEditViewController.h */ = {isa = PBXFileReference; fileEncoding = 4; lastKnownFileType = sourcecode.c.h; path = VWWVideoEditViewController.h; sourceTree = "<group>"; };
		CFA8A4C818F9FD0F00AF9B80 /* VWWVideoEditViewController.m */ = {isa = PBXFileReference; fileEncoding = 4; lastKnownFileType = sourcecode.c.objc; path = VWWVideoEditViewController.m; sourceTree = "<group>"; };
		CFA8A4CA18F9FD2000AF9B80 /* VWWVideoRecordViewController.h */ = {isa = PBXFileReference; fileEncoding = 4; lastKnownFileType = sourcecode.c.h; path = VWWVideoRecordViewController.h; sourceTree = "<group>"; };
		CFA8A4CB18F9FD2000AF9B80 /* VWWVideoRecordViewController.m */ = {isa = PBXFileReference; fileEncoding = 4; lastKnownFileType = sourcecode.c.objc; path = VWWVideoRecordViewController.m; sourceTree = "<group>"; };
		CFA8A4CE18F9FD3E00AF9B80 /* VWWResourcesViewController.h */ = {isa = PBXFileReference; fileEncoding = 4; lastKnownFileType = sourcecode.c.h; path = VWWResourcesViewController.h; sourceTree = "<group>"; };
		CFA8A4CF18F9FD3E00AF9B80 /* VWWResourcesViewController.m */ = {isa = PBXFileReference; fileEncoding = 4; lastKnownFileType = sourcecode.c.objc; path = VWWResourcesViewController.m; sourceTree = "<group>"; };
		CFA8A4D118F9FD4B00AF9B80 /* VWWWebViewController.h */ = {isa = PBXFileReference; fileEncoding = 4; lastKnownFileType = sourcecode.c.h; path = VWWWebViewController.h; sourceTree = "<group>"; };
		CFA8A4D218F9FD4B00AF9B80 /* VWWWebViewController.m */ = {isa = PBXFileReference; fileEncoding = 4; lastKnownFileType = sourcecode.c.objc; path = VWWWebViewController.m; sourceTree = "<group>"; };
		CFA8A4D518F9FD7A00AF9B80 /* VWWAboutViewController.h */ = {isa = PBXFileReference; fileEncoding = 4; lastKnownFileType = sourcecode.c.h; path = VWWAboutViewController.h; sourceTree = "<group>"; };
		CFA8A4D618F9FD7A00AF9B80 /* VWWAboutViewController.m */ = {isa = PBXFileReference; fileEncoding = 4; lastKnownFileType = sourcecode.c.objc; path = VWWAboutViewController.m; sourceTree = "<group>"; };
		CFA8A4D918F9FF0A00AF9B80 /* VWWDashboardCollectionViewCell.h */ = {isa = PBXFileReference; fileEncoding = 4; lastKnownFileType = sourcecode.c.h; path = VWWDashboardCollectionViewCell.h; sourceTree = "<group>"; };
		CFA8A4DA18F9FF0A00AF9B80 /* VWWDashboardCollectionViewCell.m */ = {isa = PBXFileReference; fileEncoding = 4; lastKnownFileType = sourcecode.c.objc; path = VWWDashboardCollectionViewCell.m; sourceTree = "<group>"; };
		CFA8A4DE18FA050B00AF9B80 /* VWWDetailTableViewController.h */ = {isa = PBXFileReference; fileEncoding = 4; lastKnownFileType = sourcecode.c.h; path = VWWDetailTableViewController.h; sourceTree = "<group>"; };
		CFA8A4DF18FA050B00AF9B80 /* VWWDetailTableViewController.m */ = {isa = PBXFileReference; fileEncoding = 4; lastKnownFileType = sourcecode.c.objc; path = VWWDetailTableViewController.m; sourceTree = "<group>"; };
		CFA8A4E018FA050B00AF9B80 /* VWWDetailViewController.h */ = {isa = PBXFileReference; fileEncoding = 4; lastKnownFileType = sourcecode.c.h; path = VWWDetailViewController.h; sourceTree = "<group>"; };
		CFA8A4E118FA050B00AF9B80 /* VWWDetailViewController.m */ = {isa = PBXFileReference; fileEncoding = 4; lastKnownFileType = sourcecode.c.objc; path = VWWDetailViewController.m; sourceTree = "<group>"; };
		CFA8A4E218FA050B00AF9B80 /* VWWMasterViewController.m */ = {isa = PBXFileReference; fileEncoding = 4; lastKnownFileType = sourcecode.c.objc; path = VWWMasterViewController.m; sourceTree = "<group>"; };
		CFA8A4E318FA050B00AF9B80 /* VWWMasterViewController.h */ = {isa = PBXFileReference; fileEncoding = 4; lastKnownFileType = sourcecode.c.h; path = VWWMasterViewController.h; sourceTree = "<group>"; };
		CFA8A4E718FA0F3800AF9B80 /* About */ = {isa = PBXFileReference; fileEncoding = 4; lastKnownFileType = text; path = About; sourceTree = "<group>"; };
		CFA8A4E918FA10C900AF9B80 /* VWWHelpViewController.h */ = {isa = PBXFileReference; fileEncoding = 4; lastKnownFileType = sourcecode.c.h; path = VWWHelpViewController.h; sourceTree = "<group>"; };
		CFA8A4EA18FA10C900AF9B80 /* VWWHelpViewController.m */ = {isa = PBXFileReference; fileEncoding = 4; lastKnownFileType = sourcecode.c.objc; path = VWWHelpViewController.m; sourceTree = "<group>"; };
		CFA8A4EE18FA186A00AF9B80 /* GPUImage.xcodeproj */ = {isa = PBXFileReference; lastKnownFileType = "wrapper.pb-project"; name = GPUImage.xcodeproj; path = "APM Logger/ThirdParty/GPUImage/GPUImage.xcodeproj"; sourceTree = "<group>"; };
		CFAD037418F3797F004F54EA /* FMDatabase.h */ = {isa = PBXFileReference; fileEncoding = 4; lastKnownFileType = sourcecode.c.h; path = FMDatabase.h; sourceTree = "<group>"; };
		CFAD037518F3797F004F54EA /* FMDatabase.m */ = {isa = PBXFileReference; fileEncoding = 4; lastKnownFileType = sourcecode.c.objc; path = FMDatabase.m; sourceTree = "<group>"; };
		CFAD037618F3797F004F54EA /* FMDatabaseAdditions.h */ = {isa = PBXFileReference; fileEncoding = 4; lastKnownFileType = sourcecode.c.h; path = FMDatabaseAdditions.h; sourceTree = "<group>"; };
		CFAD037718F3797F004F54EA /* FMDatabaseAdditions.m */ = {isa = PBXFileReference; fileEncoding = 4; lastKnownFileType = sourcecode.c.objc; path = FMDatabaseAdditions.m; sourceTree = "<group>"; };
		CFAD037818F3797F004F54EA /* FMDatabasePool.h */ = {isa = PBXFileReference; fileEncoding = 4; lastKnownFileType = sourcecode.c.h; path = FMDatabasePool.h; sourceTree = "<group>"; };
		CFAD037918F3797F004F54EA /* FMDatabasePool.m */ = {isa = PBXFileReference; fileEncoding = 4; lastKnownFileType = sourcecode.c.objc; path = FMDatabasePool.m; sourceTree = "<group>"; };
		CFAD037A18F3797F004F54EA /* FMDatabaseQueue.h */ = {isa = PBXFileReference; fileEncoding = 4; lastKnownFileType = sourcecode.c.h; path = FMDatabaseQueue.h; sourceTree = "<group>"; };
		CFAD037B18F3797F004F54EA /* FMDatabaseQueue.m */ = {isa = PBXFileReference; fileEncoding = 4; lastKnownFileType = sourcecode.c.objc; path = FMDatabaseQueue.m; sourceTree = "<group>"; };
		CFAD037C18F3797F004F54EA /* FMDB.h */ = {isa = PBXFileReference; fileEncoding = 4; lastKnownFileType = sourcecode.c.h; path = FMDB.h; sourceTree = "<group>"; };
		CFAD037D18F3797F004F54EA /* FMResultSet.h */ = {isa = PBXFileReference; fileEncoding = 4; lastKnownFileType = sourcecode.c.h; path = FMResultSet.h; sourceTree = "<group>"; };
		CFAD037E18F3797F004F54EA /* FMResultSet.m */ = {isa = PBXFileReference; fileEncoding = 4; lastKnownFileType = sourcecode.c.objc; path = FMResultSet.m; sourceTree = "<group>"; };
		CFAD038418F387F6004F54EA /* create_schema.txt */ = {isa = PBXFileReference; fileEncoding = 4; lastKnownFileType = text; path = create_schema.txt; sourceTree = "<group>"; };
		CFDAC63B18E1493D00EB609B /* APM Logger.app */ = {isa = PBXFileReference; explicitFileType = wrapper.application; includeInIndex = 0; path = "APM Logger.app"; sourceTree = BUILT_PRODUCTS_DIR; };
		CFDAC63E18E1493D00EB609B /* Foundation.framework */ = {isa = PBXFileReference; lastKnownFileType = wrapper.framework; name = Foundation.framework; path = System/Library/Frameworks/Foundation.framework; sourceTree = SDKROOT; };
		CFDAC64018E1493D00EB609B /* CoreGraphics.framework */ = {isa = PBXFileReference; lastKnownFileType = wrapper.framework; name = CoreGraphics.framework; path = System/Library/Frameworks/CoreGraphics.framework; sourceTree = SDKROOT; };
		CFDAC64218E1493D00EB609B /* UIKit.framework */ = {isa = PBXFileReference; lastKnownFileType = wrapper.framework; name = UIKit.framework; path = System/Library/Frameworks/UIKit.framework; sourceTree = SDKROOT; };
		CFDAC64618E1493D00EB609B /* APM Logger-Info.plist */ = {isa = PBXFileReference; lastKnownFileType = text.plist.xml; path = "APM Logger-Info.plist"; sourceTree = "<group>"; };
		CFDAC64818E1493D00EB609B /* en */ = {isa = PBXFileReference; lastKnownFileType = text.plist.strings; name = en; path = en.lproj/InfoPlist.strings; sourceTree = "<group>"; };
		CFDAC64A18E1493D00EB609B /* main.m */ = {isa = PBXFileReference; lastKnownFileType = sourcecode.c.objc; path = main.m; sourceTree = "<group>"; };
		CFDAC64C18E1493D00EB609B /* APM Logger-Prefix.pch */ = {isa = PBXFileReference; lastKnownFileType = sourcecode.c.h; path = "APM Logger-Prefix.pch"; sourceTree = "<group>"; };
		CFDAC64D18E1493D00EB609B /* VWWAppDelegate.h */ = {isa = PBXFileReference; lastKnownFileType = sourcecode.c.h; path = VWWAppDelegate.h; sourceTree = "<group>"; };
		CFDAC64E18E1493D00EB609B /* VWWAppDelegate.m */ = {isa = PBXFileReference; lastKnownFileType = sourcecode.c.objc; path = VWWAppDelegate.m; sourceTree = "<group>"; };
		CFDAC65C18E1493D00EB609B /* Images.xcassets */ = {isa = PBXFileReference; lastKnownFileType = folder.assetcatalog; path = Images.xcassets; sourceTree = "<group>"; };
		CFDAC66218E1493D00EB609B /* APM LoggerTests.xctest */ = {isa = PBXFileReference; explicitFileType = wrapper.cfbundle; includeInIndex = 0; path = "APM LoggerTests.xctest"; sourceTree = BUILT_PRODUCTS_DIR; };
		CFDAC66318E1493D00EB609B /* XCTest.framework */ = {isa = PBXFileReference; lastKnownFileType = wrapper.framework; name = XCTest.framework; path = Library/Frameworks/XCTest.framework; sourceTree = DEVELOPER_DIR; };
		CFDAC66B18E1493D00EB609B /* APM LoggerTests-Info.plist */ = {isa = PBXFileReference; lastKnownFileType = text.plist.xml; path = "APM LoggerTests-Info.plist"; sourceTree = "<group>"; };
		CFDAC66D18E1493D00EB609B /* en */ = {isa = PBXFileReference; lastKnownFileType = text.plist.strings; name = en; path = en.lproj/InfoPlist.strings; sourceTree = "<group>"; };
		CFDAC66F18E1493D00EB609B /* APM_LoggerTests.m */ = {isa = PBXFileReference; lastKnownFileType = sourcecode.c.objc; path = APM_LoggerTests.m; sourceTree = "<group>"; };
		CFDAC67A18E14A2A00EB609B /* NSTimer+Blocks.h */ = {isa = PBXFileReference; fileEncoding = 4; lastKnownFileType = sourcecode.c.h; path = "NSTimer+Blocks.h"; sourceTree = "<group>"; };
		CFDAC67B18E14A2A00EB609B /* NSTimer+Blocks.m */ = {isa = PBXFileReference; fileEncoding = 4; lastKnownFileType = sourcecode.c.objc; path = "NSTimer+Blocks.m"; sourceTree = "<group>"; };
		CFDAC69718E14A2A00EB609B /* VWWDataLogController.h */ = {isa = PBXFileReference; fileEncoding = 4; lastKnownFileType = sourcecode.c.h; path = VWWDataLogController.h; sourceTree = "<group>"; };
		CFDAC69818E14A2A00EB609B /* VWWDataLogController.m */ = {isa = PBXFileReference; fileEncoding = 4; lastKnownFileType = sourcecode.c.objc; path = VWWDataLogController.m; sourceTree = "<group>"; };
		CFDAC69918E14A2A00EB609B /* VWWFileController.h */ = {isa = PBXFileReference; fileEncoding = 4; lastKnownFileType = sourcecode.c.h; path = VWWFileController.h; sourceTree = "<group>"; };
		CFDAC69A18E14A2A00EB609B /* VWWFileController.m */ = {isa = PBXFileReference; fileEncoding = 4; lastKnownFileType = sourcecode.c.objc; path = VWWFileController.m; sourceTree = "<group>"; };
		CFDAC69B18E14A2A00EB609B /* VWWLocationController.h */ = {isa = PBXFileReference; fileEncoding = 4; lastKnownFileType = sourcecode.c.h; path = VWWLocationController.h; sourceTree = "<group>"; };
		CFDAC69C18E14A2A00EB609B /* VWWLocationController.m */ = {isa = PBXFileReference; fileEncoding = 4; lastKnownFileType = sourcecode.c.objc; path = VWWLocationController.m; sourceTree = "<group>"; };
		CFDAC69D18E14A2A00EB609B /* VWWMotionController.h */ = {isa = PBXFileReference; fileEncoding = 4; lastKnownFileType = sourcecode.c.h; path = VWWMotionController.h; sourceTree = "<group>"; };
		CFDAC69E18E14A2A00EB609B /* VWWMotionController.m */ = {isa = PBXFileReference; fileEncoding = 4; lastKnownFileType = sourcecode.c.objc; path = VWWMotionController.m; sourceTree = "<group>"; };
		CFDAC6A018E14A2A00EB609B /* 2014-03-07 19-23-15_13.kmz */ = {isa = PBXFileReference; lastKnownFileType = file; path = "2014-03-07 19-23-15_13.kmz"; sourceTree = "<group>"; };
		CFDAC6A118E14A2A00EB609B /* 2014-03-07 19-23-15_13.log */ = {isa = PBXFileReference; fileEncoding = 4; lastKnownFileType = text; path = "2014-03-07 19-23-15_13.log"; sourceTree = "<group>"; };
		CFDAC6A418E14A2A00EB609B /* 2014-03-07 19-23-15_15.kmz */ = {isa = PBXFileReference; lastKnownFileType = file; path = "2014-03-07 19-23-15_15.kmz"; sourceTree = "<group>"; };
		CFDAC6A518E14A2A00EB609B /* 2014-03-07 19-23-15_15.log */ = {isa = PBXFileReference; fileEncoding = 4; lastKnownFileType = text; path = "2014-03-07 19-23-15_15.log"; sourceTree = "<group>"; };
		CFDAC6A618E14A2A00EB609B /* readme.txt */ = {isa = PBXFileReference; fileEncoding = 4; lastKnownFileType = text; path = readme.txt; sourceTree = "<group>"; };
		CFDAC6A818E14A2A00EB609B /* VWWBlocks.h */ = {isa = PBXFileReference; fileEncoding = 4; lastKnownFileType = sourcecode.c.h; path = VWWBlocks.h; sourceTree = "<group>"; };
		CFDAC6A918E14A2A00EB609B /* VWWDefines.h */ = {isa = PBXFileReference; fileEncoding = 4; lastKnownFileType = sourcecode.c.h; path = VWWDefines.h; sourceTree = "<group>"; };
		CFDAC6AA18E14A2A00EB609B /* VWWTypes.h */ = {isa = PBXFileReference; fileEncoding = 4; lastKnownFileType = sourcecode.c.h; path = VWWTypes.h; sourceTree = "<group>"; };
		CFDAC6AC18E14A2A00EB609B /* VWWModelProtocol.h */ = {isa = PBXFileReference; fileEncoding = 4; lastKnownFileType = sourcecode.c.h; path = VWWModelProtocol.h; sourceTree = "<group>"; };
		CFDAC6AD18E14A2A00EB609B /* VWWMotion.h */ = {isa = PBXFileReference; fileEncoding = 4; lastKnownFileType = sourcecode.c.h; path = VWWMotion.h; sourceTree = "<group>"; };
		CFDAC6AE18E14A2A00EB609B /* VWWMotion.m */ = {isa = PBXFileReference; fileEncoding = 4; lastKnownFileType = sourcecode.c.objc; path = VWWMotion.m; sourceTree = "<group>"; };
		CFDAC6B018E14A2A00EB609B /* passThrough.fsh */ = {isa = PBXFileReference; fileEncoding = 4; lastKnownFileType = sourcecode.glsl; path = passThrough.fsh; sourceTree = "<group>"; };
		CFDAC6B118E14A2A00EB609B /* passThrough.vsh */ = {isa = PBXFileReference; fileEncoding = 4; lastKnownFileType = sourcecode.glsl; path = passThrough.vsh; sourceTree = "<group>"; };
		CFDAC6CF18E14A3300EB609B /* MBProgressHUD.h */ = {isa = PBXFileReference; fileEncoding = 4; lastKnownFileType = sourcecode.c.h; path = MBProgressHUD.h; sourceTree = "<group>"; };
		CFDAC6D018E14A3300EB609B /* MBProgressHUD.m */ = {isa = PBXFileReference; fileEncoding = 4; lastKnownFileType = sourcecode.c.objc; path = MBProgressHUD.m; sourceTree = "<group>"; };
		CFDAC6D218E14A3300EB609B /* ShaderUtilities.c */ = {isa = PBXFileReference; fileEncoding = 4; lastKnownFileType = sourcecode.c.c; path = ShaderUtilities.c; sourceTree = "<group>"; };
		CFDAC6D318E14A3300EB609B /* ShaderUtilities.h */ = {isa = PBXFileReference; fileEncoding = 4; lastKnownFileType = sourcecode.c.h; path = ShaderUtilities.h; sourceTree = "<group>"; };
		CFDAC6D418E14A3300EB609B /* VWWUserDefaults.h */ = {isa = PBXFileReference; fileEncoding = 4; lastKnownFileType = sourcecode.c.h; path = VWWUserDefaults.h; sourceTree = "<group>"; };
		CFDAC6D518E14A3300EB609B /* VWWUserDefaults.m */ = {isa = PBXFileReference; fileEncoding = 4; lastKnownFileType = sourcecode.c.objc; path = VWWUserDefaults.m; sourceTree = "<group>"; };
		CFDAC6D618E14A3300EB609B /* VWWUtilities.h */ = {isa = PBXFileReference; fileEncoding = 4; lastKnownFileType = sourcecode.c.h; path = VWWUtilities.h; sourceTree = "<group>"; };
		CFDAC6D718E14A3300EB609B /* VWWUtilities.m */ = {isa = PBXFileReference; fileEncoding = 4; lastKnownFileType = sourcecode.c.objc; path = VWWUtilities.m; sourceTree = "<group>"; };
		CFDAC6E318E14D3C00EB609B /* VWWVideoProcessor.h */ = {isa = PBXFileReference; fileEncoding = 4; lastKnownFileType = sourcecode.c.h; path = VWWVideoProcessor.h; sourceTree = "<group>"; };
		CFDAC6E418E14D3C00EB609B /* VWWVideoProcessor.m */ = {isa = PBXFileReference; fileEncoding = 4; lastKnownFileType = sourcecode.c.objc; path = VWWVideoProcessor.m; sourceTree = "<group>"; };
		CFDAC6E618E14D4500EB609B /* VWWVideoPreviewView.h */ = {isa = PBXFileReference; fileEncoding = 4; lastKnownFileType = sourcecode.c.h; path = VWWVideoPreviewView.h; sourceTree = "<group>"; };
		CFDAC6E718E14D4500EB609B /* VWWVideoPreviewView.m */ = {isa = PBXFileReference; fileEncoding = 4; lastKnownFileType = sourcecode.c.objc; path = VWWVideoPreviewView.m; sourceTree = "<group>"; };
		CFDAC6E918E1567300EB609B /* AP2DataPlotController.h */ = {isa = PBXFileReference; fileEncoding = 4; lastKnownFileType = sourcecode.c.h; path = AP2DataPlotController.h; sourceTree = "<group>"; };
		CFDAC6EA18E1567300EB609B /* AP2DataPlotController.m */ = {isa = PBXFileReference; fileEncoding = 4; lastKnownFileType = sourcecode.c.objc; path = AP2DataPlotController.m; sourceTree = "<group>"; };
		CFE20DA818E2613200D07DA4 /* AP2DataPlot.h */ = {isa = PBXFileReference; fileEncoding = 4; lastKnownFileType = sourcecode.c.h; path = AP2DataPlot.h; sourceTree = "<group>"; };
		CFE20DA918E2613200D07DA4 /* AP2DataPlot.m */ = {isa = PBXFileReference; fileEncoding = 4; lastKnownFileType = sourcecode.c.objc; path = AP2DataPlot.m; sourceTree = "<group>"; };
/* End PBXFileReference section */

/* Begin PBXFrameworksBuildPhase section */
		CFDAC63818E1493D00EB609B /* Frameworks */ = {
			isa = PBXFrameworksBuildPhase;
			buildActionMask = 2147483647;
			files = (
				C68780D218E4E29400016407 /* Accelerate.framework in Frameworks */,
				C68780D018E4E1A800016407 /* QuartzCore.framework in Frameworks */,
				CFA8A4FA18FA187E00AF9B80 /* libGPUImage.a in Frameworks */,
				C60970A818E1F90C005D8683 /* libsqlite3.dylib in Frameworks */,
				CF66EF4018F930A6002F68C6 /* libCorePlot-CocoaTouch.a in Frameworks */,
				CFDAC64118E1493D00EB609B /* CoreGraphics.framework in Frameworks */,
				CFDAC64318E1493D00EB609B /* UIKit.framework in Frameworks */,
				CFDAC63F18E1493D00EB609B /* Foundation.framework in Frameworks */,
			);
			runOnlyForDeploymentPostprocessing = 0;
		};
		CFDAC65F18E1493D00EB609B /* Frameworks */ = {
			isa = PBXFrameworksBuildPhase;
			buildActionMask = 2147483647;
			files = (
				CFDAC66418E1493D00EB609B /* XCTest.framework in Frameworks */,
				CFDAC66618E1493D00EB609B /* UIKit.framework in Frameworks */,
				CFDAC66518E1493D00EB609B /* Foundation.framework in Frameworks */,
			);
			runOnlyForDeploymentPostprocessing = 0;
		};
/* End PBXFrameworksBuildPhase section */

/* Begin PBXGroup section */
		CF66EF3718F93094002F68C6 /* Products */ = {
			isa = PBXGroup;
			children = (
				CF66EF3D18F93094002F68C6 /* libCorePlot-CocoaTouch.a */,
			);
			name = Products;
			sourceTree = "<group>";
		};
		CFA8A49B18F9FB5300AF9B80 /* Base */ = {
			isa = PBXGroup;
			children = (
				CFA8A4DE18FA050B00AF9B80 /* VWWDetailTableViewController.h */,
				CFA8A4DF18FA050B00AF9B80 /* VWWDetailTableViewController.m */,
				CFA8A4E018FA050B00AF9B80 /* VWWDetailViewController.h */,
				CFA8A4E118FA050B00AF9B80 /* VWWDetailViewController.m */,
				CFA8A4E318FA050B00AF9B80 /* VWWMasterViewController.h */,
				CFA8A4E218FA050B00AF9B80 /* VWWMasterViewController.m */,
				CFA8A49C18F9FB7A00AF9B80 /* VWWTableViewController.h */,
				CFA8A49D18F9FB7A00AF9B80 /* VWWTableViewController.m */,
				CFA8A49F18F9FB9100AF9B80 /* VWWViewController.h */,
				CFA8A4A018F9FB9100AF9B80 /* VWWViewController.m */,
			);
			name = Base;
			sourceTree = "<group>";
		};
		CFA8A4A218F9FBA200AF9B80 /* Dashboard */ = {
			isa = PBXGroup;
			children = (
				CFA8A4D818F9FEF600AF9B80 /* Cell */,
				CFA8A4A318F9FBD500AF9B80 /* VWWDashboardViewController.h */,
				CFA8A4A418F9FBD500AF9B80 /* VWWDashboardViewController.m */,
			);
			name = Dashboard;
			sourceTree = "<group>";
		};
		CFA8A4A618F9FBDC00AF9B80 /* Logs */ = {
			isa = PBXGroup;
			children = (
				CFA8A4A718F9FBF800AF9B80 /* VWWLogsViewController.h */,
				CFA8A4A818F9FBF800AF9B80 /* VWWLogsViewController.m */,
				CFA8A4AA18F9FC0300AF9B80 /* VWWLogViewController.h */,
				CFA8A4AB18F9FC0300AF9B80 /* VWWLogViewController.m */,
				CFA8A4AD18F9FC3800AF9B80 /* VWWLogPlotViewController.h */,
				CFA8A4AE18F9FC3800AF9B80 /* VWWLogPlotViewController.m */,
				CFA8A4B018F9FC4A00AF9B80 /* VWWKMLOptionsViewController.h */,
				CFA8A4B118F9FC4A00AF9B80 /* VWWKMLOptionsViewController.m */,
			);
			name = Logs;
			sourceTree = "<group>";
		};
		CFA8A4B318F9FC5700AF9B80 /* Tuning */ = {
			isa = PBXGroup;
			children = (
				CFA8A4B418F9FC6700AF9B80 /* VWWTuningsViewController.h */,
				CFA8A4B518F9FC6700AF9B80 /* VWWTuningsViewController.m */,
				CFA8A4B718F9FC7300AF9B80 /* VWWTuningViewController.h */,
				CFA8A4B818F9FC7300AF9B80 /* VWWTuningViewController.m */,
				CFA8A4BA18F9FC8600AF9B80 /* VWWTuningOptionsViewController.h */,
				CFA8A4BB18F9FC8600AF9B80 /* VWWTuningOptionsViewController.m */,
			);
			name = Tuning;
			sourceTree = "<group>";
		};
		CFA8A4C018F9FCA500AF9B80 /* Video */ = {
			isa = PBXGroup;
			children = (
				CFA8A4BD18F9FC9F00AF9B80 /* VWWVideosViewController.h */,
				CFA8A4BE18F9FC9F00AF9B80 /* VWWVideosViewController.m */,
				CFA8A4C118F9FCF000AF9B80 /* VWWVideoViewController.h */,
				CFA8A4C218F9FCF000AF9B80 /* VWWVideoViewController.m */,
				CFA8A4C418F9FCFF00AF9B80 /* VWWVideoRecordOptionsViewController.h */,
				CFA8A4C518F9FCFF00AF9B80 /* VWWVideoRecordOptionsViewController.m */,
				CFA8A4C718F9FD0F00AF9B80 /* VWWVideoEditViewController.h */,
				CFA8A4C818F9FD0F00AF9B80 /* VWWVideoEditViewController.m */,
				CFA8A4CA18F9FD2000AF9B80 /* VWWVideoRecordViewController.h */,
				CFA8A4CB18F9FD2000AF9B80 /* VWWVideoRecordViewController.m */,
			);
			name = Video;
			sourceTree = "<group>";
		};
		CFA8A4CD18F9FD2A00AF9B80 /* Resources */ = {
			isa = PBXGroup;
			children = (
				CFA8A4CE18F9FD3E00AF9B80 /* VWWResourcesViewController.h */,
				CFA8A4CF18F9FD3E00AF9B80 /* VWWResourcesViewController.m */,
				CFA8A4D118F9FD4B00AF9B80 /* VWWWebViewController.h */,
				CFA8A4D218F9FD4B00AF9B80 /* VWWWebViewController.m */,
			);
			name = Resources;
			sourceTree = "<group>";
		};
		CFA8A4D418F9FD5200AF9B80 /* About */ = {
			isa = PBXGroup;
			children = (
				CFA8A4D518F9FD7A00AF9B80 /* VWWAboutViewController.h */,
				CFA8A4D618F9FD7A00AF9B80 /* VWWAboutViewController.m */,
			);
			name = About;
			sourceTree = "<group>";
		};
		CFA8A4D818F9FEF600AF9B80 /* Cell */ = {
			isa = PBXGroup;
			children = (
				CFA8A4D918F9FF0A00AF9B80 /* VWWDashboardCollectionViewCell.h */,
				CFA8A4DA18F9FF0A00AF9B80 /* VWWDashboardCollectionViewCell.m */,
			);
			name = Cell;
			sourceTree = "<group>";
		};
		CFA8A4EC18FA10CC00AF9B80 /* Help */ = {
			isa = PBXGroup;
			children = (
				CFA8A4E918FA10C900AF9B80 /* VWWHelpViewController.h */,
				CFA8A4EA18FA10C900AF9B80 /* VWWHelpViewController.m */,
			);
			name = Help;
			sourceTree = "<group>";
		};
		CFA8A4EF18FA186A00AF9B80 /* Products */ = {
			isa = PBXGroup;
			children = (
				CFA8A4F518FA186B00AF9B80 /* libGPUImage.a */,
				CFA8A4F718FA186B00AF9B80 /* GPUImageTests.octest */,
			);
			name = Products;
			sourceTree = "<group>";
		};
		CFAD037318F3797F004F54EA /* FMDB */ = {
			isa = PBXGroup;
			children = (
				CFAD037418F3797F004F54EA /* FMDatabase.h */,
				CFAD037518F3797F004F54EA /* FMDatabase.m */,
				CFAD037618F3797F004F54EA /* FMDatabaseAdditions.h */,
				CFAD037718F3797F004F54EA /* FMDatabaseAdditions.m */,
				CFAD037818F3797F004F54EA /* FMDatabasePool.h */,
				CFAD037918F3797F004F54EA /* FMDatabasePool.m */,
				CFAD037A18F3797F004F54EA /* FMDatabaseQueue.h */,
				CFAD037B18F3797F004F54EA /* FMDatabaseQueue.m */,
				CFAD037C18F3797F004F54EA /* FMDB.h */,
				CFAD037D18F3797F004F54EA /* FMResultSet.h */,
				CFAD037E18F3797F004F54EA /* FMResultSet.m */,
			);
			path = FMDB;
			sourceTree = "<group>";
		};
		CFDAC63218E1493D00EB609B = {
			isa = PBXGroup;
			children = (
				CFA8A4EE18FA186A00AF9B80 /* GPUImage.xcodeproj */,
				CF66EF3618F93094002F68C6 /* CorePlot-CocoaTouch.xcodeproj */,
				CFDAC64418E1493D00EB609B /* APM Logger */,
				CFDAC66918E1493D00EB609B /* APM LoggerTests */,
				CFDAC63D18E1493D00EB609B /* Frameworks */,
				CFDAC63C18E1493D00EB609B /* Products */,
			);
			sourceTree = "<group>";
		};
		CFDAC63C18E1493D00EB609B /* Products */ = {
			isa = PBXGroup;
			children = (
				CFDAC63B18E1493D00EB609B /* APM Logger.app */,
				CFDAC66218E1493D00EB609B /* APM LoggerTests.xctest */,
			);
			name = Products;
			sourceTree = "<group>";
		};
		CFDAC63D18E1493D00EB609B /* Frameworks */ = {
			isa = PBXGroup;
			children = (
				C68780D118E4E29400016407 /* Accelerate.framework */,
				C68780CF18E4E1A800016407 /* QuartzCore.framework */,
				C60970A718E1F90C005D8683 /* libsqlite3.dylib */,
				CFDAC63E18E1493D00EB609B /* Foundation.framework */,
				CFDAC64018E1493D00EB609B /* CoreGraphics.framework */,
				CFDAC64218E1493D00EB609B /* UIKit.framework */,
				CFDAC66318E1493D00EB609B /* XCTest.framework */,
			);
			name = Frameworks;
			sourceTree = "<group>";
		};
		CFDAC64418E1493D00EB609B /* APM Logger */ = {
			isa = PBXGroup;
			children = (
				CFDAC67918E14A2A00EB609B /* Categories */,
				CFDAC67C18E14A2A00EB609B /* Controllers */,
				CFDAC69F18E14A2A00EB609B /* Documents */,
				CFDAC65C18E1493D00EB609B /* Images.xcassets */,
				CFDAC6A718E14A2A00EB609B /* Include */,
				CFDAC6AB18E14A2A00EB609B /* Model */,
				CFDAC6AF18E14A2A00EB609B /* Shaders */,
				CFDAC64518E1493D00EB609B /* Supporting Files */,
				CFDAC6CD18E14A3300EB609B /* ThirdParty */,
				CFE20DAB18E2619900D07DA4 /* UserInterface */,
				CFDAC6D118E14A3300EB609B /* Utilities */,
				CFDAC6D818E14A3300EB609B /* View */,
			);
			path = "APM Logger";
			sourceTree = "<group>";
		};
		CFDAC64518E1493D00EB609B /* Supporting Files */ = {
			isa = PBXGroup;
			children = (
				CFDAC64618E1493D00EB609B /* APM Logger-Info.plist */,
				CFDAC64718E1493D00EB609B /* InfoPlist.strings */,
				CFDAC64A18E1493D00EB609B /* main.m */,
				CFDAC64C18E1493D00EB609B /* APM Logger-Prefix.pch */,
				CFDAC64D18E1493D00EB609B /* VWWAppDelegate.h */,
				CFDAC64E18E1493D00EB609B /* VWWAppDelegate.m */,
			);
			name = "Supporting Files";
			sourceTree = "<group>";
		};
		CFDAC66918E1493D00EB609B /* APM LoggerTests */ = {
			isa = PBXGroup;
			children = (
				CFDAC66F18E1493D00EB609B /* APM_LoggerTests.m */,
				CFDAC66A18E1493D00EB609B /* Supporting Files */,
			);
			path = "APM LoggerTests";
			sourceTree = "<group>";
		};
		CFDAC66A18E1493D00EB609B /* Supporting Files */ = {
			isa = PBXGroup;
			children = (
				CFDAC66B18E1493D00EB609B /* APM LoggerTests-Info.plist */,
				CFDAC66C18E1493D00EB609B /* InfoPlist.strings */,
			);
			name = "Supporting Files";
			sourceTree = "<group>";
		};
		CFDAC67918E14A2A00EB609B /* Categories */ = {
			isa = PBXGroup;
			children = (
				CFDAC67A18E14A2A00EB609B /* NSTimer+Blocks.h */,
				CFDAC67B18E14A2A00EB609B /* NSTimer+Blocks.m */,
			);
			path = Categories;
			sourceTree = "<group>";
		};
		CFDAC67C18E14A2A00EB609B /* Controllers */ = {
			isa = PBXGroup;
			children = (
				CFDAC67D18E14A2A00EB609B /* GUI */,
				CFDAC69418E14A2A00EB609B /* NonGUI */,
			);
			path = Controllers;
			sourceTree = "<group>";
		};
		CFDAC67D18E14A2A00EB609B /* GUI */ = {
			isa = PBXGroup;
			children = (
				CFA8A4D418F9FD5200AF9B80 /* About */,
				CFA8A49B18F9FB5300AF9B80 /* Base */,
				CFA8A4A218F9FBA200AF9B80 /* Dashboard */,
				CFA8A4EC18FA10CC00AF9B80 /* Help */,
				CFA8A4A618F9FBDC00AF9B80 /* Logs */,
				CFA8A4CD18F9FD2A00AF9B80 /* Resources */,
				CFA8A4B318F9FC5700AF9B80 /* Tuning */,
				CFA8A4C018F9FCA500AF9B80 /* Video */,
			);
			path = GUI;
			sourceTree = "<group>";
		};
		CFDAC69418E14A2A00EB609B /* NonGUI */ = {
			isa = PBXGroup;
			children = (
				CFDAC6E318E14D3C00EB609B /* VWWVideoProcessor.h */,
				CFDAC6E418E14D3C00EB609B /* VWWVideoProcessor.m */,
				CFDAC69718E14A2A00EB609B /* VWWDataLogController.h */,
				CFDAC69818E14A2A00EB609B /* VWWDataLogController.m */,
				CFDAC69918E14A2A00EB609B /* VWWFileController.h */,
				CFDAC69A18E14A2A00EB609B /* VWWFileController.m */,
				CFDAC69B18E14A2A00EB609B /* VWWLocationController.h */,
				CFDAC69C18E14A2A00EB609B /* VWWLocationController.m */,
				CFDAC69D18E14A2A00EB609B /* VWWMotionController.h */,
				CFDAC69E18E14A2A00EB609B /* VWWMotionController.m */,
				CFDAC6E918E1567300EB609B /* AP2DataPlotController.h */,
				CFDAC6EA18E1567300EB609B /* AP2DataPlotController.m */,
			);
			path = NonGUI;
			sourceTree = "<group>";
		};
		CFDAC69F18E14A2A00EB609B /* Documents */ = {
			isa = PBXGroup;
			children = (
				CFAD038418F387F6004F54EA /* create_schema.txt */,
				C6877EE318E4AC1300016407 /* 2014-03-25 16-45-00_11.log */,
				CFDAC6A018E14A2A00EB609B /* 2014-03-07 19-23-15_13.kmz */,
				CFDAC6A118E14A2A00EB609B /* 2014-03-07 19-23-15_13.log */,
				CFDAC6A418E14A2A00EB609B /* 2014-03-07 19-23-15_15.kmz */,
				CFDAC6A518E14A2A00EB609B /* 2014-03-07 19-23-15_15.log */,
				CFDAC6A618E14A2A00EB609B /* readme.txt */,
				CFA8A4E718FA0F3800AF9B80 /* About */,
			);
			path = Documents;
			sourceTree = "<group>";
		};
		CFDAC6A718E14A2A00EB609B /* Include */ = {
			isa = PBXGroup;
			children = (
				CFDAC6A818E14A2A00EB609B /* VWWBlocks.h */,
				CFDAC6A918E14A2A00EB609B /* VWWDefines.h */,
				CFDAC6AA18E14A2A00EB609B /* VWWTypes.h */,
			);
			path = Include;
			sourceTree = "<group>";
		};
		CFDAC6AB18E14A2A00EB609B /* Model */ = {
			isa = PBXGroup;
			children = (
				CFDAC6AC18E14A2A00EB609B /* VWWModelProtocol.h */,
				CFDAC6AD18E14A2A00EB609B /* VWWMotion.h */,
				CFDAC6AE18E14A2A00EB609B /* VWWMotion.m */,
				C61C21BE18E23E5E00C63517 /* VWWLogFileSummary.h */,
				C61C21BF18E23E5E00C63517 /* VWWLogFileSummary.m */,
				CFE20DA818E2613200D07DA4 /* AP2DataPlot.h */,
				CFE20DA918E2613200D07DA4 /* AP2DataPlot.m */,
			);
			path = Model;
			sourceTree = "<group>";
		};
		CFDAC6AF18E14A2A00EB609B /* Shaders */ = {
			isa = PBXGroup;
			children = (
				CFDAC6B018E14A2A00EB609B /* passThrough.fsh */,
				CFDAC6B118E14A2A00EB609B /* passThrough.vsh */,
			);
			path = Shaders;
			sourceTree = "<group>";
		};
		CFDAC6CD18E14A3300EB609B /* ThirdParty */ = {
			isa = PBXGroup;
			children = (
				CFAD037318F3797F004F54EA /* FMDB */,
				CFDAC6CE18E14A3300EB609B /* MBProgressHUD */,
			);
			path = ThirdParty;
			sourceTree = "<group>";
		};
		CFDAC6CE18E14A3300EB609B /* MBProgressHUD */ = {
			isa = PBXGroup;
			children = (
				CFDAC6CF18E14A3300EB609B /* MBProgressHUD.h */,
				CFDAC6D018E14A3300EB609B /* MBProgressHUD.m */,
			);
			path = MBProgressHUD;
			sourceTree = "<group>";
		};
		CFDAC6D118E14A3300EB609B /* Utilities */ = {
			isa = PBXGroup;
			children = (
				CFDAC6D218E14A3300EB609B /* ShaderUtilities.c */,
				CFDAC6D318E14A3300EB609B /* ShaderUtilities.h */,
				CFDAC6D418E14A3300EB609B /* VWWUserDefaults.h */,
				CFDAC6D518E14A3300EB609B /* VWWUserDefaults.m */,
				CFDAC6D618E14A3300EB609B /* VWWUtilities.h */,
				CFDAC6D718E14A3300EB609B /* VWWUtilities.m */,
			);
			path = Utilities;
			sourceTree = "<group>";
		};
		CFDAC6D818E14A3300EB609B /* View */ = {
			isa = PBXGroup;
			children = (
				CFDAC6E618E14D4500EB609B /* VWWVideoPreviewView.h */,
				CFDAC6E718E14D4500EB609B /* VWWVideoPreviewView.m */,
			);
			path = View;
			sourceTree = "<group>";
		};
		CFE20DAB18E2619900D07DA4 /* UserInterface */ = {
			isa = PBXGroup;
			children = (
				CFA8A49718F9E76300AF9B80 /* APM_iPhone.storyboard */,
			);
			name = UserInterface;
			sourceTree = "<group>";
		};
/* End PBXGroup section */

/* Begin PBXNativeTarget section */
		CFDAC63A18E1493D00EB609B /* APM Logger */ = {
			isa = PBXNativeTarget;
			buildConfigurationList = CFDAC67318E1493D00EB609B /* Build configuration list for PBXNativeTarget "APM Logger" */;
			buildPhases = (
				CFDAC63718E1493D00EB609B /* Sources */,
				CFDAC63818E1493D00EB609B /* Frameworks */,
				CFDAC63918E1493D00EB609B /* Resources */,
			);
			buildRules = (
			);
			dependencies = (
				CFA8A4F918FA187600AF9B80 /* PBXTargetDependency */,
				CF66EF3F18F9309E002F68C6 /* PBXTargetDependency */,
			);
			name = "APM Logger";
			productName = "APM Logger";
			productReference = CFDAC63B18E1493D00EB609B /* APM Logger.app */;
			productType = "com.apple.product-type.application";
		};
		CFDAC66118E1493D00EB609B /* APM LoggerTests */ = {
			isa = PBXNativeTarget;
			buildConfigurationList = CFDAC67618E1493D00EB609B /* Build configuration list for PBXNativeTarget "APM LoggerTests" */;
			buildPhases = (
				CFDAC65E18E1493D00EB609B /* Sources */,
				CFDAC65F18E1493D00EB609B /* Frameworks */,
				CFDAC66018E1493D00EB609B /* Resources */,
			);
			buildRules = (
			);
			dependencies = (
				CFDAC66818E1493D00EB609B /* PBXTargetDependency */,
			);
			name = "APM LoggerTests";
			productName = "APM LoggerTests";
			productReference = CFDAC66218E1493D00EB609B /* APM LoggerTests.xctest */;
			productType = "com.apple.product-type.bundle.unit-test";
		};
/* End PBXNativeTarget section */

/* Begin PBXProject section */
		CFDAC63318E1493D00EB609B /* Project object */ = {
			isa = PBXProject;
			attributes = {
				CLASSPREFIX = VWW;
				LastUpgradeCheck = 0510;
				ORGANIZATIONNAME = "Zakk Hoyt";
				TargetAttributes = {
					CFDAC66118E1493D00EB609B = {
						TestTargetID = CFDAC63A18E1493D00EB609B;
					};
				};
			};
			buildConfigurationList = CFDAC63618E1493D00EB609B /* Build configuration list for PBXProject "APM Logger" */;
			compatibilityVersion = "Xcode 3.2";
			developmentRegion = English;
			hasScannedForEncodings = 0;
			knownRegions = (
				en,
				Base,
			);
			mainGroup = CFDAC63218E1493D00EB609B;
			productRefGroup = CFDAC63C18E1493D00EB609B /* Products */;
			projectDirPath = "";
			projectReferences = (
				{
					ProductGroup = CF66EF3718F93094002F68C6 /* Products */;
					ProjectRef = CF66EF3618F93094002F68C6 /* CorePlot-CocoaTouch.xcodeproj */;
				},
				{
					ProductGroup = CFA8A4EF18FA186A00AF9B80 /* Products */;
					ProjectRef = CFA8A4EE18FA186A00AF9B80 /* GPUImage.xcodeproj */;
				},
			);
			projectRoot = "";
			targets = (
				CFDAC63A18E1493D00EB609B /* APM Logger */,
				CFDAC66118E1493D00EB609B /* APM LoggerTests */,
			);
		};
/* End PBXProject section */

/* Begin PBXReferenceProxy section */
		CF66EF3D18F93094002F68C6 /* libCorePlot-CocoaTouch.a */ = {
			isa = PBXReferenceProxy;
			fileType = archive.ar;
			path = "libCorePlot-CocoaTouch.a";
			remoteRef = CF66EF3C18F93094002F68C6 /* PBXContainerItemProxy */;
			sourceTree = BUILT_PRODUCTS_DIR;
		};
		CFA8A4F518FA186B00AF9B80 /* libGPUImage.a */ = {
			isa = PBXReferenceProxy;
			fileType = archive.ar;
			path = libGPUImage.a;
			remoteRef = CFA8A4F418FA186B00AF9B80 /* PBXContainerItemProxy */;
			sourceTree = BUILT_PRODUCTS_DIR;
		};
		CFA8A4F718FA186B00AF9B80 /* GPUImageTests.octest */ = {
			isa = PBXReferenceProxy;
			fileType = wrapper.cfbundle;
			path = GPUImageTests.octest;
			remoteRef = CFA8A4F618FA186B00AF9B80 /* PBXContainerItemProxy */;
			sourceTree = BUILT_PRODUCTS_DIR;
		};
/* End PBXReferenceProxy section */

/* Begin PBXResourcesBuildPhase section */
		CFDAC63918E1493D00EB609B /* Resources */ = {
			isa = PBXResourcesBuildPhase;
			buildActionMask = 2147483647;
			files = (
				CFAD038518F387F6004F54EA /* create_schema.txt in Resources */,
				CFDAC6C718E14A2A00EB609B /* 2014-03-07 19-23-15_15.kmz in Resources */,
				CFDAC65D18E1493D00EB609B /* Images.xcassets in Resources */,
				CFA8A49818F9E76300AF9B80 /* APM_iPhone.storyboard in Resources */,
				CFDAC6CC18E14A2A00EB609B /* passThrough.vsh in Resources */,
				CFDAC6C918E14A2A00EB609B /* readme.txt in Resources */,
				C6877EE418E4AC1300016407 /* 2014-03-25 16-45-00_11.log in Resources */,
				CFA8A4E818FA0F3800AF9B80 /* About in Resources */,
				CFDAC6CB18E14A2A00EB609B /* passThrough.fsh in Resources */,
				CFDAC64918E1493D00EB609B /* InfoPlist.strings in Resources */,
				CFDAC6C318E14A2A00EB609B /* 2014-03-07 19-23-15_13.kmz in Resources */,
				CFDAC6C418E14A2A00EB609B /* 2014-03-07 19-23-15_13.log in Resources */,
				CFDAC6C818E14A2A00EB609B /* 2014-03-07 19-23-15_15.log in Resources */,
			);
			runOnlyForDeploymentPostprocessing = 0;
		};
		CFDAC66018E1493D00EB609B /* Resources */ = {
			isa = PBXResourcesBuildPhase;
			buildActionMask = 2147483647;
			files = (
				CFDAC66E18E1493D00EB609B /* InfoPlist.strings in Resources */,
			);
			runOnlyForDeploymentPostprocessing = 0;
		};
/* End PBXResourcesBuildPhase section */

/* Begin PBXSourcesBuildPhase section */
		CFDAC63718E1493D00EB609B /* Sources */ = {
			isa = PBXSourcesBuildPhase;
			buildActionMask = 2147483647;
			files = (
				CFA8A4AC18F9FC0300AF9B80 /* VWWLogViewController.m in Sources */,
				CFA8A4C918F9FD0F00AF9B80 /* VWWVideoEditViewController.m in Sources */,
				CFDAC6EB18E1567300EB609B /* AP2DataPlotController.m in Sources */,
				CFDAC6C018E14A2A00EB609B /* VWWFileController.m in Sources */,
				CFA8A4BC18F9FC8600AF9B80 /* VWWTuningOptionsViewController.m in Sources */,
				CFA8A4EB18FA10C900AF9B80 /* VWWHelpViewController.m in Sources */,
				CFDAC6DB18E14A3300EB609B /* MBProgressHUD.m in Sources */,
				CFAD038318F3797F004F54EA /* FMResultSet.m in Sources */,
				C61C21C018E23E5E00C63517 /* VWWLogFileSummary.m in Sources */,
				CFDAC6DC18E14A3300EB609B /* ShaderUtilities.c in Sources */,
				CFA8A49E18F9FB7A00AF9B80 /* VWWTableViewController.m in Sources */,
				CFA8A4C618F9FCFF00AF9B80 /* VWWVideoRecordOptionsViewController.m in Sources */,
				CFA8A4AF18F9FC3800AF9B80 /* VWWLogPlotViewController.m in Sources */,
				CFAD038218F3797F004F54EA /* FMDatabaseQueue.m in Sources */,
				CFA8A4DB18F9FF0A00AF9B80 /* VWWDashboardCollectionViewCell.m in Sources */,
				CFE20DAA18E2613200D07DA4 /* AP2DataPlot.m in Sources */,
				CFDAC6CA18E14A2A00EB609B /* VWWMotion.m in Sources */,
				CFA8A4A118F9FB9100AF9B80 /* VWWViewController.m in Sources */,
				CFA8A4E518FA050B00AF9B80 /* VWWDetailViewController.m in Sources */,
				CFA8A4B618F9FC6700AF9B80 /* VWWTuningsViewController.m in Sources */,
				CFA8A4B218F9FC4A00AF9B80 /* VWWKMLOptionsViewController.m in Sources */,
				CFA8A4A918F9FBF800AF9B80 /* VWWLogsViewController.m in Sources */,
				CFAD037F18F3797F004F54EA /* FMDatabase.m in Sources */,
				CFA8A4B918F9FC7300AF9B80 /* VWWTuningViewController.m in Sources */,
				CFA8A4BF18F9FC9F00AF9B80 /* VWWVideosViewController.m in Sources */,
				CFA8A4D718F9FD7A00AF9B80 /* VWWAboutViewController.m in Sources */,
				CFA8A4A518F9FBD500AF9B80 /* VWWDashboardViewController.m in Sources */,
				CFDAC64B18E1493D00EB609B /* main.m in Sources */,
				CFA8A4CC18F9FD2000AF9B80 /* VWWVideoRecordViewController.m in Sources */,
				CFA8A4E618FA050B00AF9B80 /* VWWMasterViewController.m in Sources */,
				CFA8A4D318F9FD4B00AF9B80 /* VWWWebViewController.m in Sources */,
				CFDAC64F18E1493D00EB609B /* VWWAppDelegate.m in Sources */,
				CFDAC6DD18E14A3300EB609B /* VWWUserDefaults.m in Sources */,
				CFA8A4D018F9FD3E00AF9B80 /* VWWResourcesViewController.m in Sources */,
				CFDAC6E518E14D3C00EB609B /* VWWVideoProcessor.m in Sources */,
				CFDAC6E818E14D4500EB609B /* VWWVideoPreviewView.m in Sources */,
				CFDAC6DE18E14A3300EB609B /* VWWUtilities.m in Sources */,
				CFDAC6C218E14A2A00EB609B /* VWWMotionController.m in Sources */,
				CFDAC6B218E14A2A00EB609B /* NSTimer+Blocks.m in Sources */,
				CFAD038018F3797F004F54EA /* FMDatabaseAdditions.m in Sources */,
				CFA8A4E418FA050B00AF9B80 /* VWWDetailTableViewController.m in Sources */,
				CFDAC6BF18E14A2A00EB609B /* VWWDataLogController.m in Sources */,
				CFA8A4C318F9FCF000AF9B80 /* VWWVideoViewController.m in Sources */,
				CFDAC6C118E14A2A00EB609B /* VWWLocationController.m in Sources */,
				CFAD038118F3797F004F54EA /* FMDatabasePool.m in Sources */,
			);
			runOnlyForDeploymentPostprocessing = 0;
		};
		CFDAC65E18E1493D00EB609B /* Sources */ = {
			isa = PBXSourcesBuildPhase;
			buildActionMask = 2147483647;
			files = (
				CFDAC67018E1493D00EB609B /* APM_LoggerTests.m in Sources */,
			);
			runOnlyForDeploymentPostprocessing = 0;
		};
/* End PBXSourcesBuildPhase section */

/* Begin PBXTargetDependency section */
		CF66EF3F18F9309E002F68C6 /* PBXTargetDependency */ = {
			isa = PBXTargetDependency;
			name = "CorePlot-CocoaTouch";
			targetProxy = CF66EF3E18F9309E002F68C6 /* PBXContainerItemProxy */;
		};
		CFA8A4F918FA187600AF9B80 /* PBXTargetDependency */ = {
			isa = PBXTargetDependency;
			name = GPUImage;
			targetProxy = CFA8A4F818FA187600AF9B80 /* PBXContainerItemProxy */;
		};
		CFDAC66818E1493D00EB609B /* PBXTargetDependency */ = {
			isa = PBXTargetDependency;
			target = CFDAC63A18E1493D00EB609B /* APM Logger */;
			targetProxy = CFDAC66718E1493D00EB609B /* PBXContainerItemProxy */;
		};
/* End PBXTargetDependency section */

/* Begin PBXVariantGroup section */
		CFDAC64718E1493D00EB609B /* InfoPlist.strings */ = {
			isa = PBXVariantGroup;
			children = (
				CFDAC64818E1493D00EB609B /* en */,
			);
			name = InfoPlist.strings;
			sourceTree = "<group>";
		};
		CFDAC66C18E1493D00EB609B /* InfoPlist.strings */ = {
			isa = PBXVariantGroup;
			children = (
				CFDAC66D18E1493D00EB609B /* en */,
			);
			name = InfoPlist.strings;
			sourceTree = "<group>";
		};
/* End PBXVariantGroup section */

/* Begin XCBuildConfiguration section */
		CFDAC67118E1493D00EB609B /* Debug */ = {
			isa = XCBuildConfiguration;
			buildSettings = {
				ALWAYS_SEARCH_USER_PATHS = NO;
				CLANG_CXX_LANGUAGE_STANDARD = "gnu++0x";
				CLANG_CXX_LIBRARY = "libc++";
				CLANG_ENABLE_MODULES = YES;
				CLANG_ENABLE_OBJC_ARC = YES;
				CLANG_WARN_BOOL_CONVERSION = YES;
				CLANG_WARN_CONSTANT_CONVERSION = YES;
				CLANG_WARN_DIRECT_OBJC_ISA_USAGE = YES_ERROR;
				CLANG_WARN_EMPTY_BODY = YES;
				CLANG_WARN_ENUM_CONVERSION = YES;
				CLANG_WARN_INT_CONVERSION = YES;
				CLANG_WARN_OBJC_ROOT_CLASS = YES_ERROR;
				CLANG_WARN__DUPLICATE_METHOD_MATCH = YES;
				"CODE_SIGN_IDENTITY[sdk=iphoneos*]" = "iPhone Developer";
				COPY_PHASE_STRIP = NO;
				GCC_C_LANGUAGE_STANDARD = gnu99;
				GCC_DYNAMIC_NO_PIC = NO;
				GCC_OPTIMIZATION_LEVEL = 0;
				GCC_PREPROCESSOR_DEFINITIONS = (
					"DEBUG=1",
					"$(inherited)",
				);
				GCC_SYMBOLS_PRIVATE_EXTERN = NO;
				GCC_WARN_64_TO_32_BIT_CONVERSION = YES;
				GCC_WARN_ABOUT_RETURN_TYPE = YES_ERROR;
				GCC_WARN_UNDECLARED_SELECTOR = YES;
				GCC_WARN_UNINITIALIZED_AUTOS = YES_AGGRESSIVE;
				GCC_WARN_UNUSED_FUNCTION = YES;
				GCC_WARN_UNUSED_VARIABLE = YES;
				IPHONEOS_DEPLOYMENT_TARGET = 7.1;
				ONLY_ACTIVE_ARCH = YES;
				SDKROOT = iphoneos;
				TARGETED_DEVICE_FAMILY = "1,2";
				VALID_ARCHS = "arm64 armv7 armv7s armv6";
			};
			name = Debug;
		};
		CFDAC67218E1493D00EB609B /* Release */ = {
			isa = XCBuildConfiguration;
			buildSettings = {
				ALWAYS_SEARCH_USER_PATHS = NO;
				CLANG_CXX_LANGUAGE_STANDARD = "gnu++0x";
				CLANG_CXX_LIBRARY = "libc++";
				CLANG_ENABLE_MODULES = YES;
				CLANG_ENABLE_OBJC_ARC = YES;
				CLANG_WARN_BOOL_CONVERSION = YES;
				CLANG_WARN_CONSTANT_CONVERSION = YES;
				CLANG_WARN_DIRECT_OBJC_ISA_USAGE = YES_ERROR;
				CLANG_WARN_EMPTY_BODY = YES;
				CLANG_WARN_ENUM_CONVERSION = YES;
				CLANG_WARN_INT_CONVERSION = YES;
				CLANG_WARN_OBJC_ROOT_CLASS = YES_ERROR;
				CLANG_WARN__DUPLICATE_METHOD_MATCH = YES;
				"CODE_SIGN_IDENTITY[sdk=iphoneos*]" = "iPhone Developer";
				COPY_PHASE_STRIP = YES;
				ENABLE_NS_ASSERTIONS = NO;
				GCC_C_LANGUAGE_STANDARD = gnu99;
				GCC_WARN_64_TO_32_BIT_CONVERSION = YES;
				GCC_WARN_ABOUT_RETURN_TYPE = YES_ERROR;
				GCC_WARN_UNDECLARED_SELECTOR = YES;
				GCC_WARN_UNINITIALIZED_AUTOS = YES_AGGRESSIVE;
				GCC_WARN_UNUSED_FUNCTION = YES;
				GCC_WARN_UNUSED_VARIABLE = YES;
				IPHONEOS_DEPLOYMENT_TARGET = 7.1;
				SDKROOT = iphoneos;
				TARGETED_DEVICE_FAMILY = "1,2";
				VALIDATE_PRODUCT = YES;
				VALID_ARCHS = "arm64 armv7 armv7s armv6";
			};
			name = Release;
		};
		CFDAC67418E1493D00EB609B /* Debug */ = {
			isa = XCBuildConfiguration;
			buildSettings = {
				ASSETCATALOG_COMPILER_APPICON_NAME = AppIcon;
				ASSETCATALOG_COMPILER_LAUNCHIMAGE_NAME = LaunchImage;
				GCC_PRECOMPILE_PREFIX_HEADER = YES;
				GCC_PREFIX_HEADER = "APM Logger/APM Logger-Prefix.pch";
				HEADER_SEARCH_PATHS = (
					"$(inherited)",
					/Applications/Xcode.app/Contents/Developer/Toolchains/XcodeDefault.xctoolchain/usr/include,
					"APM\\ Logger/ThirdParty/CorePlot/**",
					"APM\\ Logger/ThirdParty/GPUImage/**",
				);
				INFOPLIST_FILE = "APM Logger/APM Logger-Info.plist";
				LIBRARY_SEARCH_PATHS = (
					"$(inherited)",
					"$(PROJECT_DIR)/APM\\ Logger/ThirdParty/CorePlot",
					"$(PROJECT_DIR)/APM\\ Logger/ThirdParty",
				);
				ONLY_ACTIVE_ARCH = YES;
				OTHER_LDFLAGS = (
					"-all_load",
					"-ObjC",
				);
				PRODUCT_NAME = "$(TARGET_NAME)";
				TARGETED_DEVICE_FAMILY = 1;
				WRAPPER_EXTENSION = app;
			};
			name = Debug;
		};
		CFDAC67518E1493D00EB609B /* Release */ = {
			isa = XCBuildConfiguration;
			buildSettings = {
				ASSETCATALOG_COMPILER_APPICON_NAME = AppIcon;
				ASSETCATALOG_COMPILER_LAUNCHIMAGE_NAME = LaunchImage;
				GCC_PRECOMPILE_PREFIX_HEADER = YES;
				GCC_PREFIX_HEADER = "APM Logger/APM Logger-Prefix.pch";
				HEADER_SEARCH_PATHS = (
					"$(inherited)",
					/Applications/Xcode.app/Contents/Developer/Toolchains/XcodeDefault.xctoolchain/usr/include,
					"APM\\ Logger/ThirdParty/CorePlot/**",
					"APM\\ Logger/ThirdParty/GPUImage/**",
				);
				INFOPLIST_FILE = "APM Logger/APM Logger-Info.plist";
				LIBRARY_SEARCH_PATHS = (
					"$(inherited)",
					"$(PROJECT_DIR)/APM\\ Logger/ThirdParty/CorePlot",
					"$(PROJECT_DIR)/APM\\ Logger/ThirdParty",
				);
				OTHER_LDFLAGS = (
					"-all_load",
					"-ObjC",
				);
				PRODUCT_NAME = "$(TARGET_NAME)";
				TARGETED_DEVICE_FAMILY = 1;
				WRAPPER_EXTENSION = app;
			};
			name = Release;
		};
		CFDAC67718E1493D00EB609B /* Debug */ = {
			isa = XCBuildConfiguration;
			buildSettings = {
				BUNDLE_LOADER = "$(BUILT_PRODUCTS_DIR)/APM Logger.app/APM Logger";
				FRAMEWORK_SEARCH_PATHS = (
					"$(SDKROOT)/Developer/Library/Frameworks",
					"$(inherited)",
					"$(DEVELOPER_FRAMEWORKS_DIR)",
				);
				GCC_PRECOMPILE_PREFIX_HEADER = YES;
				GCC_PREFIX_HEADER = "APM Logger/APM Logger-Prefix.pch";
				GCC_PREPROCESSOR_DEFINITIONS = (
					"DEBUG=1",
					"$(inherited)",
				);
				INFOPLIST_FILE = "APM LoggerTests/APM LoggerTests-Info.plist";
				PRODUCT_NAME = "$(TARGET_NAME)";
				TEST_HOST = "$(BUNDLE_LOADER)";
				WRAPPER_EXTENSION = xctest;
			};
			name = Debug;
		};
		CFDAC67818E1493D00EB609B /* Release */ = {
			isa = XCBuildConfiguration;
			buildSettings = {
				BUNDLE_LOADER = "$(BUILT_PRODUCTS_DIR)/APM Logger.app/APM Logger";
				FRAMEWORK_SEARCH_PATHS = (
					"$(SDKROOT)/Developer/Library/Frameworks",
					"$(inherited)",
					"$(DEVELOPER_FRAMEWORKS_DIR)",
				);
				GCC_PRECOMPILE_PREFIX_HEADER = YES;
				GCC_PREFIX_HEADER = "APM Logger/APM Logger-Prefix.pch";
				INFOPLIST_FILE = "APM LoggerTests/APM LoggerTests-Info.plist";
				PRODUCT_NAME = "$(TARGET_NAME)";
				TEST_HOST = "$(BUNDLE_LOADER)";
				WRAPPER_EXTENSION = xctest;
			};
			name = Release;
		};
/* End XCBuildConfiguration section */

/* Begin XCConfigurationList section */
		CFDAC63618E1493D00EB609B /* Build configuration list for PBXProject "APM Logger" */ = {
			isa = XCConfigurationList;
			buildConfigurations = (
				CFDAC67118E1493D00EB609B /* Debug */,
				CFDAC67218E1493D00EB609B /* Release */,
			);
			defaultConfigurationIsVisible = 0;
			defaultConfigurationName = Release;
		};
		CFDAC67318E1493D00EB609B /* Build configuration list for PBXNativeTarget "APM Logger" */ = {
			isa = XCConfigurationList;
			buildConfigurations = (
				CFDAC67418E1493D00EB609B /* Debug */,
				CFDAC67518E1493D00EB609B /* Release */,
			);
			defaultConfigurationIsVisible = 0;
			defaultConfigurationName = Release;
		};
		CFDAC67618E1493D00EB609B /* Build configuration list for PBXNativeTarget "APM LoggerTests" */ = {
			isa = XCConfigurationList;
			buildConfigurations = (
				CFDAC67718E1493D00EB609B /* Debug */,
				CFDAC67818E1493D00EB609B /* Release */,
			);
			defaultConfigurationIsVisible = 0;
			defaultConfigurationName = Release;
		};
/* End XCConfigurationList section */
	};
	rootObject = CFDAC63318E1493D00EB609B /* Project object */;
}
